// !$*UTF8*$!
{
	archiveVersion = 1;
	classes = {
	};
	objectVersion = 50;
	objects = {

/* Begin PBXBuildFile section */
		58366FA8249B084F00273742 /* ConstantsXT.m in Sources */ = {isa = PBXBuildFile; fileRef = 58366FA4249B084F00273742 /* ConstantsXT.m */; };
		58366FA9249B084F00273742 /* AppDelegateXT.m in Sources */ = {isa = PBXBuildFile; fileRef = 58366FA5249B084F00273742 /* AppDelegateXT.m */; };
		58366FAA249B084F00273742 /* ConstantsXT.h in Headers */ = {isa = PBXBuildFile; fileRef = 58366FA6249B084F00273742 /* ConstantsXT.h */; };
		58366FAB249B084F00273742 /* AppDelegateXT.h in Headers */ = {isa = PBXBuildFile; fileRef = 58366FA7249B084F00273742 /* AppDelegateXT.h */; };
		58366FC2249B086600273742 /* UITextField+XT.h in Headers */ = {isa = PBXBuildFile; fileRef = 58366FAC249B086500273742 /* UITextField+XT.h */; };
		58366FC3249B086600273742 /* UIColor+XT.m in Sources */ = {isa = PBXBuildFile; fileRef = 58366FAD249B086500273742 /* UIColor+XT.m */; };
		58366FC4249B086700273742 /* NSObject+XTAssociated.m in Sources */ = {isa = PBXBuildFile; fileRef = 58366FAE249B086500273742 /* NSObject+XTAssociated.m */; };
		58366FC5249B086700273742 /* UIView+XT.m in Sources */ = {isa = PBXBuildFile; fileRef = 58366FAF249B086500273742 /* UIView+XT.m */; };
		58366FC6249B086700273742 /* UIViewController+XTSelectPhoto.m in Sources */ = {isa = PBXBuildFile; fileRef = 58366FB0249B086500273742 /* UIViewController+XTSelectPhoto.m */; };
		58366FC7249B086700273742 /* UIColor+XT.h in Headers */ = {isa = PBXBuildFile; fileRef = 58366FB1249B086500273742 /* UIColor+XT.h */; };
		58366FC8249B086700273742 /* UIImageView+XT.m in Sources */ = {isa = PBXBuildFile; fileRef = 58366FB2249B086500273742 /* UIImageView+XT.m */; };
		58366FC9249B086700273742 /* NSNotificationCenter+XT.m in Sources */ = {isa = PBXBuildFile; fileRef = 58366FB3249B086500273742 /* NSNotificationCenter+XT.m */; };
		58366FCA249B086700273742 /* UIViewController+XTSelectPhoto.h in Headers */ = {isa = PBXBuildFile; fileRef = 58366FB4249B086500273742 /* UIViewController+XTSelectPhoto.h */; };
		58366FCB249B086700273742 /* NSNotificationCenter+XT.h in Headers */ = {isa = PBXBuildFile; fileRef = 58366FB5249B086500273742 /* NSNotificationCenter+XT.h */; };
		58366FCC249B086700273742 /* NSString+XT.h in Headers */ = {isa = PBXBuildFile; fileRef = 58366FB6249B086500273742 /* NSString+XT.h */; };
		58366FCD249B086700273742 /* UIImage+XT.h in Headers */ = {isa = PBXBuildFile; fileRef = 58366FB7249B086600273742 /* UIImage+XT.h */; };
		58366FCE249B086700273742 /* UITableView+XTPullRefresh.m in Sources */ = {isa = PBXBuildFile; fileRef = 58366FB8249B086600273742 /* UITableView+XTPullRefresh.m */; };
		58366FCF249B086700273742 /* UIImage+XT.m in Sources */ = {isa = PBXBuildFile; fileRef = 58366FB9249B086600273742 /* UIImage+XT.m */; };
		58366FD0249B086700273742 /* UIView+XT.h in Headers */ = {isa = PBXBuildFile; fileRef = 58366FBA249B086600273742 /* UIView+XT.h */; };
		58366FD1249B086700273742 /* UNUserNotificationCenter+XT.m in Sources */ = {isa = PBXBuildFile; fileRef = 58366FBB249B086600273742 /* UNUserNotificationCenter+XT.m */; };
		58366FD2249B086700273742 /* UITableView+XTPullRefresh.h in Headers */ = {isa = PBXBuildFile; fileRef = 58366FBC249B086600273742 /* UITableView+XTPullRefresh.h */; };
		58366FD3249B086700273742 /* UITextField+XT.m in Sources */ = {isa = PBXBuildFile; fileRef = 58366FBD249B086600273742 /* UITextField+XT.m */; };
		58366FD4249B086700273742 /* NSString+XT.m in Sources */ = {isa = PBXBuildFile; fileRef = 58366FBE249B086600273742 /* NSString+XT.m */; };
		58366FD5249B086700273742 /* UIImageView+XT.h in Headers */ = {isa = PBXBuildFile; fileRef = 58366FBF249B086600273742 /* UIImageView+XT.h */; };
		58366FD6249B086700273742 /* NSObject+XTAssociated.h in Headers */ = {isa = PBXBuildFile; fileRef = 58366FC0249B086600273742 /* NSObject+XTAssociated.h */; };
		58366FD7249B086700273742 /* UNUserNotificationCenter+XT.h in Headers */ = {isa = PBXBuildFile; fileRef = 58366FC1249B086600273742 /* UNUserNotificationCenter+XT.h */; };
		58366FDB249B087500273742 /* HttpCacheXT.h in Headers */ = {isa = PBXBuildFile; fileRef = 58366FD9249B087500273742 /* HttpCacheXT.h */; };
		58366FDC249B087500273742 /* HttpCacheXT.m in Sources */ = {isa = PBXBuildFile; fileRef = 58366FDA249B087500273742 /* HttpCacheXT.m */; };
		58366FDF249B088400273742 /* UtilNet.h in Headers */ = {isa = PBXBuildFile; fileRef = 58366FDD249B088400273742 /* UtilNet.h */; };
		58366FE0249B088400273742 /* UtilNet.m in Sources */ = {isa = PBXBuildFile; fileRef = 58366FDE249B088400273742 /* UtilNet.m */; };
		58366FED249B08A800273742 /* UtilDate.h in Headers */ = {isa = PBXBuildFile; fileRef = 58366FE1249B08A700273742 /* UtilDate.h */; };
		58366FEE249B08A800273742 /* UtilKeyChain.m in Sources */ = {isa = PBXBuildFile; fileRef = 58366FE2249B08A700273742 /* UtilKeyChain.m */; };
		58366FEF249B08A800273742 /* UtilMBProgressHUD.m in Sources */ = {isa = PBXBuildFile; fileRef = 58366FE3249B08A700273742 /* UtilMBProgressHUD.m */; };
		58366FF0249B08A800273742 /* UtilDate.m in Sources */ = {isa = PBXBuildFile; fileRef = 58366FE4249B08A700273742 /* UtilDate.m */; };
		58366FF1249B08A800273742 /* UtilKeyChain.h in Headers */ = {isa = PBXBuildFile; fileRef = 58366FE5249B08A700273742 /* UtilKeyChain.h */; };
		58366FF2249B08A800273742 /* UtilMBProgressHUD.h in Headers */ = {isa = PBXBuildFile; fileRef = 58366FE6249B08A700273742 /* UtilMBProgressHUD.h */; };
		58366FF3249B08A800273742 /* UtilData.h in Headers */ = {isa = PBXBuildFile; fileRef = 58366FE7249B08A700273742 /* UtilData.h */; };
		58366FF4249B08A800273742 /* UtilString.m in Sources */ = {isa = PBXBuildFile; fileRef = 58366FE8249B08A800273742 /* UtilString.m */; };
		58366FF5249B08A800273742 /* UtilData.m in Sources */ = {isa = PBXBuildFile; fileRef = 58366FE9249B08A800273742 /* UtilData.m */; };
		58366FF6249B08A800273742 /* UtilAudioPlayer.m in Sources */ = {isa = PBXBuildFile; fileRef = 58366FEA249B08A800273742 /* UtilAudioPlayer.m */; };
		58366FF7249B08A800273742 /* UtilAudioPlayer.h in Headers */ = {isa = PBXBuildFile; fileRef = 58366FEB249B08A800273742 /* UtilAudioPlayer.h */; };
		58366FF8249B08A800273742 /* UtilString.h in Headers */ = {isa = PBXBuildFile; fileRef = 58366FEC249B08A800273742 /* UtilString.h */; };
		58367002249B08B200273742 /* UITableViewExpanded.h in Headers */ = {isa = PBXBuildFile; fileRef = 58366FFA249B08B200273742 /* UITableViewExpanded.h */; };
		58367003249B08B200273742 /* DrawableView.m in Sources */ = {isa = PBXBuildFile; fileRef = 58366FFB249B08B200273742 /* DrawableView.m */; };
		58367004249B08B200273742 /* ViewLoadingCover.h in Headers */ = {isa = PBXBuildFile; fileRef = 58366FFC249B08B200273742 /* ViewLoadingCover.h */; };
		58367005249B08B200273742 /* UICollectionViewExpanded.h in Headers */ = {isa = PBXBuildFile; fileRef = 58366FFD249B08B200273742 /* UICollectionViewExpanded.h */; };
		58367006249B08B200273742 /* UITableViewExpanded.m in Sources */ = {isa = PBXBuildFile; fileRef = 58366FFE249B08B200273742 /* UITableViewExpanded.m */; };
		58367007249B08B200273742 /* DrawableView.h in Headers */ = {isa = PBXBuildFile; fileRef = 58366FFF249B08B200273742 /* DrawableView.h */; };
		58367008249B08B200273742 /* UICollectionViewExpanded.m in Sources */ = {isa = PBXBuildFile; fileRef = 58367000249B08B200273742 /* UICollectionViewExpanded.m */; };
		58367009249B08B200273742 /* ViewLoadingCover.m in Sources */ = {isa = PBXBuildFile; fileRef = 58367001249B08B200273742 /* ViewLoadingCover.m */; };
		58367010249B08C100273742 /* DialogBottomPush.m in Sources */ = {isa = PBXBuildFile; fileRef = 5836700A249B08C100273742 /* DialogBottomPush.m */; };
		58367011249B08C100273742 /* LoadingIndicator.h in Headers */ = {isa = PBXBuildFile; fileRef = 5836700B249B08C100273742 /* LoadingIndicator.h */; };
		58367012249B08C100273742 /* LoadingIndicator.m in Sources */ = {isa = PBXBuildFile; fileRef = 5836700C249B08C100273742 /* LoadingIndicator.m */; };
		58367013249B08C100273742 /* DialogBottomPushInput.h in Headers */ = {isa = PBXBuildFile; fileRef = 5836700D249B08C100273742 /* DialogBottomPushInput.h */; };
		58367014249B08C100273742 /* DialogBottomPush.h in Headers */ = {isa = PBXBuildFile; fileRef = 5836700E249B08C100273742 /* DialogBottomPush.h */; };
		58367015249B08C100273742 /* DialogBottomPushInput.m in Sources */ = {isa = PBXBuildFile; fileRef = 5836700F249B08C100273742 /* DialogBottomPushInput.m */; };
		58453DE22398F2E500D64EA2 /* UtilGCD.h in Headers */ = {isa = PBXBuildFile; fileRef = 58453DE02398F2E500D64EA2 /* UtilGCD.h */; };
		58453DE32398F2E500D64EA2 /* UtilGCD.m in Sources */ = {isa = PBXBuildFile; fileRef = 58453DE12398F2E500D64EA2 /* UtilGCD.m */; };
		58453DE72398FFCD00D64EA2 /* Constants.h in Headers */ = {isa = PBXBuildFile; fileRef = 58453DE52398FFCD00D64EA2 /* Constants.h */; };
		58453DE82398FFCD00D64EA2 /* Constants.m in Sources */ = {isa = PBXBuildFile; fileRef = 58453DE62398FFCD00D64EA2 /* Constants.m */; };
		58453DEB2399040E00D64EA2 /* NSObject+XTJson.h in Headers */ = {isa = PBXBuildFile; fileRef = 58453DE92399040E00D64EA2 /* NSObject+XTJson.h */; };
		58453DEC2399040E00D64EA2 /* NSObject+XTJson.m in Sources */ = {isa = PBXBuildFile; fileRef = 58453DEA2399040E00D64EA2 /* NSObject+XTJson.m */; };
		58714E712398ABA500AB3059 /* XiaoTianFramework.h in Headers */ = {isa = PBXBuildFile; fileRef = 58714E6F2398ABA500AB3059 /* XiaoTianFramework.h */; settings = {ATTRIBUTES = (Public, ); }; };
		58714E7D2398AD0C00AB3059 /* UILabel+XT.h in Headers */ = {isa = PBXBuildFile; fileRef = 58714E7B2398AD0C00AB3059 /* UILabel+XT.h */; settings = {ATTRIBUTES = (Public, ); }; };
		58714E7E2398AD0C00AB3059 /* UILabel+XT.m in Sources */ = {isa = PBXBuildFile; fileRef = 58714E7C2398AD0C00AB3059 /* UILabel+XT.m */; };
		58714E822398AE0400AB3059 /* Mylog.h in Headers */ = {isa = PBXBuildFile; fileRef = 58714E802398AE0400AB3059 /* Mylog.h */; settings = {ATTRIBUTES = (Public, ); }; };
		58714E832398AE0400AB3059 /* Mylog.m in Sources */ = {isa = PBXBuildFile; fileRef = 58714E812398AE0400AB3059 /* Mylog.m */; };
		58714E862398AEB800AB3059 /* UINavigationController+XT.h in Headers */ = {isa = PBXBuildFile; fileRef = 58714E842398AEB800AB3059 /* UINavigationController+XT.h */; settings = {ATTRIBUTES = (Public, ); }; };
		58714E872398AEB800AB3059 /* UINavigationController+XT.m in Sources */ = {isa = PBXBuildFile; fileRef = 58714E852398AEB800AB3059 /* UINavigationController+XT.m */; };
		58714E8A2398AF0600AB3059 /* UIViewController+XT.h in Headers */ = {isa = PBXBuildFile; fileRef = 58714E882398AF0600AB3059 /* UIViewController+XT.h */; settings = {ATTRIBUTES = (Public, ); }; };
		58714E8B2398AF0600AB3059 /* UIViewController+XT.m in Sources */ = {isa = PBXBuildFile; fileRef = 58714E892398AF0600AB3059 /* UIViewController+XT.m */; };
		58714EA62398B2F600AB3059 /* HSK_CFUtilities.h in Headers */ = {isa = PBXBuildFile; fileRef = 58714E9C2398B2F600AB3059 /* HSK_CFUtilities.h */; settings = {ATTRIBUTES = (Public, ); }; };
		58714EA72398B2F600AB3059 /* HSK_CFUtilities.m in Sources */ = {isa = PBXBuildFile; fileRef = 58714E9D2398B2F600AB3059 /* HSK_CFUtilities.m */; };
		58714EA82398B2F600AB3059 /* NSData+Base64Additions.m in Sources */ = {isa = PBXBuildFile; fileRef = 58714E9E2398B2F600AB3059 /* NSData+Base64Additions.m */; };
		58714EA92398B2F600AB3059 /* NSStream+SKPSMTPExtensions.h in Headers */ = {isa = PBXBuildFile; fileRef = 58714E9F2398B2F600AB3059 /* NSStream+SKPSMTPExtensions.h */; settings = {ATTRIBUTES = (Public, ); }; };
		58714EAA2398B2F600AB3059 /* Base64Transcoder.m in Sources */ = {isa = PBXBuildFile; fileRef = 58714EA02398B2F600AB3059 /* Base64Transcoder.m */; };
		58714EAB2398B2F600AB3059 /* Base64Transcoder.h in Headers */ = {isa = PBXBuildFile; fileRef = 58714EA12398B2F600AB3059 /* Base64Transcoder.h */; settings = {ATTRIBUTES = (Public, ); }; };
		58714EAC2398B2F600AB3059 /* NSStream+SKPSMTPExtensions.m in Sources */ = {isa = PBXBuildFile; fileRef = 58714EA22398B2F600AB3059 /* NSStream+SKPSMTPExtensions.m */; };
		58714EAD2398B2F600AB3059 /* SKPSMTPMessage.h in Headers */ = {isa = PBXBuildFile; fileRef = 58714EA32398B2F600AB3059 /* SKPSMTPMessage.h */; settings = {ATTRIBUTES = (Public, ); }; };
		58714EAE2398B2F600AB3059 /* SKPSMTPMessage.m in Sources */ = {isa = PBXBuildFile; fileRef = 58714EA42398B2F600AB3059 /* SKPSMTPMessage.m */; };
		58714EAF2398B2F600AB3059 /* NSData+Base64Additions.h in Headers */ = {isa = PBXBuildFile; fileRef = 58714EA52398B2F600AB3059 /* NSData+Base64Additions.h */; settings = {ATTRIBUTES = (Public, ); }; };
		58714EB62398B81E00AB3059 /* SerializerJson.m in Sources */ = {isa = PBXBuildFile; fileRef = 58714EB42398B81E00AB3059 /* SerializerJson.m */; };
		58714EB72398B81E00AB3059 /* SerializerJson.h in Headers */ = {isa = PBXBuildFile; fileRef = 58714EB52398B81E00AB3059 /* SerializerJson.h */; settings = {ATTRIBUTES = (Public, ); }; };
		58714EBB2398B88400AB3059 /* BasicEncodingRules.h in Headers */ = {isa = PBXBuildFile; fileRef = 58714EB92398B88400AB3059 /* BasicEncodingRules.h */; settings = {ATTRIBUTES = (Public, ); }; };
		58714EBC2398B88400AB3059 /* BasicEncodingRules.m in Sources */ = {isa = PBXBuildFile; fileRef = 58714EBA2398B88400AB3059 /* BasicEncodingRules.m */; };
		58714EC12398B92100AB3059 /* UncaughtExceptionHandler.h in Headers */ = {isa = PBXBuildFile; fileRef = 58714EBF2398B92100AB3059 /* UncaughtExceptionHandler.h */; settings = {ATTRIBUTES = (Public, ); }; };
		58714EC22398B92100AB3059 /* UncaughtExceptionHandler.m in Sources */ = {isa = PBXBuildFile; fileRef = 58714EC02398B92100AB3059 /* UncaughtExceptionHandler.m */; };
		58714EC52398B9C000AB3059 /* CryptorSecurity.h in Headers */ = {isa = PBXBuildFile; fileRef = 58714EC32398B9C000AB3059 /* CryptorSecurity.h */; settings = {ATTRIBUTES = (Public, ); }; };
		58714EC62398B9C000AB3059 /* CryptorSecurity.m in Sources */ = {isa = PBXBuildFile; fileRef = 58714EC42398B9C000AB3059 /* CryptorSecurity.m */; };
		58714EC92398BA6C00AB3059 /* UtilEnvironment.h in Headers */ = {isa = PBXBuildFile; fileRef = 58714EC72398BA6C00AB3059 /* UtilEnvironment.h */; settings = {ATTRIBUTES = (Public, ); }; };
		58714ECA2398BA6C00AB3059 /* UtilEnvironment.m in Sources */ = {isa = PBXBuildFile; fileRef = 58714EC82398BA6C00AB3059 /* UtilEnvironment.m */; };
		58714ECD2398BAB600AB3059 /* UtilFile.h in Headers */ = {isa = PBXBuildFile; fileRef = 58714ECB2398BAB600AB3059 /* UtilFile.h */; settings = {ATTRIBUTES = (Public, ); }; };
		58714ECE2398BAB600AB3059 /* UtilFile.m in Sources */ = {isa = PBXBuildFile; fileRef = 58714ECC2398BAB600AB3059 /* UtilFile.m */; };
		58714ED12398BB0200AB3059 /* UtilLocalized.h in Headers */ = {isa = PBXBuildFile; fileRef = 58714ECF2398BB0200AB3059 /* UtilLocalized.h */; settings = {ATTRIBUTES = (Public, ); }; };
		58714ED22398BB0200AB3059 /* UtilLocalized.m in Sources */ = {isa = PBXBuildFile; fileRef = 58714ED02398BB0200AB3059 /* UtilLocalized.m */; };
		58714ED52398BB4900AB3059 /* UtilUserDefault.h in Headers */ = {isa = PBXBuildFile; fileRef = 58714ED32398BB4900AB3059 /* UtilUserDefault.h */; settings = {ATTRIBUTES = (Public, ); }; };
		58714ED62398BB4900AB3059 /* UtilUserDefault.m in Sources */ = {isa = PBXBuildFile; fileRef = 58714ED42398BB4900AB3059 /* UtilUserDefault.m */; };
		58714ED92398D15200AB3059 /* UtilRuntime.h in Headers */ = {isa = PBXBuildFile; fileRef = 58714ED72398D15200AB3059 /* UtilRuntime.h */; settings = {ATTRIBUTES = (Public, ); }; };
		58714EDA2398D15200AB3059 /* UtilRuntime.m in Sources */ = {isa = PBXBuildFile; fileRef = 58714ED82398D15200AB3059 /* UtilRuntime.m */; };
		58714EDD2398D32700AB3059 /* UtilSqlite.h in Headers */ = {isa = PBXBuildFile; fileRef = 58714EDB2398D32700AB3059 /* UtilSqlite.h */; settings = {ATTRIBUTES = (Public, ); }; };
		58714EDE2398D32700AB3059 /* UtilSqlite.m in Sources */ = {isa = PBXBuildFile; fileRef = 58714EDC2398D32700AB3059 /* UtilSqlite.m */; };
		58714EE42398D3E400AB3059 /* MYBlurIntroductionView.h in Headers */ = {isa = PBXBuildFile; fileRef = 58714EE02398D3E400AB3059 /* MYBlurIntroductionView.h */; settings = {ATTRIBUTES = (Public, ); }; };
		58714EE52398D3E400AB3059 /* MYBlurIntroductionView.m in Sources */ = {isa = PBXBuildFile; fileRef = 58714EE12398D3E400AB3059 /* MYBlurIntroductionView.m */; };
		58714EE62398D3E400AB3059 /* MYIntroductionPanel.m in Sources */ = {isa = PBXBuildFile; fileRef = 58714EE22398D3E400AB3059 /* MYIntroductionPanel.m */; };
		58714EE72398D3E400AB3059 /* MYIntroductionPanel.h in Headers */ = {isa = PBXBuildFile; fileRef = 58714EE32398D3E400AB3059 /* MYIntroductionPanel.h */; settings = {ATTRIBUTES = (Public, ); }; };
		58714EE92398D4CB00AB3059 /* BundleXiaoTian.xcassets in Resources */ = {isa = PBXBuildFile; fileRef = 58714EE82398D4CB00AB3059 /* BundleXiaoTian.xcassets */; };
/* End PBXBuildFile section */

/* Begin PBXFileReference section */
		58366FA4249B084F00273742 /* ConstantsXT.m */ = {isa = PBXFileReference; fileEncoding = 4; lastKnownFileType = sourcecode.c.objc; path = ConstantsXT.m; sourceTree = "<group>"; };
		58366FA5249B084F00273742 /* AppDelegateXT.m */ = {isa = PBXFileReference; fileEncoding = 4; lastKnownFileType = sourcecode.c.objc; path = AppDelegateXT.m; sourceTree = "<group>"; };
		58366FA6249B084F00273742 /* ConstantsXT.h */ = {isa = PBXFileReference; fileEncoding = 4; lastKnownFileType = sourcecode.c.h; path = ConstantsXT.h; sourceTree = "<group>"; };
		58366FA7249B084F00273742 /* AppDelegateXT.h */ = {isa = PBXFileReference; fileEncoding = 4; lastKnownFileType = sourcecode.c.h; path = AppDelegateXT.h; sourceTree = "<group>"; };
		58366FAC249B086500273742 /* UITextField+XT.h */ = {isa = PBXFileReference; fileEncoding = 4; lastKnownFileType = sourcecode.c.h; path = "UITextField+XT.h"; sourceTree = "<group>"; };
		58366FAD249B086500273742 /* UIColor+XT.m */ = {isa = PBXFileReference; fileEncoding = 4; lastKnownFileType = sourcecode.c.objc; path = "UIColor+XT.m"; sourceTree = "<group>"; };
		58366FAE249B086500273742 /* NSObject+XTAssociated.m */ = {isa = PBXFileReference; fileEncoding = 4; lastKnownFileType = sourcecode.c.objc; path = "NSObject+XTAssociated.m"; sourceTree = "<group>"; };
		58366FAF249B086500273742 /* UIView+XT.m */ = {isa = PBXFileReference; fileEncoding = 4; lastKnownFileType = sourcecode.c.objc; path = "UIView+XT.m"; sourceTree = "<group>"; };
		58366FB0249B086500273742 /* UIViewController+XTSelectPhoto.m */ = {isa = PBXFileReference; fileEncoding = 4; lastKnownFileType = sourcecode.c.objc; path = "UIViewController+XTSelectPhoto.m"; sourceTree = "<group>"; };
		58366FB1249B086500273742 /* UIColor+XT.h */ = {isa = PBXFileReference; fileEncoding = 4; lastKnownFileType = sourcecode.c.h; path = "UIColor+XT.h"; sourceTree = "<group>"; };
		58366FB2249B086500273742 /* UIImageView+XT.m */ = {isa = PBXFileReference; fileEncoding = 4; lastKnownFileType = sourcecode.c.objc; path = "UIImageView+XT.m"; sourceTree = "<group>"; };
		58366FB3249B086500273742 /* NSNotificationCenter+XT.m */ = {isa = PBXFileReference; fileEncoding = 4; lastKnownFileType = sourcecode.c.objc; path = "NSNotificationCenter+XT.m"; sourceTree = "<group>"; };
		58366FB4249B086500273742 /* UIViewController+XTSelectPhoto.h */ = {isa = PBXFileReference; fileEncoding = 4; lastKnownFileType = sourcecode.c.h; path = "UIViewController+XTSelectPhoto.h"; sourceTree = "<group>"; };
		58366FB5249B086500273742 /* NSNotificationCenter+XT.h */ = {isa = PBXFileReference; fileEncoding = 4; lastKnownFileType = sourcecode.c.h; path = "NSNotificationCenter+XT.h"; sourceTree = "<group>"; };
		58366FB6249B086500273742 /* NSString+XT.h */ = {isa = PBXFileReference; fileEncoding = 4; lastKnownFileType = sourcecode.c.h; path = "NSString+XT.h"; sourceTree = "<group>"; };
		58366FB7249B086600273742 /* UIImage+XT.h */ = {isa = PBXFileReference; fileEncoding = 4; lastKnownFileType = sourcecode.c.h; path = "UIImage+XT.h"; sourceTree = "<group>"; };
		58366FB8249B086600273742 /* UITableView+XTPullRefresh.m */ = {isa = PBXFileReference; fileEncoding = 4; lastKnownFileType = sourcecode.c.objc; path = "UITableView+XTPullRefresh.m"; sourceTree = "<group>"; };
		58366FB9249B086600273742 /* UIImage+XT.m */ = {isa = PBXFileReference; fileEncoding = 4; lastKnownFileType = sourcecode.c.objc; path = "UIImage+XT.m"; sourceTree = "<group>"; };
		58366FBA249B086600273742 /* UIView+XT.h */ = {isa = PBXFileReference; fileEncoding = 4; lastKnownFileType = sourcecode.c.h; path = "UIView+XT.h"; sourceTree = "<group>"; };
		58366FBB249B086600273742 /* UNUserNotificationCenter+XT.m */ = {isa = PBXFileReference; fileEncoding = 4; lastKnownFileType = sourcecode.c.objc; path = "UNUserNotificationCenter+XT.m"; sourceTree = "<group>"; };
		58366FBC249B086600273742 /* UITableView+XTPullRefresh.h */ = {isa = PBXFileReference; fileEncoding = 4; lastKnownFileType = sourcecode.c.h; path = "UITableView+XTPullRefresh.h"; sourceTree = "<group>"; };
		58366FBD249B086600273742 /* UITextField+XT.m */ = {isa = PBXFileReference; fileEncoding = 4; lastKnownFileType = sourcecode.c.objc; path = "UITextField+XT.m"; sourceTree = "<group>"; };
		58366FBE249B086600273742 /* NSString+XT.m */ = {isa = PBXFileReference; fileEncoding = 4; lastKnownFileType = sourcecode.c.objc; path = "NSString+XT.m"; sourceTree = "<group>"; };
		58366FBF249B086600273742 /* UIImageView+XT.h */ = {isa = PBXFileReference; fileEncoding = 4; lastKnownFileType = sourcecode.c.h; path = "UIImageView+XT.h"; sourceTree = "<group>"; };
		58366FC0249B086600273742 /* NSObject+XTAssociated.h */ = {isa = PBXFileReference; fileEncoding = 4; lastKnownFileType = sourcecode.c.h; path = "NSObject+XTAssociated.h"; sourceTree = "<group>"; };
		58366FC1249B086600273742 /* UNUserNotificationCenter+XT.h */ = {isa = PBXFileReference; fileEncoding = 4; lastKnownFileType = sourcecode.c.h; path = "UNUserNotificationCenter+XT.h"; sourceTree = "<group>"; };
		58366FD9249B087500273742 /* HttpCacheXT.h */ = {isa = PBXFileReference; fileEncoding = 4; lastKnownFileType = sourcecode.c.h; path = HttpCacheXT.h; sourceTree = "<group>"; };
		58366FDA249B087500273742 /* HttpCacheXT.m */ = {isa = PBXFileReference; fileEncoding = 4; lastKnownFileType = sourcecode.c.objc; path = HttpCacheXT.m; sourceTree = "<group>"; };
		58366FDD249B088400273742 /* UtilNet.h */ = {isa = PBXFileReference; fileEncoding = 4; lastKnownFileType = sourcecode.c.h; path = UtilNet.h; sourceTree = "<group>"; };
		58366FDE249B088400273742 /* UtilNet.m */ = {isa = PBXFileReference; fileEncoding = 4; lastKnownFileType = sourcecode.c.objc; path = UtilNet.m; sourceTree = "<group>"; };
		58366FE1249B08A700273742 /* UtilDate.h */ = {isa = PBXFileReference; fileEncoding = 4; lastKnownFileType = sourcecode.c.h; path = UtilDate.h; sourceTree = "<group>"; };
		58366FE2249B08A700273742 /* UtilKeyChain.m */ = {isa = PBXFileReference; fileEncoding = 4; lastKnownFileType = sourcecode.c.objc; path = UtilKeyChain.m; sourceTree = "<group>"; };
		58366FE3249B08A700273742 /* UtilMBProgressHUD.m */ = {isa = PBXFileReference; fileEncoding = 4; lastKnownFileType = sourcecode.c.objc; path = UtilMBProgressHUD.m; sourceTree = "<group>"; };
		58366FE4249B08A700273742 /* UtilDate.m */ = {isa = PBXFileReference; fileEncoding = 4; lastKnownFileType = sourcecode.c.objc; path = UtilDate.m; sourceTree = "<group>"; };
		58366FE5249B08A700273742 /* UtilKeyChain.h */ = {isa = PBXFileReference; fileEncoding = 4; lastKnownFileType = sourcecode.c.h; path = UtilKeyChain.h; sourceTree = "<group>"; };
		58366FE6249B08A700273742 /* UtilMBProgressHUD.h */ = {isa = PBXFileReference; fileEncoding = 4; lastKnownFileType = sourcecode.c.h; path = UtilMBProgressHUD.h; sourceTree = "<group>"; };
		58366FE7249B08A700273742 /* UtilData.h */ = {isa = PBXFileReference; fileEncoding = 4; lastKnownFileType = sourcecode.c.h; path = UtilData.h; sourceTree = "<group>"; };
		58366FE8249B08A800273742 /* UtilString.m */ = {isa = PBXFileReference; fileEncoding = 4; lastKnownFileType = sourcecode.c.objc; path = UtilString.m; sourceTree = "<group>"; };
		58366FE9249B08A800273742 /* UtilData.m */ = {isa = PBXFileReference; fileEncoding = 4; lastKnownFileType = sourcecode.c.objc; path = UtilData.m; sourceTree = "<group>"; };
		58366FEA249B08A800273742 /* UtilAudioPlayer.m */ = {isa = PBXFileReference; fileEncoding = 4; lastKnownFileType = sourcecode.c.objc; path = UtilAudioPlayer.m; sourceTree = "<group>"; };
		58366FEB249B08A800273742 /* UtilAudioPlayer.h */ = {isa = PBXFileReference; fileEncoding = 4; lastKnownFileType = sourcecode.c.h; path = UtilAudioPlayer.h; sourceTree = "<group>"; };
		58366FEC249B08A800273742 /* UtilString.h */ = {isa = PBXFileReference; fileEncoding = 4; lastKnownFileType = sourcecode.c.h; path = UtilString.h; sourceTree = "<group>"; };
		58366FFA249B08B200273742 /* UITableViewExpanded.h */ = {isa = PBXFileReference; fileEncoding = 4; lastKnownFileType = sourcecode.c.h; path = UITableViewExpanded.h; sourceTree = "<group>"; };
		58366FFB249B08B200273742 /* DrawableView.m */ = {isa = PBXFileReference; fileEncoding = 4; lastKnownFileType = sourcecode.c.objc; path = DrawableView.m; sourceTree = "<group>"; };
		58366FFC249B08B200273742 /* ViewLoadingCover.h */ = {isa = PBXFileReference; fileEncoding = 4; lastKnownFileType = sourcecode.c.h; path = ViewLoadingCover.h; sourceTree = "<group>"; };
		58366FFD249B08B200273742 /* UICollectionViewExpanded.h */ = {isa = PBXFileReference; fileEncoding = 4; lastKnownFileType = sourcecode.c.h; path = UICollectionViewExpanded.h; sourceTree = "<group>"; };
		58366FFE249B08B200273742 /* UITableViewExpanded.m */ = {isa = PBXFileReference; fileEncoding = 4; lastKnownFileType = sourcecode.c.objc; path = UITableViewExpanded.m; sourceTree = "<group>"; };
		58366FFF249B08B200273742 /* DrawableView.h */ = {isa = PBXFileReference; fileEncoding = 4; lastKnownFileType = sourcecode.c.h; path = DrawableView.h; sourceTree = "<group>"; };
		58367000249B08B200273742 /* UICollectionViewExpanded.m */ = {isa = PBXFileReference; fileEncoding = 4; lastKnownFileType = sourcecode.c.objc; path = UICollectionViewExpanded.m; sourceTree = "<group>"; };
		58367001249B08B200273742 /* ViewLoadingCover.m */ = {isa = PBXFileReference; fileEncoding = 4; lastKnownFileType = sourcecode.c.objc; path = ViewLoadingCover.m; sourceTree = "<group>"; };
		5836700A249B08C100273742 /* DialogBottomPush.m */ = {isa = PBXFileReference; fileEncoding = 4; lastKnownFileType = sourcecode.c.objc; path = DialogBottomPush.m; sourceTree = "<group>"; };
		5836700B249B08C100273742 /* LoadingIndicator.h */ = {isa = PBXFileReference; fileEncoding = 4; lastKnownFileType = sourcecode.c.h; path = LoadingIndicator.h; sourceTree = "<group>"; };
		5836700C249B08C100273742 /* LoadingIndicator.m */ = {isa = PBXFileReference; fileEncoding = 4; lastKnownFileType = sourcecode.c.objc; path = LoadingIndicator.m; sourceTree = "<group>"; };
		5836700D249B08C100273742 /* DialogBottomPushInput.h */ = {isa = PBXFileReference; fileEncoding = 4; lastKnownFileType = sourcecode.c.h; path = DialogBottomPushInput.h; sourceTree = "<group>"; };
		5836700E249B08C100273742 /* DialogBottomPush.h */ = {isa = PBXFileReference; fileEncoding = 4; lastKnownFileType = sourcecode.c.h; path = DialogBottomPush.h; sourceTree = "<group>"; };
		5836700F249B08C100273742 /* DialogBottomPushInput.m */ = {isa = PBXFileReference; fileEncoding = 4; lastKnownFileType = sourcecode.c.objc; path = DialogBottomPushInput.m; sourceTree = "<group>"; };
		58453DDF2398EA1900D64EA2 /* PrefixHeader.h */ = {isa = PBXFileReference; lastKnownFileType = sourcecode.c.h; path = PrefixHeader.h; sourceTree = "<group>"; };
		58453DE02398F2E500D64EA2 /* UtilGCD.h */ = {isa = PBXFileReference; lastKnownFileType = sourcecode.c.h; path = UtilGCD.h; sourceTree = "<group>"; };
		58453DE12398F2E500D64EA2 /* UtilGCD.m */ = {isa = PBXFileReference; lastKnownFileType = sourcecode.c.objc; path = UtilGCD.m; sourceTree = "<group>"; };
		58453DE52398FFCD00D64EA2 /* Constants.h */ = {isa = PBXFileReference; lastKnownFileType = sourcecode.c.h; path = Constants.h; sourceTree = "<group>"; };
		58453DE62398FFCD00D64EA2 /* Constants.m */ = {isa = PBXFileReference; lastKnownFileType = sourcecode.c.objc; path = Constants.m; sourceTree = "<group>"; };
		58453DE92399040E00D64EA2 /* NSObject+XTJson.h */ = {isa = PBXFileReference; lastKnownFileType = sourcecode.c.h; path = "NSObject+XTJson.h"; sourceTree = "<group>"; };
		58453DEA2399040E00D64EA2 /* NSObject+XTJson.m */ = {isa = PBXFileReference; lastKnownFileType = sourcecode.c.objc; path = "NSObject+XTJson.m"; sourceTree = "<group>"; };
		58714E6C2398ABA500AB3059 /* XiaoTianFramework.framework */ = {isa = PBXFileReference; explicitFileType = wrapper.framework; includeInIndex = 0; path = XiaoTianFramework.framework; sourceTree = BUILT_PRODUCTS_DIR; };
		58714E6F2398ABA500AB3059 /* XiaoTianFramework.h */ = {isa = PBXFileReference; lastKnownFileType = sourcecode.c.h; path = XiaoTianFramework.h; sourceTree = "<group>"; };
		58714E702398ABA500AB3059 /* Info.plist */ = {isa = PBXFileReference; lastKnownFileType = text.plist.xml; path = Info.plist; sourceTree = "<group>"; };
		58714E782398AC8E00AB3059 /* Introduction.md */ = {isa = PBXFileReference; lastKnownFileType = net.daringfireball.markdown; path = Introduction.md; sourceTree = "<group>"; };
		58714E7B2398AD0C00AB3059 /* UILabel+XT.h */ = {isa = PBXFileReference; lastKnownFileType = sourcecode.c.h; path = "UILabel+XT.h"; sourceTree = "<group>"; };
		58714E7C2398AD0C00AB3059 /* UILabel+XT.m */ = {isa = PBXFileReference; lastKnownFileType = sourcecode.c.objc; path = "UILabel+XT.m"; sourceTree = "<group>"; };
		58714E802398AE0400AB3059 /* Mylog.h */ = {isa = PBXFileReference; lastKnownFileType = sourcecode.c.h; path = Mylog.h; sourceTree = "<group>"; };
		58714E812398AE0400AB3059 /* Mylog.m */ = {isa = PBXFileReference; lastKnownFileType = sourcecode.c.objc; path = Mylog.m; sourceTree = "<group>"; };
		58714E842398AEB800AB3059 /* UINavigationController+XT.h */ = {isa = PBXFileReference; lastKnownFileType = sourcecode.c.h; path = "UINavigationController+XT.h"; sourceTree = "<group>"; };
		58714E852398AEB800AB3059 /* UINavigationController+XT.m */ = {isa = PBXFileReference; lastKnownFileType = sourcecode.c.objc; path = "UINavigationController+XT.m"; sourceTree = "<group>"; };
		58714E882398AF0600AB3059 /* UIViewController+XT.h */ = {isa = PBXFileReference; lastKnownFileType = sourcecode.c.h; path = "UIViewController+XT.h"; sourceTree = "<group>"; };
		58714E892398AF0600AB3059 /* UIViewController+XT.m */ = {isa = PBXFileReference; lastKnownFileType = sourcecode.c.objc; path = "UIViewController+XT.m"; sourceTree = "<group>"; };
		58714E8C2398B0EF00AB3059 /* Introduction.md */ = {isa = PBXFileReference; lastKnownFileType = net.daringfireball.markdown; path = Introduction.md; sourceTree = "<group>"; };
		58714E922398B1D800AB3059 /* Introduction.md */ = {isa = PBXFileReference; lastKnownFileType = net.daringfireball.markdown; path = Introduction.md; sourceTree = "<group>"; };
		58714E942398B1FB00AB3059 /* Introduction.md */ = {isa = PBXFileReference; lastKnownFileType = net.daringfireball.markdown; path = Introduction.md; sourceTree = "<group>"; };
		58714E962398B21600AB3059 /* Introduction.md */ = {isa = PBXFileReference; lastKnownFileType = net.daringfireball.markdown; path = Introduction.md; sourceTree = "<group>"; };
		58714E982398B25C00AB3059 /* Introduction.md */ = {isa = PBXFileReference; lastKnownFileType = net.daringfireball.markdown; path = Introduction.md; sourceTree = "<group>"; };
		58714E9C2398B2F600AB3059 /* HSK_CFUtilities.h */ = {isa = PBXFileReference; fileEncoding = 4; lastKnownFileType = sourcecode.c.h; path = HSK_CFUtilities.h; sourceTree = "<group>"; };
		58714E9D2398B2F600AB3059 /* HSK_CFUtilities.m */ = {isa = PBXFileReference; fileEncoding = 4; lastKnownFileType = sourcecode.c.objc; path = HSK_CFUtilities.m; sourceTree = "<group>"; };
		58714E9E2398B2F600AB3059 /* NSData+Base64Additions.m */ = {isa = PBXFileReference; fileEncoding = 4; lastKnownFileType = sourcecode.c.objc; path = "NSData+Base64Additions.m"; sourceTree = "<group>"; };
		58714E9F2398B2F600AB3059 /* NSStream+SKPSMTPExtensions.h */ = {isa = PBXFileReference; fileEncoding = 4; lastKnownFileType = sourcecode.c.h; path = "NSStream+SKPSMTPExtensions.h"; sourceTree = "<group>"; };
		58714EA02398B2F600AB3059 /* Base64Transcoder.m */ = {isa = PBXFileReference; fileEncoding = 4; lastKnownFileType = sourcecode.c.objc; path = Base64Transcoder.m; sourceTree = "<group>"; };
		58714EA12398B2F600AB3059 /* Base64Transcoder.h */ = {isa = PBXFileReference; fileEncoding = 4; lastKnownFileType = sourcecode.c.h; path = Base64Transcoder.h; sourceTree = "<group>"; };
		58714EA22398B2F600AB3059 /* NSStream+SKPSMTPExtensions.m */ = {isa = PBXFileReference; fileEncoding = 4; lastKnownFileType = sourcecode.c.objc; path = "NSStream+SKPSMTPExtensions.m"; sourceTree = "<group>"; };
		58714EA32398B2F600AB3059 /* SKPSMTPMessage.h */ = {isa = PBXFileReference; fileEncoding = 4; lastKnownFileType = sourcecode.c.h; path = SKPSMTPMessage.h; sourceTree = "<group>"; };
		58714EA42398B2F600AB3059 /* SKPSMTPMessage.m */ = {isa = PBXFileReference; fileEncoding = 4; lastKnownFileType = sourcecode.c.objc; path = SKPSMTPMessage.m; sourceTree = "<group>"; };
		58714EA52398B2F600AB3059 /* NSData+Base64Additions.h */ = {isa = PBXFileReference; fileEncoding = 4; lastKnownFileType = sourcecode.c.h; path = "NSData+Base64Additions.h"; sourceTree = "<group>"; };
		58714EB42398B81E00AB3059 /* SerializerJson.m */ = {isa = PBXFileReference; fileEncoding = 4; lastKnownFileType = sourcecode.c.objc; path = SerializerJson.m; sourceTree = "<group>"; };
		58714EB52398B81E00AB3059 /* SerializerJson.h */ = {isa = PBXFileReference; fileEncoding = 4; lastKnownFileType = sourcecode.c.h; path = SerializerJson.h; sourceTree = "<group>"; };
		58714EB92398B88400AB3059 /* BasicEncodingRules.h */ = {isa = PBXFileReference; lastKnownFileType = sourcecode.c.h; path = BasicEncodingRules.h; sourceTree = "<group>"; };
		58714EBA2398B88400AB3059 /* BasicEncodingRules.m */ = {isa = PBXFileReference; lastKnownFileType = sourcecode.c.objc; path = BasicEncodingRules.m; sourceTree = "<group>"; };
		58714EBD2398B89300AB3059 /* Introduction.md */ = {isa = PBXFileReference; lastKnownFileType = net.daringfireball.markdown; path = Introduction.md; sourceTree = "<group>"; };
		58714EBF2398B92100AB3059 /* UncaughtExceptionHandler.h */ = {isa = PBXFileReference; lastKnownFileType = sourcecode.c.h; path = UncaughtExceptionHandler.h; sourceTree = "<group>"; };
		58714EC02398B92100AB3059 /* UncaughtExceptionHandler.m */ = {isa = PBXFileReference; lastKnownFileType = sourcecode.c.objc; path = UncaughtExceptionHandler.m; sourceTree = "<group>"; };
		58714EC32398B9C000AB3059 /* CryptorSecurity.h */ = {isa = PBXFileReference; lastKnownFileType = sourcecode.c.h; path = CryptorSecurity.h; sourceTree = "<group>"; };
		58714EC42398B9C000AB3059 /* CryptorSecurity.m */ = {isa = PBXFileReference; lastKnownFileType = sourcecode.c.objc; path = CryptorSecurity.m; sourceTree = "<group>"; };
		58714EC72398BA6C00AB3059 /* UtilEnvironment.h */ = {isa = PBXFileReference; lastKnownFileType = sourcecode.c.h; path = UtilEnvironment.h; sourceTree = "<group>"; };
		58714EC82398BA6C00AB3059 /* UtilEnvironment.m */ = {isa = PBXFileReference; lastKnownFileType = sourcecode.c.objc; path = UtilEnvironment.m; sourceTree = "<group>"; };
		58714ECB2398BAB600AB3059 /* UtilFile.h */ = {isa = PBXFileReference; lastKnownFileType = sourcecode.c.h; path = UtilFile.h; sourceTree = "<group>"; };
		58714ECC2398BAB600AB3059 /* UtilFile.m */ = {isa = PBXFileReference; lastKnownFileType = sourcecode.c.objc; path = UtilFile.m; sourceTree = "<group>"; };
		58714ECF2398BB0200AB3059 /* UtilLocalized.h */ = {isa = PBXFileReference; lastKnownFileType = sourcecode.c.h; path = UtilLocalized.h; sourceTree = "<group>"; };
		58714ED02398BB0200AB3059 /* UtilLocalized.m */ = {isa = PBXFileReference; lastKnownFileType = sourcecode.c.objc; path = UtilLocalized.m; sourceTree = "<group>"; };
		58714ED32398BB4900AB3059 /* UtilUserDefault.h */ = {isa = PBXFileReference; lastKnownFileType = sourcecode.c.h; path = UtilUserDefault.h; sourceTree = "<group>"; };
		58714ED42398BB4900AB3059 /* UtilUserDefault.m */ = {isa = PBXFileReference; lastKnownFileType = sourcecode.c.objc; path = UtilUserDefault.m; sourceTree = "<group>"; };
		58714ED72398D15200AB3059 /* UtilRuntime.h */ = {isa = PBXFileReference; lastKnownFileType = sourcecode.c.h; path = UtilRuntime.h; sourceTree = "<group>"; };
		58714ED82398D15200AB3059 /* UtilRuntime.m */ = {isa = PBXFileReference; lastKnownFileType = sourcecode.c.objc; path = UtilRuntime.m; sourceTree = "<group>"; };
		58714EDB2398D32700AB3059 /* UtilSqlite.h */ = {isa = PBXFileReference; lastKnownFileType = sourcecode.c.h; path = UtilSqlite.h; sourceTree = "<group>"; };
		58714EDC2398D32700AB3059 /* UtilSqlite.m */ = {isa = PBXFileReference; lastKnownFileType = sourcecode.c.objc; path = UtilSqlite.m; sourceTree = "<group>"; };
		58714EE02398D3E400AB3059 /* MYBlurIntroductionView.h */ = {isa = PBXFileReference; fileEncoding = 4; lastKnownFileType = sourcecode.c.h; path = MYBlurIntroductionView.h; sourceTree = "<group>"; };
		58714EE12398D3E400AB3059 /* MYBlurIntroductionView.m */ = {isa = PBXFileReference; fileEncoding = 4; lastKnownFileType = sourcecode.c.objc; path = MYBlurIntroductionView.m; sourceTree = "<group>"; };
		58714EE22398D3E400AB3059 /* MYIntroductionPanel.m */ = {isa = PBXFileReference; fileEncoding = 4; lastKnownFileType = sourcecode.c.objc; path = MYIntroductionPanel.m; sourceTree = "<group>"; };
		58714EE32398D3E400AB3059 /* MYIntroductionPanel.h */ = {isa = PBXFileReference; fileEncoding = 4; lastKnownFileType = sourcecode.c.h; path = MYIntroductionPanel.h; sourceTree = "<group>"; };
		58714EE82398D4CB00AB3059 /* BundleXiaoTian.xcassets */ = {isa = PBXFileReference; lastKnownFileType = folder.assetcatalog; path = BundleXiaoTian.xcassets; sourceTree = "<group>"; };
/* End PBXFileReference section */

/* Begin PBXFrameworksBuildPhase section */
		58714E692398ABA500AB3059 /* Frameworks */ = {
			isa = PBXFrameworksBuildPhase;
			buildActionMask = 2147483647;
			files = (
			);
			runOnlyForDeploymentPostprocessing = 0;
		};
/* End PBXFrameworksBuildPhase section */

/* Begin PBXGroup section */
		58366FD8249B087500273742 /* Entity */ = {
			isa = PBXGroup;
			children = (
				58366FD9249B087500273742 /* HttpCacheXT.h */,
				58366FDA249B087500273742 /* HttpCacheXT.m */,
			);
			path = Entity;
			sourceTree = "<group>";
		};
		58366FF9249B08B200273742 /* View */ = {
			isa = PBXGroup;
			children = (
				58366FFF249B08B200273742 /* DrawableView.h */,
				58366FFB249B08B200273742 /* DrawableView.m */,
				58366FFD249B08B200273742 /* UICollectionViewExpanded.h */,
				58367000249B08B200273742 /* UICollectionViewExpanded.m */,
				58366FFA249B08B200273742 /* UITableViewExpanded.h */,
				58366FFE249B08B200273742 /* UITableViewExpanded.m */,
				58366FFC249B08B200273742 /* ViewLoadingCover.h */,
				58367001249B08B200273742 /* ViewLoadingCover.m */,
			);
			path = View;
			sourceTree = "<group>";
		};
		58453DE42398FFBB00D64EA2 /* Common */ = {
			isa = PBXGroup;
			children = (
				58366FA7249B084F00273742 /* AppDelegateXT.h */,
				58366FA5249B084F00273742 /* AppDelegateXT.m */,
				58366FA6249B084F00273742 /* ConstantsXT.h */,
				58366FA4249B084F00273742 /* ConstantsXT.m */,
				58453DE52398FFCD00D64EA2 /* Constants.h */,
				58453DE62398FFCD00D64EA2 /* Constants.m */,
			);
			path = Common;
			sourceTree = "<group>";
		};
		58714E622398ABA500AB3059 = {
			isa = PBXGroup;
			children = (
				58714E6E2398ABA500AB3059 /* XiaoTianFramework */,
				58714E6D2398ABA500AB3059 /* Products */,
			);
			sourceTree = "<group>";
		};
		58714E6D2398ABA500AB3059 /* Products */ = {
			isa = PBXGroup;
			children = (
				58714E6C2398ABA500AB3059 /* XiaoTianFramework.framework */,
			);
			name = Products;
			sourceTree = "<group>";
		};
		58714E6E2398ABA500AB3059 /* XiaoTianFramework */ = {
			isa = PBXGroup;
			children = (
				58714EE82398D4CB00AB3059 /* BundleXiaoTian.xcassets */,
				58714E7A2398ACC000AB3059 /* Category */,
				58453DE42398FFBB00D64EA2 /* Common */,
				58366FD8249B087500273742 /* Entity */,
				58714E8F2398B17F00AB3059 /* Model */,
				58714E9A2398B2C800AB3059 /* Net */,
				58714EB82398B85D00AB3059 /* Security */,
				58714E902398B18600AB3059 /* Serializer */,
				58714E7F2398ADAB00AB3059 /* Util */,
				58366FF9249B08B200273742 /* View */,
				58714E912398B1B400AB3059 /* Widget */,
				58453DDF2398EA1900D64EA2 /* PrefixHeader.h */,
				58714E702398ABA500AB3059 /* Info.plist */,
				58714E782398AC8E00AB3059 /* Introduction.md */,
				58714E6F2398ABA500AB3059 /* XiaoTianFramework.h */,
			);
			path = XiaoTianFramework;
			sourceTree = "<group>";
		};
		58714E7A2398ACC000AB3059 /* Category */ = {
			isa = PBXGroup;
			children = (
				58366FB5249B086500273742 /* NSNotificationCenter+XT.h */,
				58366FB3249B086500273742 /* NSNotificationCenter+XT.m */,
				58366FC0249B086600273742 /* NSObject+XTAssociated.h */,
				58366FAE249B086500273742 /* NSObject+XTAssociated.m */,
				58366FB6249B086500273742 /* NSString+XT.h */,
				58366FBE249B086600273742 /* NSString+XT.m */,
				58366FB1249B086500273742 /* UIColor+XT.h */,
				58366FAD249B086500273742 /* UIColor+XT.m */,
				58366FB7249B086600273742 /* UIImage+XT.h */,
				58366FB9249B086600273742 /* UIImage+XT.m */,
				58366FBF249B086600273742 /* UIImageView+XT.h */,
				58366FB2249B086500273742 /* UIImageView+XT.m */,
				58366FBC249B086600273742 /* UITableView+XTPullRefresh.h */,
				58366FB8249B086600273742 /* UITableView+XTPullRefresh.m */,
				58366FAC249B086500273742 /* UITextField+XT.h */,
				58366FBD249B086600273742 /* UITextField+XT.m */,
				58366FBA249B086600273742 /* UIView+XT.h */,
				58366FAF249B086500273742 /* UIView+XT.m */,
				58366FB4249B086500273742 /* UIViewController+XTSelectPhoto.h */,
				58366FB0249B086500273742 /* UIViewController+XTSelectPhoto.m */,
				58366FC1249B086600273742 /* UNUserNotificationCenter+XT.h */,
				58366FBB249B086600273742 /* UNUserNotificationCenter+XT.m */,
				58714E7B2398AD0C00AB3059 /* UILabel+XT.h */,
				58714E7C2398AD0C00AB3059 /* UILabel+XT.m */,
				58714E842398AEB800AB3059 /* UINavigationController+XT.h */,
				58714E852398AEB800AB3059 /* UINavigationController+XT.m */,
				58714E882398AF0600AB3059 /* UIViewController+XT.h */,
				58714E892398AF0600AB3059 /* UIViewController+XT.m */,
				58714E8C2398B0EF00AB3059 /* Introduction.md */,
			);
			path = Category;
			sourceTree = "<group>";
		};
		58714E7F2398ADAB00AB3059 /* Util */ = {
			isa = PBXGroup;
			children = (
				58714E982398B25C00AB3059 /* Introduction.md */,
				58714E802398AE0400AB3059 /* Mylog.h */,
				58714E812398AE0400AB3059 /* Mylog.m */,
				58714EBF2398B92100AB3059 /* UncaughtExceptionHandler.h */,
				58714EC02398B92100AB3059 /* UncaughtExceptionHandler.m */,
				58366FEB249B08A800273742 /* UtilAudioPlayer.h */,
				58366FEA249B08A800273742 /* UtilAudioPlayer.m */,
				58366FE7249B08A700273742 /* UtilData.h */,
				58366FE9249B08A800273742 /* UtilData.m */,
				58366FE1249B08A700273742 /* UtilDate.h */,
				58366FE4249B08A700273742 /* UtilDate.m */,
				58714EC72398BA6C00AB3059 /* UtilEnvironment.h */,
				58714EC82398BA6C00AB3059 /* UtilEnvironment.m */,
				58714ECB2398BAB600AB3059 /* UtilFile.h */,
				58714ECC2398BAB600AB3059 /* UtilFile.m */,
				58453DE02398F2E500D64EA2 /* UtilGCD.h */,
				58453DE12398F2E500D64EA2 /* UtilGCD.m */,
				58366FE5249B08A700273742 /* UtilKeyChain.h */,
				58366FE2249B08A700273742 /* UtilKeyChain.m */,
				58714ECF2398BB0200AB3059 /* UtilLocalized.h */,
				58714ED02398BB0200AB3059 /* UtilLocalized.m */,
				58366FE6249B08A700273742 /* UtilMBProgressHUD.h */,
				58366FE3249B08A700273742 /* UtilMBProgressHUD.m */,
				58714ED72398D15200AB3059 /* UtilRuntime.h */,
				58714ED82398D15200AB3059 /* UtilRuntime.m */,
				58714EDB2398D32700AB3059 /* UtilSqlite.h */,
				58714EDC2398D32700AB3059 /* UtilSqlite.m */,
				58366FEC249B08A800273742 /* UtilString.h */,
				58366FE8249B08A800273742 /* UtilString.m */,
				58714ED32398BB4900AB3059 /* UtilUserDefault.h */,
				58714ED42398BB4900AB3059 /* UtilUserDefault.m */,
			);
			path = Util;
			sourceTree = "<group>";
		};
		58714E8F2398B17F00AB3059 /* Model */ = {
			isa = PBXGroup;
			children = (
				58714E962398B21600AB3059 /* Introduction.md */,
			);
			path = Model;
			sourceTree = "<group>";
		};
		58714E902398B18600AB3059 /* Serializer */ = {
			isa = PBXGroup;
			children = (
				58714E942398B1FB00AB3059 /* Introduction.md */,
				58453DE92399040E00D64EA2 /* NSObject+XTJson.h */,
				58453DEA2399040E00D64EA2 /* NSObject+XTJson.m */,
				58714EB52398B81E00AB3059 /* SerializerJson.h */,
				58714EB42398B81E00AB3059 /* SerializerJson.m */,
			);
			path = Serializer;
			sourceTree = "<group>";
		};
		58714E912398B1B400AB3059 /* Widget */ = {
			isa = PBXGroup;
			children = (
				58714EDF2398D3C300AB3059 /* MYBlurIntroductionView */,
				5836700E249B08C100273742 /* DialogBottomPush.h */,
				5836700A249B08C100273742 /* DialogBottomPush.m */,
				5836700D249B08C100273742 /* DialogBottomPushInput.h */,
				5836700F249B08C100273742 /* DialogBottomPushInput.m */,
				58714E922398B1D800AB3059 /* Introduction.md */,
				5836700B249B08C100273742 /* LoadingIndicator.h */,
				5836700C249B08C100273742 /* LoadingIndicator.m */,
			);
			path = Widget;
			sourceTree = "<group>";
		};
		58714E9A2398B2C800AB3059 /* Net */ = {
			isa = PBXGroup;
			children = (
				58714E9B2398B2CF00AB3059 /* EmailSmtp */,
				58366FDD249B088400273742 /* UtilNet.h */,
				58366FDE249B088400273742 /* UtilNet.m */,
			);
			path = Net;
			sourceTree = "<group>";
		};
		58714E9B2398B2CF00AB3059 /* EmailSmtp */ = {
			isa = PBXGroup;
			children = (
				58714EA12398B2F600AB3059 /* Base64Transcoder.h */,
				58714EA02398B2F600AB3059 /* Base64Transcoder.m */,
				58714E9C2398B2F600AB3059 /* HSK_CFUtilities.h */,
				58714E9D2398B2F600AB3059 /* HSK_CFUtilities.m */,
				58714EA52398B2F600AB3059 /* NSData+Base64Additions.h */,
				58714E9E2398B2F600AB3059 /* NSData+Base64Additions.m */,
				58714E9F2398B2F600AB3059 /* NSStream+SKPSMTPExtensions.h */,
				58714EA22398B2F600AB3059 /* NSStream+SKPSMTPExtensions.m */,
				58714EA32398B2F600AB3059 /* SKPSMTPMessage.h */,
				58714EA42398B2F600AB3059 /* SKPSMTPMessage.m */,
			);
			path = EmailSmtp;
			sourceTree = "<group>";
		};
		58714EB82398B85D00AB3059 /* Security */ = {
			isa = PBXGroup;
			children = (
				58714EB92398B88400AB3059 /* BasicEncodingRules.h */,
				58714EBA2398B88400AB3059 /* BasicEncodingRules.m */,
				58714EC32398B9C000AB3059 /* CryptorSecurity.h */,
				58714EC42398B9C000AB3059 /* CryptorSecurity.m */,
				58714EBD2398B89300AB3059 /* Introduction.md */,
			);
			path = Security;
			sourceTree = "<group>";
		};
		58714EDF2398D3C300AB3059 /* MYBlurIntroductionView */ = {
			isa = PBXGroup;
			children = (
				58714EE02398D3E400AB3059 /* MYBlurIntroductionView.h */,
				58714EE12398D3E400AB3059 /* MYBlurIntroductionView.m */,
				58714EE32398D3E400AB3059 /* MYIntroductionPanel.h */,
				58714EE22398D3E400AB3059 /* MYIntroductionPanel.m */,
			);
			path = MYBlurIntroductionView;
			sourceTree = "<group>";
		};
/* End PBXGroup section */

/* Begin PBXHeadersBuildPhase section */
		58714E672398ABA500AB3059 /* Headers */ = {
			isa = PBXHeadersBuildPhase;
			buildActionMask = 2147483647;
			files = (
				58366FF7249B08A800273742 /* UtilAudioPlayer.h in Headers */,
				58366FF8249B08A800273742 /* UtilString.h in Headers */,
				58714EA92398B2F600AB3059 /* NSStream+SKPSMTPExtensions.h in Headers */,
				58366FD5249B086700273742 /* UIImageView+XT.h in Headers */,
				58714E822398AE0400AB3059 /* Mylog.h in Headers */,
				58366FAB249B084F00273742 /* AppDelegateXT.h in Headers */,
				58367011249B08C100273742 /* LoadingIndicator.h in Headers */,
				58714EC52398B9C000AB3059 /* CryptorSecurity.h in Headers */,
				58714ED92398D15200AB3059 /* UtilRuntime.h in Headers */,
				58366FD2249B086700273742 /* UITableView+XTPullRefresh.h in Headers */,
				58367002249B08B200273742 /* UITableViewExpanded.h in Headers */,
				58714EBB2398B88400AB3059 /* BasicEncodingRules.h in Headers */,
				58366FED249B08A800273742 /* UtilDate.h in Headers */,
				58714EAB2398B2F600AB3059 /* Base64Transcoder.h in Headers */,
				58714EDD2398D32700AB3059 /* UtilSqlite.h in Headers */,
				58714E712398ABA500AB3059 /* XiaoTianFramework.h in Headers */,
				58366FF3249B08A800273742 /* UtilData.h in Headers */,
				58367004249B08B200273742 /* ViewLoadingCover.h in Headers */,
				58714E862398AEB800AB3059 /* UINavigationController+XT.h in Headers */,
				58367005249B08B200273742 /* UICollectionViewExpanded.h in Headers */,
				58366FDB249B087500273742 /* HttpCacheXT.h in Headers */,
				58714EE72398D3E400AB3059 /* MYIntroductionPanel.h in Headers */,
				58714EC12398B92100AB3059 /* UncaughtExceptionHandler.h in Headers */,
				58366FCB249B086700273742 /* NSNotificationCenter+XT.h in Headers */,
				58366FD0249B086700273742 /* UIView+XT.h in Headers */,
				58714ED12398BB0200AB3059 /* UtilLocalized.h in Headers */,
				58453DE22398F2E500D64EA2 /* UtilGCD.h in Headers */,
				58714ED52398BB4900AB3059 /* UtilUserDefault.h in Headers */,
				58366FCD249B086700273742 /* UIImage+XT.h in Headers */,
				58366FAA249B084F00273742 /* ConstantsXT.h in Headers */,
				58453DE72398FFCD00D64EA2 /* Constants.h in Headers */,
				58367014249B08C100273742 /* DialogBottomPush.h in Headers */,
				58366FF1249B08A800273742 /* UtilKeyChain.h in Headers */,
				58366FD7249B086700273742 /* UNUserNotificationCenter+XT.h in Headers */,
				58366FCC249B086700273742 /* NSString+XT.h in Headers */,
				58367013249B08C100273742 /* DialogBottomPushInput.h in Headers */,
				58714EA62398B2F600AB3059 /* HSK_CFUtilities.h in Headers */,
				58366FF2249B08A800273742 /* UtilMBProgressHUD.h in Headers */,
				58714EAF2398B2F600AB3059 /* NSData+Base64Additions.h in Headers */,
				58453DEB2399040E00D64EA2 /* NSObject+XTJson.h in Headers */,
				58714E8A2398AF0600AB3059 /* UIViewController+XT.h in Headers */,
				58714EE42398D3E400AB3059 /* MYBlurIntroductionView.h in Headers */,
				58714EAD2398B2F600AB3059 /* SKPSMTPMessage.h in Headers */,
				58714E7D2398AD0C00AB3059 /* UILabel+XT.h in Headers */,
				58366FC2249B086600273742 /* UITextField+XT.h in Headers */,
				58714EB72398B81E00AB3059 /* SerializerJson.h in Headers */,
				58714ECD2398BAB600AB3059 /* UtilFile.h in Headers */,
				58366FC7249B086700273742 /* UIColor+XT.h in Headers */,
				58366FDF249B088400273742 /* UtilNet.h in Headers */,
				58366FCA249B086700273742 /* UIViewController+XTSelectPhoto.h in Headers */,
				58714EC92398BA6C00AB3059 /* UtilEnvironment.h in Headers */,
				58366FD6249B086700273742 /* NSObject+XTAssociated.h in Headers */,
				58367007249B08B200273742 /* DrawableView.h in Headers */,
			);
			runOnlyForDeploymentPostprocessing = 0;
		};
/* End PBXHeadersBuildPhase section */

/* Begin PBXNativeTarget section */
		58714E6B2398ABA500AB3059 /* XiaoTianFramework */ = {
			isa = PBXNativeTarget;
			buildConfigurationList = 58714E742398ABA500AB3059 /* Build configuration list for PBXNativeTarget "XiaoTianFramework" */;
			buildPhases = (
				58714E672398ABA500AB3059 /* Headers */,
				58714E682398ABA500AB3059 /* Sources */,
				58714E692398ABA500AB3059 /* Frameworks */,
				58714E6A2398ABA500AB3059 /* Resources */,
			);
			buildRules = (
			);
			dependencies = (
			);
			name = XiaoTianFramework;
			productName = XiaoTianFramework;
			productReference = 58714E6C2398ABA500AB3059 /* XiaoTianFramework.framework */;
			productType = "com.apple.product-type.framework";
		};
/* End PBXNativeTarget section */

/* Begin PBXProject section */
		58714E632398ABA500AB3059 /* Project object */ = {
			isa = PBXProject;
			attributes = {
				LastUpgradeCheck = 1120;
				ORGANIZATIONNAME = XiaoTian;
				TargetAttributes = {
					58714E6B2398ABA500AB3059 = {
						CreatedOnToolsVersion = 11.2.1;
					};
				};
			};
			buildConfigurationList = 58714E662398ABA500AB3059 /* Build configuration list for PBXProject "XiaoTianFramework" */;
			compatibilityVersion = "Xcode 9.3";
			developmentRegion = en;
			hasScannedForEncodings = 0;
			knownRegions = (
				en,
				Base,
			);
			mainGroup = 58714E622398ABA500AB3059;
			productRefGroup = 58714E6D2398ABA500AB3059 /* Products */;
			projectDirPath = "";
			projectRoot = "";
			targets = (
				58714E6B2398ABA500AB3059 /* XiaoTianFramework */,
			);
		};
/* End PBXProject section */

/* Begin PBXResourcesBuildPhase section */
		58714E6A2398ABA500AB3059 /* Resources */ = {
			isa = PBXResourcesBuildPhase;
			buildActionMask = 2147483647;
			files = (
				58714EE92398D4CB00AB3059 /* BundleXiaoTian.xcassets in Resources */,
			);
			runOnlyForDeploymentPostprocessing = 0;
		};
/* End PBXResourcesBuildPhase section */

/* Begin PBXSourcesBuildPhase section */
		58714E682398ABA500AB3059 /* Sources */ = {
			isa = PBXSourcesBuildPhase;
			buildActionMask = 2147483647;
			files = (
				58714EA72398B2F600AB3059 /* HSK_CFUtilities.m in Sources */,
				58366FCE249B086700273742 /* UITableView+XTPullRefresh.m in Sources */,
				58714EAC2398B2F600AB3059 /* NSStream+SKPSMTPExtensions.m in Sources */,
				58714EBC2398B88400AB3059 /* BasicEncodingRules.m in Sources */,
				58714ECA2398BA6C00AB3059 /* UtilEnvironment.m in Sources */,
				58714EAE2398B2F600AB3059 /* SKPSMTPMessage.m in Sources */,
				58367003249B08B200273742 /* DrawableView.m in Sources */,
				58453DEC2399040E00D64EA2 /* NSObject+XTJson.m in Sources */,
				58366FC5249B086700273742 /* UIView+XT.m in Sources */,
				58453DE82398FFCD00D64EA2 /* Constants.m in Sources */,
				58366FC6249B086700273742 /* UIViewController+XTSelectPhoto.m in Sources */,
				58714EB62398B81E00AB3059 /* SerializerJson.m in Sources */,
				58714EC22398B92100AB3059 /* UncaughtExceptionHandler.m in Sources */,
				58714EE52398D3E400AB3059 /* MYBlurIntroductionView.m in Sources */,
				58366FD4249B086700273742 /* NSString+XT.m in Sources */,
				58714E8B2398AF0600AB3059 /* UIViewController+XT.m in Sources */,
				58714E832398AE0400AB3059 /* Mylog.m in Sources */,
				58714EA82398B2F600AB3059 /* NSData+Base64Additions.m in Sources */,
				58714E7E2398AD0C00AB3059 /* UILabel+XT.m in Sources */,
				58714EDE2398D32700AB3059 /* UtilSqlite.m in Sources */,
				58366FA8249B084F00273742 /* ConstantsXT.m in Sources */,
				58366FDC249B087500273742 /* HttpCacheXT.m in Sources */,
				58366FC3249B086600273742 /* UIColor+XT.m in Sources */,
				58366FE0249B088400273742 /* UtilNet.m in Sources */,
				58714EC62398B9C000AB3059 /* CryptorSecurity.m in Sources */,
				58366FF4249B08A800273742 /* UtilString.m in Sources */,
				58366FD3249B086700273742 /* UITextField+XT.m in Sources */,
				58367006249B08B200273742 /* UITableViewExpanded.m in Sources */,
				58366FC9249B086700273742 /* NSNotificationCenter+XT.m in Sources */,
				58714ECE2398BAB600AB3059 /* UtilFile.m in Sources */,
				58366FA9249B084F00273742 /* AppDelegateXT.m in Sources */,
				58367012249B08C100273742 /* LoadingIndicator.m in Sources */,
				58714E872398AEB800AB3059 /* UINavigationController+XT.m in Sources */,
				58366FF6249B08A800273742 /* UtilAudioPlayer.m in Sources */,
				58366FCF249B086700273742 /* UIImage+XT.m in Sources */,
				58367015249B08C100273742 /* DialogBottomPushInput.m in Sources */,
				58366FC8249B086700273742 /* UIImageView+XT.m in Sources */,
				58367008249B08B200273742 /* UICollectionViewExpanded.m in Sources */,
				58367010249B08C100273742 /* DialogBottomPush.m in Sources */,
				58367009249B08B200273742 /* ViewLoadingCover.m in Sources */,
				58453DE32398F2E500D64EA2 /* UtilGCD.m in Sources */,
				58366FF5249B08A800273742 /* UtilData.m in Sources */,
				58714EAA2398B2F600AB3059 /* Base64Transcoder.m in Sources */,
				58714ED62398BB4900AB3059 /* UtilUserDefault.m in Sources */,
				58366FEF249B08A800273742 /* UtilMBProgressHUD.m in Sources */,
				58714EE62398D3E400AB3059 /* MYIntroductionPanel.m in Sources */,
				58366FEE249B08A800273742 /* UtilKeyChain.m in Sources */,
				58366FC4249B086700273742 /* NSObject+XTAssociated.m in Sources */,
				58366FD1249B086700273742 /* UNUserNotificationCenter+XT.m in Sources */,
				58714EDA2398D15200AB3059 /* UtilRuntime.m in Sources */,
				58714ED22398BB0200AB3059 /* UtilLocalized.m in Sources */,
				58366FF0249B08A800273742 /* UtilDate.m in Sources */,
			);
			runOnlyForDeploymentPostprocessing = 0;
		};
/* End PBXSourcesBuildPhase section */

/* Begin XCBuildConfiguration section */
		58714E722398ABA500AB3059 /* Debug */ = {
			isa = XCBuildConfiguration;
			buildSettings = {
				ALWAYS_SEARCH_USER_PATHS = NO;
				CLANG_ANALYZER_NONNULL = YES;
				CLANG_ANALYZER_NUMBER_OBJECT_CONVERSION = YES_AGGRESSIVE;
				CLANG_CXX_LANGUAGE_STANDARD = "gnu++14";
				CLANG_CXX_LIBRARY = "libc++";
				CLANG_ENABLE_MODULES = YES;
				CLANG_ENABLE_OBJC_ARC = YES;
				CLANG_ENABLE_OBJC_WEAK = YES;
				CLANG_WARN_BLOCK_CAPTURE_AUTORELEASING = YES;
				CLANG_WARN_BOOL_CONVERSION = YES;
				CLANG_WARN_COMMA = YES;
				CLANG_WARN_CONSTANT_CONVERSION = YES;
				CLANG_WARN_DEPRECATED_OBJC_IMPLEMENTATIONS = YES;
				CLANG_WARN_DIRECT_OBJC_ISA_USAGE = YES_ERROR;
				CLANG_WARN_DOCUMENTATION_COMMENTS = YES;
				CLANG_WARN_EMPTY_BODY = YES;
				CLANG_WARN_ENUM_CONVERSION = YES;
				CLANG_WARN_INFINITE_RECURSION = YES;
				CLANG_WARN_INT_CONVERSION = YES;
				CLANG_WARN_NON_LITERAL_NULL_CONVERSION = YES;
				CLANG_WARN_OBJC_IMPLICIT_RETAIN_SELF = YES;
				CLANG_WARN_OBJC_LITERAL_CONVERSION = YES;
				CLANG_WARN_OBJC_ROOT_CLASS = YES_ERROR;
				CLANG_WARN_RANGE_LOOP_ANALYSIS = YES;
				CLANG_WARN_STRICT_PROTOTYPES = YES;
				CLANG_WARN_SUSPICIOUS_MOVE = YES;
				CLANG_WARN_UNGUARDED_AVAILABILITY = YES_AGGRESSIVE;
				CLANG_WARN_UNREACHABLE_CODE = YES;
				CLANG_WARN__DUPLICATE_METHOD_MATCH = YES;
				COPY_PHASE_STRIP = NO;
				CURRENT_PROJECT_VERSION = 1;
				DEBUG_INFORMATION_FORMAT = dwarf;
				ENABLE_STRICT_OBJC_MSGSEND = YES;
				ENABLE_TESTABILITY = YES;
				GCC_C_LANGUAGE_STANDARD = gnu11;
				GCC_DYNAMIC_NO_PIC = NO;
				GCC_NO_COMMON_BLOCKS = YES;
				GCC_OPTIMIZATION_LEVEL = 0;
				GCC_PREPROCESSOR_DEFINITIONS = (
					"DEBUG=1",
					"$(inherited)",
				);
				GCC_WARN_64_TO_32_BIT_CONVERSION = YES;
				GCC_WARN_ABOUT_RETURN_TYPE = YES_ERROR;
				GCC_WARN_UNDECLARED_SELECTOR = YES;
				GCC_WARN_UNINITIALIZED_AUTOS = YES_AGGRESSIVE;
				GCC_WARN_UNUSED_FUNCTION = YES;
				GCC_WARN_UNUSED_VARIABLE = YES;
				IPHONEOS_DEPLOYMENT_TARGET = 9.0;
				MTL_ENABLE_DEBUG_INFO = INCLUDE_SOURCE;
				MTL_FAST_MATH = YES;
				ONLY_ACTIVE_ARCH = YES;
				SDKROOT = iphoneos;
				VERSIONING_SYSTEM = "apple-generic";
				VERSION_INFO_PREFIX = "";
			};
			name = Debug;
		};
		58714E732398ABA500AB3059 /* Release */ = {
			isa = XCBuildConfiguration;
			buildSettings = {
				ALWAYS_SEARCH_USER_PATHS = NO;
				CLANG_ANALYZER_NONNULL = YES;
				CLANG_ANALYZER_NUMBER_OBJECT_CONVERSION = YES_AGGRESSIVE;
				CLANG_CXX_LANGUAGE_STANDARD = "gnu++14";
				CLANG_CXX_LIBRARY = "libc++";
				CLANG_ENABLE_MODULES = YES;
				CLANG_ENABLE_OBJC_ARC = YES;
				CLANG_ENABLE_OBJC_WEAK = YES;
				CLANG_WARN_BLOCK_CAPTURE_AUTORELEASING = YES;
				CLANG_WARN_BOOL_CONVERSION = YES;
				CLANG_WARN_COMMA = YES;
				CLANG_WARN_CONSTANT_CONVERSION = YES;
				CLANG_WARN_DEPRECATED_OBJC_IMPLEMENTATIONS = YES;
				CLANG_WARN_DIRECT_OBJC_ISA_USAGE = YES_ERROR;
				CLANG_WARN_DOCUMENTATION_COMMENTS = YES;
				CLANG_WARN_EMPTY_BODY = YES;
				CLANG_WARN_ENUM_CONVERSION = YES;
				CLANG_WARN_INFINITE_RECURSION = YES;
				CLANG_WARN_INT_CONVERSION = YES;
				CLANG_WARN_NON_LITERAL_NULL_CONVERSION = YES;
				CLANG_WARN_OBJC_IMPLICIT_RETAIN_SELF = YES;
				CLANG_WARN_OBJC_LITERAL_CONVERSION = YES;
				CLANG_WARN_OBJC_ROOT_CLASS = YES_ERROR;
				CLANG_WARN_RANGE_LOOP_ANALYSIS = YES;
				CLANG_WARN_STRICT_PROTOTYPES = YES;
				CLANG_WARN_SUSPICIOUS_MOVE = YES;
				CLANG_WARN_UNGUARDED_AVAILABILITY = YES_AGGRESSIVE;
				CLANG_WARN_UNREACHABLE_CODE = YES;
				CLANG_WARN__DUPLICATE_METHOD_MATCH = YES;
				COPY_PHASE_STRIP = NO;
				CURRENT_PROJECT_VERSION = 1;
				DEBUG_INFORMATION_FORMAT = "dwarf-with-dsym";
				ENABLE_NS_ASSERTIONS = NO;
				ENABLE_STRICT_OBJC_MSGSEND = YES;
				GCC_C_LANGUAGE_STANDARD = gnu11;
				GCC_NO_COMMON_BLOCKS = YES;
				GCC_WARN_64_TO_32_BIT_CONVERSION = YES;
				GCC_WARN_ABOUT_RETURN_TYPE = YES_ERROR;
				GCC_WARN_UNDECLARED_SELECTOR = YES;
				GCC_WARN_UNINITIALIZED_AUTOS = YES_AGGRESSIVE;
				GCC_WARN_UNUSED_FUNCTION = YES;
				GCC_WARN_UNUSED_VARIABLE = YES;
				IPHONEOS_DEPLOYMENT_TARGET = 9.0;
				MTL_ENABLE_DEBUG_INFO = NO;
				MTL_FAST_MATH = YES;
				SDKROOT = iphoneos;
				VALIDATE_PRODUCT = YES;
				VERSIONING_SYSTEM = "apple-generic";
				VERSION_INFO_PREFIX = "";
			};
			name = Release;
		};
		58714E752398ABA500AB3059 /* Debug */ = {
			isa = XCBuildConfiguration;
			buildSettings = {
				CODE_SIGN_STYLE = Automatic;
				DEFINES_MODULE = YES;
				DYLIB_COMPATIBILITY_VERSION = 1;
				DYLIB_CURRENT_VERSION = 1;
				DYLIB_INSTALL_NAME_BASE = "@rpath";
				GCC_PREFIX_HEADER = XiaoTianFramework/XiaoTianFramework.h;
				INFOPLIST_FILE = XiaoTianFramework/Info.plist;
				INSTALL_PATH = "$(LOCAL_LIBRARY_DIR)/Frameworks";
				LD_RUNPATH_SEARCH_PATHS = (
					"$(inherited)",
					"@executable_path/Frameworks",
					"@loader_path/Frameworks",
				);
				PRODUCT_BUNDLE_IDENTIFIER = com.xiaotian.XiaoTianFramework;
				PRODUCT_NAME = "$(TARGET_NAME:c99extidentifier)";
				SKIP_INSTALL = YES;
				TARGETED_DEVICE_FAMILY = "1,2";
			};
			name = Debug;
		};
		58714E762398ABA500AB3059 /* Release */ = {
			isa = XCBuildConfiguration;
			buildSettings = {
				CODE_SIGN_STYLE = Automatic;
				DEFINES_MODULE = YES;
				DYLIB_COMPATIBILITY_VERSION = 1;
				DYLIB_CURRENT_VERSION = 1;
				DYLIB_INSTALL_NAME_BASE = "@rpath";
				GCC_PREFIX_HEADER = XiaoTianFramework/XiaoTianFramework.h;
				INFOPLIST_FILE = XiaoTianFramework/Info.plist;
				INSTALL_PATH = "$(LOCAL_LIBRARY_DIR)/Frameworks";
				LD_RUNPATH_SEARCH_PATHS = (
					"$(inherited)",
					"@executable_path/Frameworks",
					"@loader_path/Frameworks",
				);
				PRODUCT_BUNDLE_IDENTIFIER = com.xiaotian.XiaoTianFramework;
				PRODUCT_NAME = "$(TARGET_NAME:c99extidentifier)";
				SKIP_INSTALL = YES;
				TARGETED_DEVICE_FAMILY = "1,2";
			};
			name = Release;
		};
/* End XCBuildConfiguration section */

/* Begin XCConfigurationList section */
		58714E662398ABA500AB3059 /* Build configuration list for PBXProject "XiaoTianFramework" */ = {
			isa = XCConfigurationList;
			buildConfigurations = (
				58714E722398ABA500AB3059 /* Debug */,
				58714E732398ABA500AB3059 /* Release */,
			);
			defaultConfigurationIsVisible = 0;
			defaultConfigurationName = Release;
		};
		58714E742398ABA500AB3059 /* Build configuration list for PBXNativeTarget "XiaoTianFramework" */ = {
			isa = XCConfigurationList;
			buildConfigurations = (
				58714E752398ABA500AB3059 /* Debug */,
				58714E762398ABA500AB3059 /* Release */,
			);
			defaultConfigurationIsVisible = 0;
			defaultConfigurationName = Release;
		};
/* End XCConfigurationList section */
	};
	rootObject = 58714E632398ABA500AB3059 /* Project object */;
}
