// !$*UTF8*$!
{
	archiveVersion = 1;
	classes = {
	};
	objectVersion = 50;
	objects = {

/* Begin PBXBuildFile section */
		58453DE22398F2E500D64EA2 /* UtilGCD.h in Headers */ = {isa = PBXBuildFile; fileRef = 58453DE02398F2E500D64EA2 /* UtilGCD.h */; };
		58453DE32398F2E500D64EA2 /* UtilGCD.m in Sources */ = {isa = PBXBuildFile; fileRef = 58453DE12398F2E500D64EA2 /* UtilGCD.m */; };
		58453DE72398FFCD00D64EA2 /* Constants.h in Headers */ = {isa = PBXBuildFile; fileRef = 58453DE52398FFCD00D64EA2 /* Constants.h */; };
		58453DE82398FFCD00D64EA2 /* Constants.m in Sources */ = {isa = PBXBuildFile; fileRef = 58453DE62398FFCD00D64EA2 /* Constants.m */; };
		58453DEB2399040E00D64EA2 /* NSObject+XTJson.h in Headers */ = {isa = PBXBuildFile; fileRef = 58453DE92399040E00D64EA2 /* NSObject+XTJson.h */; };
		58453DEC2399040E00D64EA2 /* NSObject+XTJson.m in Sources */ = {isa = PBXBuildFile; fileRef = 58453DEA2399040E00D64EA2 /* NSObject+XTJson.m */; };
		58714E712398ABA500AB3059 /* XiaoTianFramework.h in Headers */ = {isa = PBXBuildFile; fileRef = 58714E6F2398ABA500AB3059 /* XiaoTianFramework.h */; settings = {ATTRIBUTES = (Public, ); }; };
		58714E7D2398AD0C00AB3059 /* UILabel+XT.h in Headers */ = {isa = PBXBuildFile; fileRef = 58714E7B2398AD0C00AB3059 /* UILabel+XT.h */; settings = {ATTRIBUTES = (Public, ); }; };
		58714E7E2398AD0C00AB3059 /* UILabel+XT.m in Sources */ = {isa = PBXBuildFile; fileRef = 58714E7C2398AD0C00AB3059 /* UILabel+XT.m */; };
		58714E822398AE0400AB3059 /* Mylog.h in Headers */ = {isa = PBXBuildFile; fileRef = 58714E802398AE0400AB3059 /* Mylog.h */; settings = {ATTRIBUTES = (Public, ); }; };
		58714E832398AE0400AB3059 /* Mylog.m in Sources */ = {isa = PBXBuildFile; fileRef = 58714E812398AE0400AB3059 /* Mylog.m */; };
		58714E862398AEB800AB3059 /* UINavigationController+XT.h in Headers */ = {isa = PBXBuildFile; fileRef = 58714E842398AEB800AB3059 /* UINavigationController+XT.h */; settings = {ATTRIBUTES = (Public, ); }; };
		58714E872398AEB800AB3059 /* UINavigationController+XT.m in Sources */ = {isa = PBXBuildFile; fileRef = 58714E852398AEB800AB3059 /* UINavigationController+XT.m */; };
		58714E8A2398AF0600AB3059 /* UIViewController+XT.h in Headers */ = {isa = PBXBuildFile; fileRef = 58714E882398AF0600AB3059 /* UIViewController+XT.h */; settings = {ATTRIBUTES = (Public, ); }; };
		58714E8B2398AF0600AB3059 /* UIViewController+XT.m in Sources */ = {isa = PBXBuildFile; fileRef = 58714E892398AF0600AB3059 /* UIViewController+XT.m */; };
		58714EA62398B2F600AB3059 /* HSK_CFUtilities.h in Headers */ = {isa = PBXBuildFile; fileRef = 58714E9C2398B2F600AB3059 /* HSK_CFUtilities.h */; settings = {ATTRIBUTES = (Public, ); }; };
		58714EA72398B2F600AB3059 /* HSK_CFUtilities.m in Sources */ = {isa = PBXBuildFile; fileRef = 58714E9D2398B2F600AB3059 /* HSK_CFUtilities.m */; };
		58714EA82398B2F600AB3059 /* NSData+Base64Additions.m in Sources */ = {isa = PBXBuildFile; fileRef = 58714E9E2398B2F600AB3059 /* NSData+Base64Additions.m */; };
		58714EA92398B2F600AB3059 /* NSStream+SKPSMTPExtensions.h in Headers */ = {isa = PBXBuildFile; fileRef = 58714E9F2398B2F600AB3059 /* NSStream+SKPSMTPExtensions.h */; settings = {ATTRIBUTES = (Public, ); }; };
		58714EAA2398B2F600AB3059 /* Base64Transcoder.m in Sources */ = {isa = PBXBuildFile; fileRef = 58714EA02398B2F600AB3059 /* Base64Transcoder.m */; };
		58714EAB2398B2F600AB3059 /* Base64Transcoder.h in Headers */ = {isa = PBXBuildFile; fileRef = 58714EA12398B2F600AB3059 /* Base64Transcoder.h */; settings = {ATTRIBUTES = (Public, ); }; };
		58714EAC2398B2F600AB3059 /* NSStream+SKPSMTPExtensions.m in Sources */ = {isa = PBXBuildFile; fileRef = 58714EA22398B2F600AB3059 /* NSStream+SKPSMTPExtensions.m */; };
		58714EAD2398B2F600AB3059 /* SKPSMTPMessage.h in Headers */ = {isa = PBXBuildFile; fileRef = 58714EA32398B2F600AB3059 /* SKPSMTPMessage.h */; settings = {ATTRIBUTES = (Public, ); }; };
		58714EAE2398B2F600AB3059 /* SKPSMTPMessage.m in Sources */ = {isa = PBXBuildFile; fileRef = 58714EA42398B2F600AB3059 /* SKPSMTPMessage.m */; };
		58714EAF2398B2F600AB3059 /* NSData+Base64Additions.h in Headers */ = {isa = PBXBuildFile; fileRef = 58714EA52398B2F600AB3059 /* NSData+Base64Additions.h */; settings = {ATTRIBUTES = (Public, ); }; };
		58714EB62398B81E00AB3059 /* SerializerJson.m in Sources */ = {isa = PBXBuildFile; fileRef = 58714EB42398B81E00AB3059 /* SerializerJson.m */; };
		58714EB72398B81E00AB3059 /* SerializerJson.h in Headers */ = {isa = PBXBuildFile; fileRef = 58714EB52398B81E00AB3059 /* SerializerJson.h */; settings = {ATTRIBUTES = (Public, ); }; };
		58714EBB2398B88400AB3059 /* BasicEncodingRules.h in Headers */ = {isa = PBXBuildFile; fileRef = 58714EB92398B88400AB3059 /* BasicEncodingRules.h */; settings = {ATTRIBUTES = (Public, ); }; };
		58714EBC2398B88400AB3059 /* BasicEncodingRules.m in Sources */ = {isa = PBXBuildFile; fileRef = 58714EBA2398B88400AB3059 /* BasicEncodingRules.m */; };
		58714EC12398B92100AB3059 /* UncaughtExceptionHandler.h in Headers */ = {isa = PBXBuildFile; fileRef = 58714EBF2398B92100AB3059 /* UncaughtExceptionHandler.h */; settings = {ATTRIBUTES = (Public, ); }; };
		58714EC22398B92100AB3059 /* UncaughtExceptionHandler.m in Sources */ = {isa = PBXBuildFile; fileRef = 58714EC02398B92100AB3059 /* UncaughtExceptionHandler.m */; };
		58714EC52398B9C000AB3059 /* CryptorSecurity.h in Headers */ = {isa = PBXBuildFile; fileRef = 58714EC32398B9C000AB3059 /* CryptorSecurity.h */; settings = {ATTRIBUTES = (Public, ); }; };
		58714EC62398B9C000AB3059 /* CryptorSecurity.m in Sources */ = {isa = PBXBuildFile; fileRef = 58714EC42398B9C000AB3059 /* CryptorSecurity.m */; };
		58714EC92398BA6C00AB3059 /* UtilEnvironment.h in Headers */ = {isa = PBXBuildFile; fileRef = 58714EC72398BA6C00AB3059 /* UtilEnvironment.h */; settings = {ATTRIBUTES = (Public, ); }; };
		58714ECA2398BA6C00AB3059 /* UtilEnvironment.m in Sources */ = {isa = PBXBuildFile; fileRef = 58714EC82398BA6C00AB3059 /* UtilEnvironment.m */; };
		58714ECD2398BAB600AB3059 /* UtilFile.h in Headers */ = {isa = PBXBuildFile; fileRef = 58714ECB2398BAB600AB3059 /* UtilFile.h */; settings = {ATTRIBUTES = (Public, ); }; };
		58714ECE2398BAB600AB3059 /* UtilFile.m in Sources */ = {isa = PBXBuildFile; fileRef = 58714ECC2398BAB600AB3059 /* UtilFile.m */; };
		58714ED12398BB0200AB3059 /* UtilLocalized.h in Headers */ = {isa = PBXBuildFile; fileRef = 58714ECF2398BB0200AB3059 /* UtilLocalized.h */; settings = {ATTRIBUTES = (Public, ); }; };
		58714ED22398BB0200AB3059 /* UtilLocalized.m in Sources */ = {isa = PBXBuildFile; fileRef = 58714ED02398BB0200AB3059 /* UtilLocalized.m */; };
		58714ED52398BB4900AB3059 /* UtilUserDefault.h in Headers */ = {isa = PBXBuildFile; fileRef = 58714ED32398BB4900AB3059 /* UtilUserDefault.h */; settings = {ATTRIBUTES = (Public, ); }; };
		58714ED62398BB4900AB3059 /* UtilUserDefault.m in Sources */ = {isa = PBXBuildFile; fileRef = 58714ED42398BB4900AB3059 /* UtilUserDefault.m */; };
		58714ED92398D15200AB3059 /* UtilRuntime.h in Headers */ = {isa = PBXBuildFile; fileRef = 58714ED72398D15200AB3059 /* UtilRuntime.h */; settings = {ATTRIBUTES = (Public, ); }; };
		58714EDA2398D15200AB3059 /* UtilRuntime.m in Sources */ = {isa = PBXBuildFile; fileRef = 58714ED82398D15200AB3059 /* UtilRuntime.m */; };
		58714EDD2398D32700AB3059 /* UtilSqlite.h in Headers */ = {isa = PBXBuildFile; fileRef = 58714EDB2398D32700AB3059 /* UtilSqlite.h */; settings = {ATTRIBUTES = (Public, ); }; };
		58714EDE2398D32700AB3059 /* UtilSqlite.m in Sources */ = {isa = PBXBuildFile; fileRef = 58714EDC2398D32700AB3059 /* UtilSqlite.m */; };
		58714EE42398D3E400AB3059 /* MYBlurIntroductionView.h in Headers */ = {isa = PBXBuildFile; fileRef = 58714EE02398D3E400AB3059 /* MYBlurIntroductionView.h */; settings = {ATTRIBUTES = (Public, ); }; };
		58714EE52398D3E400AB3059 /* MYBlurIntroductionView.m in Sources */ = {isa = PBXBuildFile; fileRef = 58714EE12398D3E400AB3059 /* MYBlurIntroductionView.m */; };
		58714EE62398D3E400AB3059 /* MYIntroductionPanel.m in Sources */ = {isa = PBXBuildFile; fileRef = 58714EE22398D3E400AB3059 /* MYIntroductionPanel.m */; };
		58714EE72398D3E400AB3059 /* MYIntroductionPanel.h in Headers */ = {isa = PBXBuildFile; fileRef = 58714EE32398D3E400AB3059 /* MYIntroductionPanel.h */; settings = {ATTRIBUTES = (Public, ); }; };
		58714EE92398D4CB00AB3059 /* BundleXiaoTian.xcassets in Resources */ = {isa = PBXBuildFile; fileRef = 58714EE82398D4CB00AB3059 /* BundleXiaoTian.xcassets */; };
/* End PBXBuildFile section */

/* Begin PBXFileReference section */
		58453DDF2398EA1900D64EA2 /* PrefixHeader.h */ = {isa = PBXFileReference; lastKnownFileType = sourcecode.c.h; path = PrefixHeader.h; sourceTree = "<group>"; };
		58453DE02398F2E500D64EA2 /* UtilGCD.h */ = {isa = PBXFileReference; lastKnownFileType = sourcecode.c.h; path = UtilGCD.h; sourceTree = "<group>"; };
		58453DE12398F2E500D64EA2 /* UtilGCD.m */ = {isa = PBXFileReference; lastKnownFileType = sourcecode.c.objc; path = UtilGCD.m; sourceTree = "<group>"; };
		58453DE52398FFCD00D64EA2 /* Constants.h */ = {isa = PBXFileReference; lastKnownFileType = sourcecode.c.h; path = Constants.h; sourceTree = "<group>"; };
		58453DE62398FFCD00D64EA2 /* Constants.m */ = {isa = PBXFileReference; lastKnownFileType = sourcecode.c.objc; path = Constants.m; sourceTree = "<group>"; };
		58453DE92399040E00D64EA2 /* NSObject+XTJson.h */ = {isa = PBXFileReference; lastKnownFileType = sourcecode.c.h; path = "NSObject+XTJson.h"; sourceTree = "<group>"; };
		58453DEA2399040E00D64EA2 /* NSObject+XTJson.m */ = {isa = PBXFileReference; lastKnownFileType = sourcecode.c.objc; path = "NSObject+XTJson.m"; sourceTree = "<group>"; };
		58714E6C2398ABA500AB3059 /* XiaoTianFramework.framework */ = {isa = PBXFileReference; explicitFileType = wrapper.framework; includeInIndex = 0; path = XiaoTianFramework.framework; sourceTree = BUILT_PRODUCTS_DIR; };
		58714E6F2398ABA500AB3059 /* XiaoTianFramework.h */ = {isa = PBXFileReference; lastKnownFileType = sourcecode.c.h; path = XiaoTianFramework.h; sourceTree = "<group>"; };
		58714E702398ABA500AB3059 /* Info.plist */ = {isa = PBXFileReference; lastKnownFileType = text.plist.xml; path = Info.plist; sourceTree = "<group>"; };
		58714E782398AC8E00AB3059 /* Introduction.md */ = {isa = PBXFileReference; lastKnownFileType = net.daringfireball.markdown; path = Introduction.md; sourceTree = "<group>"; };
		58714E7B2398AD0C00AB3059 /* UILabel+XT.h */ = {isa = PBXFileReference; lastKnownFileType = sourcecode.c.h; path = "UILabel+XT.h"; sourceTree = "<group>"; };
		58714E7C2398AD0C00AB3059 /* UILabel+XT.m */ = {isa = PBXFileReference; lastKnownFileType = sourcecode.c.objc; path = "UILabel+XT.m"; sourceTree = "<group>"; };
		58714E802398AE0400AB3059 /* Mylog.h */ = {isa = PBXFileReference; lastKnownFileType = sourcecode.c.h; path = Mylog.h; sourceTree = "<group>"; };
		58714E812398AE0400AB3059 /* Mylog.m */ = {isa = PBXFileReference; lastKnownFileType = sourcecode.c.objc; path = Mylog.m; sourceTree = "<group>"; };
		58714E842398AEB800AB3059 /* UINavigationController+XT.h */ = {isa = PBXFileReference; lastKnownFileType = sourcecode.c.h; path = "UINavigationController+XT.h"; sourceTree = "<group>"; };
		58714E852398AEB800AB3059 /* UINavigationController+XT.m */ = {isa = PBXFileReference; lastKnownFileType = sourcecode.c.objc; path = "UINavigationController+XT.m"; sourceTree = "<group>"; };
		58714E882398AF0600AB3059 /* UIViewController+XT.h */ = {isa = PBXFileReference; lastKnownFileType = sourcecode.c.h; path = "UIViewController+XT.h"; sourceTree = "<group>"; };
		58714E892398AF0600AB3059 /* UIViewController+XT.m */ = {isa = PBXFileReference; lastKnownFileType = sourcecode.c.objc; path = "UIViewController+XT.m"; sourceTree = "<group>"; };
		58714E8C2398B0EF00AB3059 /* Introduction.md */ = {isa = PBXFileReference; lastKnownFileType = net.daringfireball.markdown; path = Introduction.md; sourceTree = "<group>"; };
		58714E922398B1D800AB3059 /* Introduction.md */ = {isa = PBXFileReference; lastKnownFileType = net.daringfireball.markdown; path = Introduction.md; sourceTree = "<group>"; };
		58714E942398B1FB00AB3059 /* Introduction.md */ = {isa = PBXFileReference; lastKnownFileType = net.daringfireball.markdown; path = Introduction.md; sourceTree = "<group>"; };
		58714E962398B21600AB3059 /* Introduction.md */ = {isa = PBXFileReference; lastKnownFileType = net.daringfireball.markdown; path = Introduction.md; sourceTree = "<group>"; };
		58714E982398B25C00AB3059 /* Introduction.md */ = {isa = PBXFileReference; lastKnownFileType = net.daringfireball.markdown; path = Introduction.md; sourceTree = "<group>"; };
		58714E9C2398B2F600AB3059 /* HSK_CFUtilities.h */ = {isa = PBXFileReference; fileEncoding = 4; lastKnownFileType = sourcecode.c.h; path = HSK_CFUtilities.h; sourceTree = "<group>"; };
		58714E9D2398B2F600AB3059 /* HSK_CFUtilities.m */ = {isa = PBXFileReference; fileEncoding = 4; lastKnownFileType = sourcecode.c.objc; path = HSK_CFUtilities.m; sourceTree = "<group>"; };
		58714E9E2398B2F600AB3059 /* NSData+Base64Additions.m */ = {isa = PBXFileReference; fileEncoding = 4; lastKnownFileType = sourcecode.c.objc; path = "NSData+Base64Additions.m"; sourceTree = "<group>"; };
		58714E9F2398B2F600AB3059 /* NSStream+SKPSMTPExtensions.h */ = {isa = PBXFileReference; fileEncoding = 4; lastKnownFileType = sourcecode.c.h; path = "NSStream+SKPSMTPExtensions.h"; sourceTree = "<group>"; };
		58714EA02398B2F600AB3059 /* Base64Transcoder.m */ = {isa = PBXFileReference; fileEncoding = 4; lastKnownFileType = sourcecode.c.objc; path = Base64Transcoder.m; sourceTree = "<group>"; };
		58714EA12398B2F600AB3059 /* Base64Transcoder.h */ = {isa = PBXFileReference; fileEncoding = 4; lastKnownFileType = sourcecode.c.h; path = Base64Transcoder.h; sourceTree = "<group>"; };
		58714EA22398B2F600AB3059 /* NSStream+SKPSMTPExtensions.m */ = {isa = PBXFileReference; fileEncoding = 4; lastKnownFileType = sourcecode.c.objc; path = "NSStream+SKPSMTPExtensions.m"; sourceTree = "<group>"; };
		58714EA32398B2F600AB3059 /* SKPSMTPMessage.h */ = {isa = PBXFileReference; fileEncoding = 4; lastKnownFileType = sourcecode.c.h; path = SKPSMTPMessage.h; sourceTree = "<group>"; };
		58714EA42398B2F600AB3059 /* SKPSMTPMessage.m */ = {isa = PBXFileReference; fileEncoding = 4; lastKnownFileType = sourcecode.c.objc; path = SKPSMTPMessage.m; sourceTree = "<group>"; };
		58714EA52398B2F600AB3059 /* NSData+Base64Additions.h */ = {isa = PBXFileReference; fileEncoding = 4; lastKnownFileType = sourcecode.c.h; path = "NSData+Base64Additions.h"; sourceTree = "<group>"; };
		58714EB42398B81E00AB3059 /* SerializerJson.m */ = {isa = PBXFileReference; fileEncoding = 4; lastKnownFileType = sourcecode.c.objc; path = SerializerJson.m; sourceTree = "<group>"; };
		58714EB52398B81E00AB3059 /* SerializerJson.h */ = {isa = PBXFileReference; fileEncoding = 4; lastKnownFileType = sourcecode.c.h; path = SerializerJson.h; sourceTree = "<group>"; };
		58714EB92398B88400AB3059 /* BasicEncodingRules.h */ = {isa = PBXFileReference; lastKnownFileType = sourcecode.c.h; path = BasicEncodingRules.h; sourceTree = "<group>"; };
		58714EBA2398B88400AB3059 /* BasicEncodingRules.m */ = {isa = PBXFileReference; lastKnownFileType = sourcecode.c.objc; path = BasicEncodingRules.m; sourceTree = "<group>"; };
		58714EBD2398B89300AB3059 /* Introduction.md */ = {isa = PBXFileReference; lastKnownFileType = net.daringfireball.markdown; path = Introduction.md; sourceTree = "<group>"; };
		58714EBF2398B92100AB3059 /* UncaughtExceptionHandler.h */ = {isa = PBXFileReference; lastKnownFileType = sourcecode.c.h; path = UncaughtExceptionHandler.h; sourceTree = "<group>"; };
		58714EC02398B92100AB3059 /* UncaughtExceptionHandler.m */ = {isa = PBXFileReference; lastKnownFileType = sourcecode.c.objc; path = UncaughtExceptionHandler.m; sourceTree = "<group>"; };
		58714EC32398B9C000AB3059 /* CryptorSecurity.h */ = {isa = PBXFileReference; lastKnownFileType = sourcecode.c.h; path = CryptorSecurity.h; sourceTree = "<group>"; };
		58714EC42398B9C000AB3059 /* CryptorSecurity.m */ = {isa = PBXFileReference; lastKnownFileType = sourcecode.c.objc; path = CryptorSecurity.m; sourceTree = "<group>"; };
		58714EC72398BA6C00AB3059 /* UtilEnvironment.h */ = {isa = PBXFileReference; lastKnownFileType = sourcecode.c.h; path = UtilEnvironment.h; sourceTree = "<group>"; };
		58714EC82398BA6C00AB3059 /* UtilEnvironment.m */ = {isa = PBXFileReference; lastKnownFileType = sourcecode.c.objc; path = UtilEnvironment.m; sourceTree = "<group>"; };
		58714ECB2398BAB600AB3059 /* UtilFile.h */ = {isa = PBXFileReference; lastKnownFileType = sourcecode.c.h; path = UtilFile.h; sourceTree = "<group>"; };
		58714ECC2398BAB600AB3059 /* UtilFile.m */ = {isa = PBXFileReference; lastKnownFileType = sourcecode.c.objc; path = UtilFile.m; sourceTree = "<group>"; };
		58714ECF2398BB0200AB3059 /* UtilLocalized.h */ = {isa = PBXFileReference; lastKnownFileType = sourcecode.c.h; path = UtilLocalized.h; sourceTree = "<group>"; };
		58714ED02398BB0200AB3059 /* UtilLocalized.m */ = {isa = PBXFileReference; lastKnownFileType = sourcecode.c.objc; path = UtilLocalized.m; sourceTree = "<group>"; };
		58714ED32398BB4900AB3059 /* UtilUserDefault.h */ = {isa = PBXFileReference; lastKnownFileType = sourcecode.c.h; path = UtilUserDefault.h; sourceTree = "<group>"; };
		58714ED42398BB4900AB3059 /* UtilUserDefault.m */ = {isa = PBXFileReference; lastKnownFileType = sourcecode.c.objc; path = UtilUserDefault.m; sourceTree = "<group>"; };
		58714ED72398D15200AB3059 /* UtilRuntime.h */ = {isa = PBXFileReference; lastKnownFileType = sourcecode.c.h; path = UtilRuntime.h; sourceTree = "<group>"; };
		58714ED82398D15200AB3059 /* UtilRuntime.m */ = {isa = PBXFileReference; lastKnownFileType = sourcecode.c.objc; path = UtilRuntime.m; sourceTree = "<group>"; };
		58714EDB2398D32700AB3059 /* UtilSqlite.h */ = {isa = PBXFileReference; lastKnownFileType = sourcecode.c.h; path = UtilSqlite.h; sourceTree = "<group>"; };
		58714EDC2398D32700AB3059 /* UtilSqlite.m */ = {isa = PBXFileReference; lastKnownFileType = sourcecode.c.objc; path = UtilSqlite.m; sourceTree = "<group>"; };
		58714EE02398D3E400AB3059 /* MYBlurIntroductionView.h */ = {isa = PBXFileReference; fileEncoding = 4; lastKnownFileType = sourcecode.c.h; path = MYBlurIntroductionView.h; sourceTree = "<group>"; };
		58714EE12398D3E400AB3059 /* MYBlurIntroductionView.m */ = {isa = PBXFileReference; fileEncoding = 4; lastKnownFileType = sourcecode.c.objc; path = MYBlurIntroductionView.m; sourceTree = "<group>"; };
		58714EE22398D3E400AB3059 /* MYIntroductionPanel.m */ = {isa = PBXFileReference; fileEncoding = 4; lastKnownFileType = sourcecode.c.objc; path = MYIntroductionPanel.m; sourceTree = "<group>"; };
		58714EE32398D3E400AB3059 /* MYIntroductionPanel.h */ = {isa = PBXFileReference; fileEncoding = 4; lastKnownFileType = sourcecode.c.h; path = MYIntroductionPanel.h; sourceTree = "<group>"; };
		58714EE82398D4CB00AB3059 /* BundleXiaoTian.xcassets */ = {isa = PBXFileReference; lastKnownFileType = folder.assetcatalog; path = BundleXiaoTian.xcassets; sourceTree = "<group>"; };
/* End PBXFileReference section */

/* Begin PBXFrameworksBuildPhase section */
		58714E692398ABA500AB3059 /* Frameworks */ = {
			isa = PBXFrameworksBuildPhase;
			buildActionMask = 2147483647;
			files = (
			);
			runOnlyForDeploymentPostprocessing = 0;
		};
/* End PBXFrameworksBuildPhase section */

/* Begin PBXGroup section */
		58453DE42398FFBB00D64EA2 /* Common */ = {
			isa = PBXGroup;
			children = (
				58453DE52398FFCD00D64EA2 /* Constants.h */,
				58453DE62398FFCD00D64EA2 /* Constants.m */,
			);
			path = Common;
			sourceTree = "<group>";
		};
		58714E622398ABA500AB3059 = {
			isa = PBXGroup;
			children = (
				58714E6E2398ABA500AB3059 /* XiaoTianFramework */,
				58714E6D2398ABA500AB3059 /* Products */,
			);
			sourceTree = "<group>";
		};
		58714E6D2398ABA500AB3059 /* Products */ = {
			isa = PBXGroup;
			children = (
				58714E6C2398ABA500AB3059 /* XiaoTianFramework.framework */,
			);
			name = Products;
			sourceTree = "<group>";
		};
		58714E6E2398ABA500AB3059 /* XiaoTianFramework */ = {
			isa = PBXGroup;
			children = (
				58453DE42398FFBB00D64EA2 /* Common */,
				58714EB82398B85D00AB3059 /* Security */,
				58714E9A2398B2C800AB3059 /* Net */,
				58714E912398B1B400AB3059 /* Widget */,
				58714E902398B18600AB3059 /* Serializer */,
				58714E8F2398B17F00AB3059 /* Model */,
				58714E7A2398ACC000AB3059 /* Category */,
				58714E7F2398ADAB00AB3059 /* Util */,
				58714E6F2398ABA500AB3059 /* XiaoTianFramework.h */,
				58714E782398AC8E00AB3059 /* Introduction.md */,
				58714E702398ABA500AB3059 /* Info.plist */,
				58714EE82398D4CB00AB3059 /* BundleXiaoTian.xcassets */,
				58453DDF2398EA1900D64EA2 /* PrefixHeader.h */,
			);
			path = XiaoTianFramework;
			sourceTree = "<group>";
		};
		58714E7A2398ACC000AB3059 /* Category */ = {
			isa = PBXGroup;
			children = (
				58714E7B2398AD0C00AB3059 /* UILabel+XT.h */,
				58714E7C2398AD0C00AB3059 /* UILabel+XT.m */,
				58714E842398AEB800AB3059 /* UINavigationController+XT.h */,
				58714E852398AEB800AB3059 /* UINavigationController+XT.m */,
				58714E882398AF0600AB3059 /* UIViewController+XT.h */,
				58714E892398AF0600AB3059 /* UIViewController+XT.m */,
				58714E8C2398B0EF00AB3059 /* Introduction.md */,
			);
			path = Category;
			sourceTree = "<group>";
		};
		58714E7F2398ADAB00AB3059 /* Util */ = {
			isa = PBXGroup;
			children = (
				58714E982398B25C00AB3059 /* Introduction.md */,
				58714E802398AE0400AB3059 /* Mylog.h */,
				58714E812398AE0400AB3059 /* Mylog.m */,
				58714EBF2398B92100AB3059 /* UncaughtExceptionHandler.h */,
				58714EC02398B92100AB3059 /* UncaughtExceptionHandler.m */,
				58714EC72398BA6C00AB3059 /* UtilEnvironment.h */,
				58714EC82398BA6C00AB3059 /* UtilEnvironment.m */,
				58714ECB2398BAB600AB3059 /* UtilFile.h */,
				58714ECC2398BAB600AB3059 /* UtilFile.m */,
				58453DE02398F2E500D64EA2 /* UtilGCD.h */,
				58453DE12398F2E500D64EA2 /* UtilGCD.m */,
				58714ECF2398BB0200AB3059 /* UtilLocalized.h */,
				58714ED02398BB0200AB3059 /* UtilLocalized.m */,
				58714ED72398D15200AB3059 /* UtilRuntime.h */,
				58714ED82398D15200AB3059 /* UtilRuntime.m */,
				58714EDB2398D32700AB3059 /* UtilSqlite.h */,
				58714EDC2398D32700AB3059 /* UtilSqlite.m */,
				58714ED32398BB4900AB3059 /* UtilUserDefault.h */,
				58714ED42398BB4900AB3059 /* UtilUserDefault.m */,
			);
			path = Util;
			sourceTree = "<group>";
		};
		58714E8F2398B17F00AB3059 /* Model */ = {
			isa = PBXGroup;
			children = (
				58714E962398B21600AB3059 /* Introduction.md */,
			);
			path = Model;
			sourceTree = "<group>";
		};
		58714E902398B18600AB3059 /* Serializer */ = {
			isa = PBXGroup;
			children = (
				58714E942398B1FB00AB3059 /* Introduction.md */,
				58453DE92399040E00D64EA2 /* NSObject+XTJson.h */,
				58453DEA2399040E00D64EA2 /* NSObject+XTJson.m */,
				58714EB52398B81E00AB3059 /* SerializerJson.h */,
				58714EB42398B81E00AB3059 /* SerializerJson.m */,
			);
			path = Serializer;
			sourceTree = "<group>";
		};
		58714E912398B1B400AB3059 /* Widget */ = {
			isa = PBXGroup;
			children = (
				58714EDF2398D3C300AB3059 /* MYBlurIntroductionView */,
				58714E922398B1D800AB3059 /* Introduction.md */,
			);
			path = Widget;
			sourceTree = "<group>";
		};
		58714E9A2398B2C800AB3059 /* Net */ = {
			isa = PBXGroup;
			children = (
				58714E9B2398B2CF00AB3059 /* EmailSmtp */,
			);
			path = Net;
			sourceTree = "<group>";
		};
		58714E9B2398B2CF00AB3059 /* EmailSmtp */ = {
			isa = PBXGroup;
			children = (
				58714EA12398B2F600AB3059 /* Base64Transcoder.h */,
				58714EA02398B2F600AB3059 /* Base64Transcoder.m */,
				58714E9C2398B2F600AB3059 /* HSK_CFUtilities.h */,
				58714E9D2398B2F600AB3059 /* HSK_CFUtilities.m */,
				58714EA52398B2F600AB3059 /* NSData+Base64Additions.h */,
				58714E9E2398B2F600AB3059 /* NSData+Base64Additions.m */,
				58714E9F2398B2F600AB3059 /* NSStream+SKPSMTPExtensions.h */,
				58714EA22398B2F600AB3059 /* NSStream+SKPSMTPExtensions.m */,
				58714EA32398B2F600AB3059 /* SKPSMTPMessage.h */,
				58714EA42398B2F600AB3059 /* SKPSMTPMessage.m */,
			);
			path = EmailSmtp;
			sourceTree = "<group>";
		};
		58714EB82398B85D00AB3059 /* Security */ = {
			isa = PBXGroup;
			children = (
				58714EB92398B88400AB3059 /* BasicEncodingRules.h */,
				58714EBA2398B88400AB3059 /* BasicEncodingRules.m */,
				58714EC32398B9C000AB3059 /* CryptorSecurity.h */,
				58714EC42398B9C000AB3059 /* CryptorSecurity.m */,
				58714EBD2398B89300AB3059 /* Introduction.md */,
			);
			path = Security;
			sourceTree = "<group>";
		};
		58714EDF2398D3C300AB3059 /* MYBlurIntroductionView */ = {
			isa = PBXGroup;
			children = (
				58714EE02398D3E400AB3059 /* MYBlurIntroductionView.h */,
				58714EE12398D3E400AB3059 /* MYBlurIntroductionView.m */,
				58714EE32398D3E400AB3059 /* MYIntroductionPanel.h */,
				58714EE22398D3E400AB3059 /* MYIntroductionPanel.m */,
			);
			path = MYBlurIntroductionView;
			sourceTree = "<group>";
		};
/* End PBXGroup section */

/* Begin PBXHeadersBuildPhase section */
		58714E672398ABA500AB3059 /* Headers */ = {
			isa = PBXHeadersBuildPhase;
			buildActionMask = 2147483647;
			files = (
				58714EA92398B2F600AB3059 /* NSStream+SKPSMTPExtensions.h in Headers */,
				58714E822398AE0400AB3059 /* Mylog.h in Headers */,
				58714EC52398B9C000AB3059 /* CryptorSecurity.h in Headers */,
				58714ED92398D15200AB3059 /* UtilRuntime.h in Headers */,
				58714EBB2398B88400AB3059 /* BasicEncodingRules.h in Headers */,
				58714EAB2398B2F600AB3059 /* Base64Transcoder.h in Headers */,
				58714EDD2398D32700AB3059 /* UtilSqlite.h in Headers */,
				58714E712398ABA500AB3059 /* XiaoTianFramework.h in Headers */,
				58714E862398AEB800AB3059 /* UINavigationController+XT.h in Headers */,
				58714EE72398D3E400AB3059 /* MYIntroductionPanel.h in Headers */,
				58714EC12398B92100AB3059 /* UncaughtExceptionHandler.h in Headers */,
				58714ED12398BB0200AB3059 /* UtilLocalized.h in Headers */,
				58453DE22398F2E500D64EA2 /* UtilGCD.h in Headers */,
				58714ED52398BB4900AB3059 /* UtilUserDefault.h in Headers */,
				58453DE72398FFCD00D64EA2 /* Constants.h in Headers */,
				58714EA62398B2F600AB3059 /* HSK_CFUtilities.h in Headers */,
				58714EAF2398B2F600AB3059 /* NSData+Base64Additions.h in Headers */,
				58453DEB2399040E00D64EA2 /* NSObject+XTJson.h in Headers */,
				58714E8A2398AF0600AB3059 /* UIViewController+XT.h in Headers */,
				58714EE42398D3E400AB3059 /* MYBlurIntroductionView.h in Headers */,
				58714EAD2398B2F600AB3059 /* SKPSMTPMessage.h in Headers */,
				58714E7D2398AD0C00AB3059 /* UILabel+XT.h in Headers */,
				58714EB72398B81E00AB3059 /* SerializerJson.h in Headers */,
				58714ECD2398BAB600AB3059 /* UtilFile.h in Headers */,
				58714EC92398BA6C00AB3059 /* UtilEnvironment.h in Headers */,
			);
			runOnlyForDeploymentPostprocessing = 0;
		};
/* End PBXHeadersBuildPhase section */

/* Begin PBXNativeTarget section */
		58714E6B2398ABA500AB3059 /* XiaoTianFramework */ = {
			isa = PBXNativeTarget;
			buildConfigurationList = 58714E742398ABA500AB3059 /* Build configuration list for PBXNativeTarget "XiaoTianFramework" */;
			buildPhases = (
				58714E672398ABA500AB3059 /* Headers */,
				58714E682398ABA500AB3059 /* Sources */,
				58714E692398ABA500AB3059 /* Frameworks */,
				58714E6A2398ABA500AB3059 /* Resources */,
			);
			buildRules = (
			);
			dependencies = (
			);
			name = XiaoTianFramework;
			productName = XiaoTianFramework;
			productReference = 58714E6C2398ABA500AB3059 /* XiaoTianFramework.framework */;
			productType = "com.apple.product-type.framework";
		};
/* End PBXNativeTarget section */

/* Begin PBXProject section */
		58714E632398ABA500AB3059 /* Project object */ = {
			isa = PBXProject;
			attributes = {
				LastUpgradeCheck = 1120;
				ORGANIZATIONNAME = XiaoTian;
				TargetAttributes = {
					58714E6B2398ABA500AB3059 = {
						CreatedOnToolsVersion = 11.2.1;
					};
				};
			};
			buildConfigurationList = 58714E662398ABA500AB3059 /* Build configuration list for PBXProject "XiaoTianFramework" */;
			compatibilityVersion = "Xcode 9.3";
			developmentRegion = en;
			hasScannedForEncodings = 0;
			knownRegions = (
				en,
				Base,
			);
			mainGroup = 58714E622398ABA500AB3059;
			productRefGroup = 58714E6D2398ABA500AB3059 /* Products */;
			projectDirPath = "";
			projectRoot = "";
			targets = (
				58714E6B2398ABA500AB3059 /* XiaoTianFramework */,
			);
		};
/* End PBXProject section */

/* Begin PBXResourcesBuildPhase section */
		58714E6A2398ABA500AB3059 /* Resources */ = {
			isa = PBXResourcesBuildPhase;
			buildActionMask = 2147483647;
			files = (
				58714EE92398D4CB00AB3059 /* BundleXiaoTian.xcassets in Resources */,
			);
			runOnlyForDeploymentPostprocessing = 0;
		};
/* End PBXResourcesBuildPhase section */

/* Begin PBXSourcesBuildPhase section */
		58714E682398ABA500AB3059 /* Sources */ = {
			isa = PBXSourcesBuildPhase;
			buildActionMask = 2147483647;
			files = (
				58714EA72398B2F600AB3059 /* HSK_CFUtilities.m in Sources */,
				58714EAC2398B2F600AB3059 /* NSStream+SKPSMTPExtensions.m in Sources */,
				58714EBC2398B88400AB3059 /* BasicEncodingRules.m in Sources */,
				58714ECA2398BA6C00AB3059 /* UtilEnvironment.m in Sources */,
				58714EAE2398B2F600AB3059 /* SKPSMTPMessage.m in Sources */,
				58453DEC2399040E00D64EA2 /* NSObject+XTJson.m in Sources */,
				58453DE82398FFCD00D64EA2 /* Constants.m in Sources */,
				58714EB62398B81E00AB3059 /* SerializerJson.m in Sources */,
				58714EC22398B92100AB3059 /* UncaughtExceptionHandler.m in Sources */,
				58714EE52398D3E400AB3059 /* MYBlurIntroductionView.m in Sources */,
				58714E8B2398AF0600AB3059 /* UIViewController+XT.m in Sources */,
				58714E832398AE0400AB3059 /* Mylog.m in Sources */,
				58714EA82398B2F600AB3059 /* NSData+Base64Additions.m in Sources */,
				58714E7E2398AD0C00AB3059 /* UILabel+XT.m in Sources */,
				58714EDE2398D32700AB3059 /* UtilSqlite.m in Sources */,
				58714EC62398B9C000AB3059 /* CryptorSecurity.m in Sources */,
				58714ECE2398BAB600AB3059 /* UtilFile.m in Sources */,
				58714E872398AEB800AB3059 /* UINavigationController+XT.m in Sources */,
				58453DE32398F2E500D64EA2 /* UtilGCD.m in Sources */,
				58714EAA2398B2F600AB3059 /* Base64Transcoder.m in Sources */,
				58714ED62398BB4900AB3059 /* UtilUserDefault.m in Sources */,
				58714EE62398D3E400AB3059 /* MYIntroductionPanel.m in Sources */,
				58714EDA2398D15200AB3059 /* UtilRuntime.m in Sources */,
				58714ED22398BB0200AB3059 /* UtilLocalized.m in Sources */,
			);
			runOnlyForDeploymentPostprocessing = 0;
		};
/* End PBXSourcesBuildPhase section */

/* Begin XCBuildConfiguration section */
		58714E722398ABA500AB3059 /* Debug */ = {
			isa = XCBuildConfiguration;
			buildSettings = {
				ALWAYS_SEARCH_USER_PATHS = NO;
				CLANG_ANALYZER_NONNULL = YES;
				CLANG_ANALYZER_NUMBER_OBJECT_CONVERSION = YES_AGGRESSIVE;
				CLANG_CXX_LANGUAGE_STANDARD = "gnu++14";
				CLANG_CXX_LIBRARY = "libc++";
				CLANG_ENABLE_MODULES = YES;
				CLANG_ENABLE_OBJC_ARC = YES;
				CLANG_ENABLE_OBJC_WEAK = YES;
				CLANG_WARN_BLOCK_CAPTURE_AUTORELEASING = YES;
				CLANG_WARN_BOOL_CONVERSION = YES;
				CLANG_WARN_COMMA = YES;
				CLANG_WARN_CONSTANT_CONVERSION = YES;
				CLANG_WARN_DEPRECATED_OBJC_IMPLEMENTATIONS = YES;
				CLANG_WARN_DIRECT_OBJC_ISA_USAGE = YES_ERROR;
				CLANG_WARN_DOCUMENTATION_COMMENTS = YES;
				CLANG_WARN_EMPTY_BODY = YES;
				CLANG_WARN_ENUM_CONVERSION = YES;
				CLANG_WARN_INFINITE_RECURSION = YES;
				CLANG_WARN_INT_CONVERSION = YES;
				CLANG_WARN_NON_LITERAL_NULL_CONVERSION = YES;
				CLANG_WARN_OBJC_IMPLICIT_RETAIN_SELF = YES;
				CLANG_WARN_OBJC_LITERAL_CONVERSION = YES;
				CLANG_WARN_OBJC_ROOT_CLASS = YES_ERROR;
				CLANG_WARN_RANGE_LOOP_ANALYSIS = YES;
				CLANG_WARN_STRICT_PROTOTYPES = YES;
				CLANG_WARN_SUSPICIOUS_MOVE = YES;
				CLANG_WARN_UNGUARDED_AVAILABILITY = YES_AGGRESSIVE;
				CLANG_WARN_UNREACHABLE_CODE = YES;
				CLANG_WARN__DUPLICATE_METHOD_MATCH = YES;
				COPY_PHASE_STRIP = NO;
				CURRENT_PROJECT_VERSION = 1;
				DEBUG_INFORMATION_FORMAT = dwarf;
				ENABLE_STRICT_OBJC_MSGSEND = YES;
				ENABLE_TESTABILITY = YES;
				GCC_C_LANGUAGE_STANDARD = gnu11;
				GCC_DYNAMIC_NO_PIC = NO;
				GCC_NO_COMMON_BLOCKS = YES;
				GCC_OPTIMIZATION_LEVEL = 0;
				GCC_PREPROCESSOR_DEFINITIONS = (
					"DEBUG=1",
					"$(inherited)",
				);
				GCC_WARN_64_TO_32_BIT_CONVERSION = YES;
				GCC_WARN_ABOUT_RETURN_TYPE = YES_ERROR;
				GCC_WARN_UNDECLARED_SELECTOR = YES;
				GCC_WARN_UNINITIALIZED_AUTOS = YES_AGGRESSIVE;
				GCC_WARN_UNUSED_FUNCTION = YES;
				GCC_WARN_UNUSED_VARIABLE = YES;
				IPHONEOS_DEPLOYMENT_TARGET = 9.0;
				MTL_ENABLE_DEBUG_INFO = INCLUDE_SOURCE;
				MTL_FAST_MATH = YES;
				ONLY_ACTIVE_ARCH = YES;
				SDKROOT = iphoneos;
				VERSIONING_SYSTEM = "apple-generic";
				VERSION_INFO_PREFIX = "";
			};
			name = Debug;
		};
		58714E732398ABA500AB3059 /* Release */ = {
			isa = XCBuildConfiguration;
			buildSettings = {
				ALWAYS_SEARCH_USER_PATHS = NO;
				CLANG_ANALYZER_NONNULL = YES;
				CLANG_ANALYZER_NUMBER_OBJECT_CONVERSION = YES_AGGRESSIVE;
				CLANG_CXX_LANGUAGE_STANDARD = "gnu++14";
				CLANG_CXX_LIBRARY = "libc++";
				CLANG_ENABLE_MODULES = YES;
				CLANG_ENABLE_OBJC_ARC = YES;
				CLANG_ENABLE_OBJC_WEAK = YES;
				CLANG_WARN_BLOCK_CAPTURE_AUTORELEASING = YES;
				CLANG_WARN_BOOL_CONVERSION = YES;
				CLANG_WARN_COMMA = YES;
				CLANG_WARN_CONSTANT_CONVERSION = YES;
				CLANG_WARN_DEPRECATED_OBJC_IMPLEMENTATIONS = YES;
				CLANG_WARN_DIRECT_OBJC_ISA_USAGE = YES_ERROR;
				CLANG_WARN_DOCUMENTATION_COMMENTS = YES;
				CLANG_WARN_EMPTY_BODY = YES;
				CLANG_WARN_ENUM_CONVERSION = YES;
				CLANG_WARN_INFINITE_RECURSION = YES;
				CLANG_WARN_INT_CONVERSION = YES;
				CLANG_WARN_NON_LITERAL_NULL_CONVERSION = YES;
				CLANG_WARN_OBJC_IMPLICIT_RETAIN_SELF = YES;
				CLANG_WARN_OBJC_LITERAL_CONVERSION = YES;
				CLANG_WARN_OBJC_ROOT_CLASS = YES_ERROR;
				CLANG_WARN_RANGE_LOOP_ANALYSIS = YES;
				CLANG_WARN_STRICT_PROTOTYPES = YES;
				CLANG_WARN_SUSPICIOUS_MOVE = YES;
				CLANG_WARN_UNGUARDED_AVAILABILITY = YES_AGGRESSIVE;
				CLANG_WARN_UNREACHABLE_CODE = YES;
				CLANG_WARN__DUPLICATE_METHOD_MATCH = YES;
				COPY_PHASE_STRIP = NO;
				CURRENT_PROJECT_VERSION = 1;
				DEBUG_INFORMATION_FORMAT = "dwarf-with-dsym";
				ENABLE_NS_ASSERTIONS = NO;
				ENABLE_STRICT_OBJC_MSGSEND = YES;
				GCC_C_LANGUAGE_STANDARD = gnu11;
				GCC_NO_COMMON_BLOCKS = YES;
				GCC_WARN_64_TO_32_BIT_CONVERSION = YES;
				GCC_WARN_ABOUT_RETURN_TYPE = YES_ERROR;
				GCC_WARN_UNDECLARED_SELECTOR = YES;
				GCC_WARN_UNINITIALIZED_AUTOS = YES_AGGRESSIVE;
				GCC_WARN_UNUSED_FUNCTION = YES;
				GCC_WARN_UNUSED_VARIABLE = YES;
				IPHONEOS_DEPLOYMENT_TARGET = 9.0;
				MTL_ENABLE_DEBUG_INFO = NO;
				MTL_FAST_MATH = YES;
				SDKROOT = iphoneos;
				VALIDATE_PRODUCT = YES;
				VERSIONING_SYSTEM = "apple-generic";
				VERSION_INFO_PREFIX = "";
			};
			name = Release;
		};
		58714E752398ABA500AB3059 /* Debug */ = {
			isa = XCBuildConfiguration;
			buildSettings = {
				CODE_SIGN_STYLE = Automatic;
				DEFINES_MODULE = YES;
				DYLIB_COMPATIBILITY_VERSION = 1;
				DYLIB_CURRENT_VERSION = 1;
				DYLIB_INSTALL_NAME_BASE = "@rpath";
				GCC_PREFIX_HEADER = XiaoTianFramework/PrefixHeader.h;
				INFOPLIST_FILE = XiaoTianFramework/Info.plist;
				INSTALL_PATH = "$(LOCAL_LIBRARY_DIR)/Frameworks";
				LD_RUNPATH_SEARCH_PATHS = (
					"$(inherited)",
					"@executable_path/Frameworks",
					"@loader_path/Frameworks",
				);
				PRODUCT_BUNDLE_IDENTIFIER = com.xiaotian.XiaoTianFramework;
				PRODUCT_NAME = "$(TARGET_NAME:c99extidentifier)";
				SKIP_INSTALL = YES;
				TARGETED_DEVICE_FAMILY = "1,2";
			};
			name = Debug;
		};
		58714E762398ABA500AB3059 /* Release */ = {
			isa = XCBuildConfiguration;
			buildSettings = {
				CODE_SIGN_STYLE = Automatic;
				DEFINES_MODULE = YES;
				DYLIB_COMPATIBILITY_VERSION = 1;
				DYLIB_CURRENT_VERSION = 1;
				DYLIB_INSTALL_NAME_BASE = "@rpath";
				GCC_PREFIX_HEADER = XiaoTianFramework/PrefixHeader.h;
				INFOPLIST_FILE = XiaoTianFramework/Info.plist;
				INSTALL_PATH = "$(LOCAL_LIBRARY_DIR)/Frameworks";
				LD_RUNPATH_SEARCH_PATHS = (
					"$(inherited)",
					"@executable_path/Frameworks",
					"@loader_path/Frameworks",
				);
				PRODUCT_BUNDLE_IDENTIFIER = com.xiaotian.XiaoTianFramework;
				PRODUCT_NAME = "$(TARGET_NAME:c99extidentifier)";
				SKIP_INSTALL = YES;
				TARGETED_DEVICE_FAMILY = "1,2";
			};
			name = Release;
		};
/* End XCBuildConfiguration section */

/* Begin XCConfigurationList section */
		58714E662398ABA500AB3059 /* Build configuration list for PBXProject "XiaoTianFramework" */ = {
			isa = XCConfigurationList;
			buildConfigurations = (
				58714E722398ABA500AB3059 /* Debug */,
				58714E732398ABA500AB3059 /* Release */,
			);
			defaultConfigurationIsVisible = 0;
			defaultConfigurationName = Release;
		};
		58714E742398ABA500AB3059 /* Build configuration list for PBXNativeTarget "XiaoTianFramework" */ = {
			isa = XCConfigurationList;
			buildConfigurations = (
				58714E752398ABA500AB3059 /* Debug */,
				58714E762398ABA500AB3059 /* Release */,
			);
			defaultConfigurationIsVisible = 0;
			defaultConfigurationName = Release;
		};
/* End XCConfigurationList section */
	};
	rootObject = 58714E632398ABA500AB3059 /* Project object */;
}
