// !$*UTF8*$!
{
	archiveVersion = 1;
	classes = {
	};
	objectVersion = 46;
	objects = {

/* Begin PBXBuildFile section */
		040F2A2A1A4BE5B10018CE65 /* Foundation.framework in Frameworks */ = {isa = PBXBuildFile; fileRef = 040F2A291A4BE5B10018CE65 /* Foundation.framework */; };
		045CB9021A661BEB000942CE /* UIViewController+XTF.m in Sources */ = {isa = PBXBuildFile; fileRef = 045CB9001A661BEB000942CE /* UIViewController+XTF.m */; };
		045CB9061A661C21000942CE /* UILabel+XTF.m in Sources */ = {isa = PBXBuildFile; fileRef = 045CB9041A661C21000942CE /* UILabel+XTF.m */; };
		045CB90F1A6620EC000942CE /* XTFUtilUserDefault.m in Sources */ = {isa = PBXBuildFile; fileRef = 045CB90D1A6620EC000942CE /* XTFUtilUserDefault.m */; };
		04ABFC601A63753B008381AE /* XTFUtilEnvironment.h in Headers */ = {isa = PBXBuildFile; fileRef = 04ABFC5E1A63753B008381AE /* XTFUtilEnvironment.h */; settings = {ATTRIBUTES = (Public, ); }; };
		04ABFC611A63753B008381AE /* XTFUtilEnvironment.m in Sources */ = {isa = PBXBuildFile; fileRef = 04ABFC5F1A63753B008381AE /* XTFUtilEnvironment.m */; };
		04ABFC641A63768F008381AE /* XTFUtilFile.h in Headers */ = {isa = PBXBuildFile; fileRef = 04ABFC621A63768F008381AE /* XTFUtilFile.h */; settings = {ATTRIBUTES = (Public, ); }; };
		04ABFC651A63768F008381AE /* XTFUtilFile.m in Sources */ = {isa = PBXBuildFile; fileRef = 04ABFC631A63768F008381AE /* XTFUtilFile.m */; };
		04ABFC6C1A637B05008381AE /* XTFUtilLocation.h in Headers */ = {isa = PBXBuildFile; fileRef = 04ABFC681A637B05008381AE /* XTFUtilLocation.h */; settings = {ATTRIBUTES = (Public, ); }; };
		04ABFC6D1A637B05008381AE /* XTFUtilLocation.m in Sources */ = {isa = PBXBuildFile; fileRef = 04ABFC691A637B05008381AE /* XTFUtilLocation.m */; };
		04EFE05C1A53967700E846CB /* libobjc.A.dylib in Frameworks */ = {isa = PBXBuildFile; fileRef = 04EFE05B1A53967700E846CB /* libobjc.A.dylib */; };
		04EFE0691A53F36B00E846CB /* UINavigationController+XTF.h in Headers */ = {isa = PBXBuildFile; fileRef = 04EFE0671A53F36B00E846CB /* UINavigationController+XTF.h */; settings = {ATTRIBUTES = (Public, ); }; };
		04EFE06A1A53F36B00E846CB /* UINavigationController+XTF.m in Sources */ = {isa = PBXBuildFile; fileRef = 04EFE0681A53F36B00E846CB /* UINavigationController+XTF.m */; };
		04FCC9D21A4BA8D6001A6BBD /* XiaoTianFramework.h in Headers */ = {isa = PBXBuildFile; fileRef = 04FCC9D11A4BA8D6001A6BBD /* XiaoTianFramework.h */; settings = {ATTRIBUTES = (Public, ); }; };
		04FCCA041A4BB3DB001A6BBD /* UIKit.framework in Frameworks */ = {isa = PBXBuildFile; fileRef = 04FCCA031A4BB3DB001A6BBD /* UIKit.framework */; };
		580E07481E894DE90023FF00 /* SystemConfiguration.framework in Frameworks */ = {isa = PBXBuildFile; fileRef = 580E07471E894DE90023FF00 /* SystemConfiguration.framework */; };
		584923BE1E8B6087005958B4 /* XTFMylog.h in Headers */ = {isa = PBXBuildFile; fileRef = 584923A21E8B6087005958B4 /* XTFMylog.h */; settings = {ATTRIBUTES = (Public, ); }; };
		584923BF1E8B6087005958B4 /* XTFMylog.m in Sources */ = {isa = PBXBuildFile; fileRef = 584923A31E8B6087005958B4 /* XTFMylog.m */; };
		584923C01E8B638B005958B4 /* XTFSerializerJson.h in Headers */ = {isa = PBXBuildFile; fileRef = 58E9BD431D21896100B9DC75 /* XTFSerializerJson.h */; settings = {ATTRIBUTES = (Public, ); }; };
		584923C11E8B63A9005958B4 /* UILabel+XTF.h in Headers */ = {isa = PBXBuildFile; fileRef = 045CB9031A661C21000942CE /* UILabel+XTF.h */; settings = {ATTRIBUTES = (Public, ); }; };
		584923C21E8B63B8005958B4 /* UIViewController+XTF.h in Headers */ = {isa = PBXBuildFile; fileRef = 045CB8FF1A661BEB000942CE /* UIViewController+XTF.h */; settings = {ATTRIBUTES = (Public, ); }; };
		584923C31E8B63D5005958B4 /* SKPSMTPMessage.h in Headers */ = {isa = PBXBuildFile; fileRef = 6BD380E11E56A8090034D24E /* SKPSMTPMessage.h */; settings = {ATTRIBUTES = (Public, ); }; };
		586B1F911E8B65B40022C175 /* XTFCryptorSecurity.h in Headers */ = {isa = PBXBuildFile; fileRef = 58E9BD3E1D2184EC00B9DC75 /* XTFCryptorSecurity.h */; settings = {ATTRIBUTES = (Public, ); }; };
		58AC85801E57F4D1008D5ED3 /* UncaughtExceptionHandler.h in Headers */ = {isa = PBXBuildFile; fileRef = 58AC857E1E57F4D1008D5ED3 /* UncaughtExceptionHandler.h */; settings = {ATTRIBUTES = (Public, ); }; };
		58AC85811E57F4D1008D5ED3 /* UncaughtExceptionHandler.m in Sources */ = {isa = PBXBuildFile; fileRef = 58AC857F1E57F4D1008D5ED3 /* UncaughtExceptionHandler.m */; settings = {COMPILER_FLAGS = "-fno-objc-arc"; }; };
		58E9BD411D2184EC00B9DC75 /* XTFCryptorSecurity.m in Sources */ = {isa = PBXBuildFile; fileRef = 58E9BD3F1D2184EC00B9DC75 /* XTFCryptorSecurity.m */; };
		58E9BD461D21896100B9DC75 /* XTFSerializerJson.m in Sources */ = {isa = PBXBuildFile; fileRef = 58E9BD441D21896100B9DC75 /* XTFSerializerJson.m */; };
		58E9BD491D21933400B9DC75 /* Person.h in Headers */ = {isa = PBXBuildFile; fileRef = 58E9BD471D21933400B9DC75 /* Person.h */; settings = {ATTRIBUTES = (Public, ); }; };
		58E9BD4A1D21933400B9DC75 /* Person.m in Sources */ = {isa = PBXBuildFile; fileRef = 58E9BD481D21933400B9DC75 /* Person.m */; };
		58EC3C651DC8F7F2001EE875 /* BasicEncodingRules.h in Headers */ = {isa = PBXBuildFile; fileRef = 58EC3C631DC8F7F2001EE875 /* BasicEncodingRules.h */; settings = {ATTRIBUTES = (Public, ); }; };
		58EC3C661DC8F7F2001EE875 /* BasicEncodingRules.m in Sources */ = {isa = PBXBuildFile; fileRef = 58EC3C641DC8F7F2001EE875 /* BasicEncodingRules.m */; };
		6B07EC391EF7A18B00CC94D9 /* ExtensionNSCoder.swift in Sources */ = {isa = PBXBuildFile; fileRef = 6B07EC381EF7A18B00CC94D9 /* ExtensionNSCoder.swift */; };
		6B1DDE431EE291F4003FC51C /* UtilBundle.swift in Sources */ = {isa = PBXBuildFile; fileRef = 6B1DDE421EE291F4003FC51C /* UtilBundle.swift */; };
		6B2C2BAD1EFD302500757037 /* BundleXiaoTian.bundle in Resources */ = {isa = PBXBuildFile; fileRef = 6B2C2BAC1EFD302500757037 /* BundleXiaoTian.bundle */; };
		6B4422E81F2B680E00565651 /* MyUIImageViewGif.swift in Sources */ = {isa = PBXBuildFile; fileRef = 6B4422E71F2B680E00565651 /* MyUIImageViewGif.swift */; };
		6B45100C1F14741C00F0451F /* MyAlertViewControl.swift in Sources */ = {isa = PBXBuildFile; fileRef = 6B45100B1F14741C00F0451F /* MyAlertViewControl.swift */; };
		6B4E1E681F1EE9CD00730561 /* MyToastTopbar.swift in Sources */ = {isa = PBXBuildFile; fileRef = 6B4E1E671F1EE9CD00730561 /* MyToastTopbar.swift */; };
		6B571DB81F062F2C0021DC2A /* MyViewPullRefresh.swift in Sources */ = {isa = PBXBuildFile; fileRef = 6B571DB71F062F2C0021DC2A /* MyViewPullRefresh.swift */; };
		6B5FB9CE1ED522A600331247 /* HttpAsyncTask.swift in Sources */ = {isa = PBXBuildFile; fileRef = 6B5FB9CA1ED522A600331247 /* HttpAsyncTask.swift */; };
		6B5FB9CF1ED522A600331247 /* HttpProperty.swift in Sources */ = {isa = PBXBuildFile; fileRef = 6B5FB9CB1ED522A600331247 /* HttpProperty.swift */; };
		6B5FB9D01ED522A600331247 /* HttpRequest.swift in Sources */ = {isa = PBXBuildFile; fileRef = 6B5FB9CC1ED522A600331247 /* HttpRequest.swift */; };
		6B5FB9D11ED522A600331247 /* HttpResponse.swift in Sources */ = {isa = PBXBuildFile; fileRef = 6B5FB9CD1ED522A600331247 /* HttpResponse.swift */; };
		6B5FB9EB1ED522BA00331247 /* ConstantApp.swift in Sources */ = {isa = PBXBuildFile; fileRef = 6B5FB9D31ED522BA00331247 /* ConstantApp.swift */; };
		6B5FB9EE1ED522BA00331247 /* UtilAnyObject.swift in Sources */ = {isa = PBXBuildFile; fileRef = 6B5FB9D61ED522BA00331247 /* UtilAnyObject.swift */; };
		6B5FB9EF1ED522BA00331247 /* UtilAttributedString.swift in Sources */ = {isa = PBXBuildFile; fileRef = 6B5FB9D71ED522BA00331247 /* UtilAttributedString.swift */; };
		6B5FB9F01ED522BA00331247 /* UtilColor.swift in Sources */ = {isa = PBXBuildFile; fileRef = 6B5FB9D81ED522BA00331247 /* UtilColor.swift */; };
		6B5FB9F11ED522BA00331247 /* UtilDateTime.swift in Sources */ = {isa = PBXBuildFile; fileRef = 6B5FB9D91ED522BA00331247 /* UtilDateTime.swift */; };
		6B5FB9F21ED522BA00331247 /* UtilDispatch.swift in Sources */ = {isa = PBXBuildFile; fileRef = 6B5FB9DA1ED522BA00331247 /* UtilDispatch.swift */; };
		6B5FB9F31ED522BA00331247 /* UtilEnvironment.swift in Sources */ = {isa = PBXBuildFile; fileRef = 6B5FB9DB1ED522BA00331247 /* UtilEnvironment.swift */; };
		6B5FB9F41ED522BA00331247 /* UtilFile.swift in Sources */ = {isa = PBXBuildFile; fileRef = 6B5FB9DC1ED522BA00331247 /* UtilFile.swift */; };
		6B5FB9F51ED522BA00331247 /* UtilFont.swift in Sources */ = {isa = PBXBuildFile; fileRef = 6B5FB9DD1ED522BA00331247 /* UtilFont.swift */; };
		6B5FB9F61ED522BA00331247 /* UtilImage.swift in Sources */ = {isa = PBXBuildFile; fileRef = 6B5FB9DE1ED522BA00331247 /* UtilImage.swift */; };
		6B5FB9F71ED522BA00331247 /* UtilLabel.swift in Sources */ = {isa = PBXBuildFile; fileRef = 6B5FB9DF1ED522BA00331247 /* UtilLabel.swift */; };
		6B5FB9F81ED522BA00331247 /* UtilLayoutConstraint.swift in Sources */ = {isa = PBXBuildFile; fileRef = 6B5FB9E01ED522BA00331247 /* UtilLayoutConstraint.swift */; };
		6B5FB9F91ED522BA00331247 /* UtilNotification.swift in Sources */ = {isa = PBXBuildFile; fileRef = 6B5FB9E11ED522BA00331247 /* UtilNotification.swift */; };
		6B5FB9FA1ED522BA00331247 /* UtilNotificationDefaultCenter.swift in Sources */ = {isa = PBXBuildFile; fileRef = 6B5FB9E21ED522BA00331247 /* UtilNotificationDefaultCenter.swift */; };
		6B5FB9FB1ED522BA00331247 /* UtilPreference.swift in Sources */ = {isa = PBXBuildFile; fileRef = 6B5FB9E31ED522BA00331247 /* UtilPreference.swift */; };
		6B5FB9FC1ED522BA00331247 /* UtilPrepareForInterfaceBuilder.swift in Sources */ = {isa = PBXBuildFile; fileRef = 6B5FB9E41ED522BA00331247 /* UtilPrepareForInterfaceBuilder.swift */; };
		6B5FB9FD1ED522BA00331247 /* UtilRegularExpression.swift in Sources */ = {isa = PBXBuildFile; fileRef = 6B5FB9E51ED522BA00331247 /* UtilRegularExpression.swift */; };
		6B5FB9FE1ED522BA00331247 /* UtilSecurity.swift in Sources */ = {isa = PBXBuildFile; fileRef = 6B5FB9E61ED522BA00331247 /* UtilSecurity.swift */; };
		6B5FB9FF1ED522BA00331247 /* UtilString.swift in Sources */ = {isa = PBXBuildFile; fileRef = 6B5FB9E71ED522BA00331247 /* UtilString.swift */; };
		6B5FBA001ED522BA00331247 /* UtilSwift.swift in Sources */ = {isa = PBXBuildFile; fileRef = 6B5FB9E81ED522BA00331247 /* UtilSwift.swift */; };
		6B5FBA011ED522BA00331247 /* UtilToast.swift in Sources */ = {isa = PBXBuildFile; fileRef = 6B5FB9E91ED522BA00331247 /* UtilToast.swift */; };
		6B5FBA021ED522BA00331247 /* UtilUIView.swift in Sources */ = {isa = PBXBuildFile; fileRef = 6B5FB9EA1ED522BA00331247 /* UtilUIView.swift */; };
		6B5FBA131ED522D200331247 /* GearRefreshControl.swift in Sources */ = {isa = PBXBuildFile; fileRef = 6B5FBA041ED522D200331247 /* GearRefreshControl.swift */; };
		6B5FBA141ED522D200331247 /* MyClickableView.swift in Sources */ = {isa = PBXBuildFile; fileRef = 6B5FBA051ED522D200331247 /* MyClickableView.swift */; };
		6B5FBA151ED522D200331247 /* MyLogoGray.swift in Sources */ = {isa = PBXBuildFile; fileRef = 6B5FBA061ED522D200331247 /* MyLogoGray.swift */; };
		6B5FBA161ED522D200331247 /* MyLogoIndicator.swift in Sources */ = {isa = PBXBuildFile; fileRef = 6B5FBA071ED522D200331247 /* MyLogoIndicator.swift */; };
		6B5FBA171ED522D200331247 /* MyRedotUIView.swift in Sources */ = {isa = PBXBuildFile; fileRef = 6B5FBA081ED522D200331247 /* MyRedotUIView.swift */; };
		6B5FBA181ED522D200331247 /* MySeparatorUIView.swift in Sources */ = {isa = PBXBuildFile; fileRef = 6B5FBA091ED522D200331247 /* MySeparatorUIView.swift */; };
		6B5FBA191ED522D200331247 /* MyUIBookLabel.swift in Sources */ = {isa = PBXBuildFile; fileRef = 6B5FBA0A1ED522D200331247 /* MyUIBookLabel.swift */; };
		6B5FBA1A1ED522D200331247 /* MyUIImageView.swift in Sources */ = {isa = PBXBuildFile; fileRef = 6B5FBA0B1ED522D200331247 /* MyUIImageView.swift */; };
		6B5FBA1B1ED522D200331247 /* MyUILabel.swift in Sources */ = {isa = PBXBuildFile; fileRef = 6B5FBA0C1ED522D200331247 /* MyUILabel.swift */; };
		6B5FBA1C1ED522D200331247 /* MyUITextField.swift in Sources */ = {isa = PBXBuildFile; fileRef = 6B5FBA0D1ED522D200331247 /* MyUITextField.swift */; };
		6B5FBA1D1ED522D200331247 /* MyUITextFieldLeftIcon.swift in Sources */ = {isa = PBXBuildFile; fileRef = 6B5FBA0E1ED522D200331247 /* MyUITextFieldLeftIcon.swift */; };
		6B5FBA1E1ED522D200331247 /* MyUITextView.swift in Sources */ = {isa = PBXBuildFile; fileRef = 6B5FBA0F1ED522D200331247 /* MyUITextView.swift */; };
		6B5FBA1F1ED522D200331247 /* MyUIView.swift in Sources */ = {isa = PBXBuildFile; fileRef = 6B5FBA101ED522D200331247 /* MyUIView.swift */; };
		6B5FBA201ED522D200331247 /* MyViewRefreshTable.swift in Sources */ = {isa = PBXBuildFile; fileRef = 6B5FBA111ED522D200331247 /* MyViewRefreshTable.swift */; };
		6B5FBA211ED522D200331247 /* MyViewTipMessage.xib in Resources */ = {isa = PBXBuildFile; fileRef = 6B5FBA121ED522D200331247 /* MyViewTipMessage.xib */; };
		6B5FBA2C1ED5231000331247 /* BTNavigationDropdownMenu.bundle in Resources */ = {isa = PBXBuildFile; fileRef = 6B5FBA251ED5231000331247 /* BTNavigationDropdownMenu.bundle */; };
		6B5FBA2D1ED5231000331247 /* BTNavigationDropdownMenu.swift in Sources */ = {isa = PBXBuildFile; fileRef = 6B5FBA261ED5231000331247 /* BTNavigationDropdownMenu.swift */; };
		6B5FBA2E1ED5231000331247 /* CAPSPageMenu.swift in Sources */ = {isa = PBXBuildFile; fileRef = 6B5FBA271ED5231000331247 /* CAPSPageMenu.swift */; };
		6B5FBA301ED5231000331247 /* RKDropdownAlert.swift in Sources */ = {isa = PBXBuildFile; fileRef = 6B5FBA291ED5231000331247 /* RKDropdownAlert.swift */; };
		6B5FBA371ED5235000331247 /* MYIntroductionPanel.m in Sources */ = {isa = PBXBuildFile; fileRef = 6B5FBA331ED5235000331247 /* MYIntroductionPanel.m */; };
		6B5FBA381ED5235000331247 /* MYIntroductionPanel.h in Headers */ = {isa = PBXBuildFile; fileRef = 6B5FBA341ED5235000331247 /* MYIntroductionPanel.h */; settings = {ATTRIBUTES = (Public, ); }; };
		6B5FBA391ED5235000331247 /* MYBlurIntroductionView.m in Sources */ = {isa = PBXBuildFile; fileRef = 6B5FBA351ED5235000331247 /* MYBlurIntroductionView.m */; };
		6B5FBA3A1ED5235000331247 /* MYBlurIntroductionView.h in Headers */ = {isa = PBXBuildFile; fileRef = 6B5FBA361ED5235000331247 /* MYBlurIntroductionView.h */; settings = {ATTRIBUTES = (Public, ); }; };
		6B5FBA3C1ED5365900331247 /* MyLog.swift in Sources */ = {isa = PBXBuildFile; fileRef = 6B5FBA3B1ED5365900331247 /* MyLog.swift */; };
		6B606C4D1ED6F7AA0058DA6D /* XTFUtilRuntime.h in Headers */ = {isa = PBXBuildFile; fileRef = 6B606C4B1ED6F7AA0058DA6D /* XTFUtilRuntime.h */; settings = {ATTRIBUTES = (Public, ); }; };
		6B606C4E1ED6F7AA0058DA6D /* XTFUtilRuntime.m in Sources */ = {isa = PBXBuildFile; fileRef = 6B606C4C1ED6F7AA0058DA6D /* XTFUtilRuntime.m */; };
		6B606C551ED703190058DA6D /* UtilRuntimeSwift.swift in Sources */ = {isa = PBXBuildFile; fileRef = 6B606C541ED703190058DA6D /* UtilRuntimeSwift.swift */; };
		6B606C581ED703220058DA6D /* ExtensionUIViewController.swift in Sources */ = {isa = PBXBuildFile; fileRef = 6B606C561ED703220058DA6D /* ExtensionUIViewController.swift */; };
		6B606C591ED703220058DA6D /* ExtensionNSObject.swift in Sources */ = {isa = PBXBuildFile; fileRef = 6B606C571ED703220058DA6D /* ExtensionNSObject.swift */; };
		6B64FB021F05308A00C7B527 /* MyStoreHouseRefreshControl.swift in Sources */ = {isa = PBXBuildFile; fileRef = 6B64FB011F05308A00C7B527 /* MyStoreHouseRefreshControl.swift */; };
		6B6CCBC91EFCC86B007658DD /* MyViewRingProgress.swift in Sources */ = {isa = PBXBuildFile; fileRef = 6B6CCBC81EFCC86B007658DD /* MyViewRingProgress.swift */; };
		6B7369371F19AE8B00FCFB4C /* MyAlertViewProgressPin.swift in Sources */ = {isa = PBXBuildFile; fileRef = 6B7369361F19AE8B00FCFB4C /* MyAlertViewProgressPin.swift */; };
		6B7A73901EE7DE6900AD1623 /* ExtensionUIImage.swift in Sources */ = {isa = PBXBuildFile; fileRef = 6B7A738F1EE7DE6900AD1623 /* ExtensionUIImage.swift */; };
		6B7A73921EE7DE9600AD1623 /* ExtensionUINavigationController.swift in Sources */ = {isa = PBXBuildFile; fileRef = 6B7A73911EE7DE9600AD1623 /* ExtensionUINavigationController.swift */; };
		6B7A73941EE7E8B300AD1623 /* ExtensionString.swift in Sources */ = {isa = PBXBuildFile; fileRef = 6B7A73931EE7E8B300AD1623 /* ExtensionString.swift */; };
		6B8043231F18F8DA00420CDD /* UtilUITableView.swift in Sources */ = {isa = PBXBuildFile; fileRef = 6B8043221F18F8DA00420CDD /* UtilUITableView.swift */; };
		6B8266641F3B0C9E001EF9B1 /* MyStack.swift in Sources */ = {isa = PBXBuildFile; fileRef = 6B8266631F3B0C9E001EF9B1 /* MyStack.swift */; };
		6B8266661F3B0DF9001EF9B1 /* UtilXML.swift in Sources */ = {isa = PBXBuildFile; fileRef = 6B8266651F3B0DF9001EF9B1 /* UtilXML.swift */; };
		6B84421E1F39BF3000B83FF0 /* NetReachability.swift in Sources */ = {isa = PBXBuildFile; fileRef = 6B84421D1F39BF3000B83FF0 /* NetReachability.swift */; };
		6B891F331F039431004A32E8 /* UtilInterfaceBuilder.swift in Sources */ = {isa = PBXBuildFile; fileRef = 6B891F321F039431004A32E8 /* UtilInterfaceBuilder.swift */; };
		6B891F351F0395F2004A32E8 /* UtilAnimation.swift in Sources */ = {isa = PBXBuildFile; fileRef = 6B891F341F0395F2004A32E8 /* UtilAnimation.swift */; };
		6B891F371F039E06004A32E8 /* UtilKVC.swift in Sources */ = {isa = PBXBuildFile; fileRef = 6B891F361F039E06004A32E8 /* UtilKVC.swift */; };
		6B9144D71F3C0CA00010EA3A /* MyUIViewSVG.swift in Sources */ = {isa = PBXBuildFile; fileRef = 6B9144D61F3C0CA00010EA3A /* MyUIViewSVG.swift */; };
		6B9228C61EEE469E006D3F5F /* UtilUIControl.swift in Sources */ = {isa = PBXBuildFile; fileRef = 6B9228C51EEE469E006D3F5F /* UtilUIControl.swift */; };
		6B94E8E11EFDFB8D00D43ECA /* MyAlertViewProgress.swift in Sources */ = {isa = PBXBuildFile; fileRef = 6B94E8E01EFDFB8D00D43ECA /* MyAlertViewProgress.swift */; };
		6B95A8721F0A74C400804091 /* MyViewPullRefreshFooter.swift in Sources */ = {isa = PBXBuildFile; fileRef = 6B95A8711F0A74C400804091 /* MyViewPullRefreshFooter.swift */; };
		6B97D29D1F28844800FD8099 /* MyCircularSlider.swift in Sources */ = {isa = PBXBuildFile; fileRef = 6B97D29C1F28844800FD8099 /* MyCircularSlider.swift */; };
		6B97D2A01F28CEF900FD8099 /* MyViewCircleProgress.swift in Sources */ = {isa = PBXBuildFile; fileRef = 6B97D29F1F28CEF900FD8099 /* MyViewCircleProgress.swift */; };
		6BA91C501EF8F6EC00EE9577 /* MyViewLinePropress.swift in Sources */ = {isa = PBXBuildFile; fileRef = 6BA91C4F1EF8F6EC00EE9577 /* MyViewLinePropress.swift */; };
		6BB1D0401F1CDE380070FB29 /* MyAlertActionControl.swift in Sources */ = {isa = PBXBuildFile; fileRef = 6BB1D03F1F1CDE380070FB29 /* MyAlertActionControl.swift */; };
		6BCABB561F29843A00EFEFF5 /* MyToast.swift in Sources */ = {isa = PBXBuildFile; fileRef = 6BCABB551F29843A00EFEFF5 /* MyToast.swift */; };
		6BD304941ED82CCD004BDD21 /* UtilJson.swift in Sources */ = {isa = PBXBuildFile; fileRef = 6BD304931ED82CCD004BDD21 /* UtilJson.swift */; };
		6BD304961ED83F9A004BDD21 /* UtilSqlite.swift in Sources */ = {isa = PBXBuildFile; fileRef = 6BD304951ED83F9A004BDD21 /* UtilSqlite.swift */; };
		6BD304991ED83FCD004BDD21 /* libsqlite3.tbd in Frameworks */ = {isa = PBXBuildFile; fileRef = 6BD304981ED83FCD004BDD21 /* libsqlite3.tbd */; };
		6BD3049C1ED84D3D004BDD21 /* XTFUtilSqlite.h in Headers */ = {isa = PBXBuildFile; fileRef = 6BD3049A1ED84D3D004BDD21 /* XTFUtilSqlite.h */; settings = {ATTRIBUTES = (Public, ); }; };
		6BD3049D1ED84D3D004BDD21 /* XTFUtilSqlite.m in Sources */ = {isa = PBXBuildFile; fileRef = 6BD3049B1ED84D3D004BDD21 /* XTFUtilSqlite.m */; };
		6BD380E31E56A8090034D24E /* Base64Transcoder.h in Headers */ = {isa = PBXBuildFile; fileRef = 6BD380D91E56A8090034D24E /* Base64Transcoder.h */; settings = {ATTRIBUTES = (Public, ); }; };
		6BD380E41E56A8090034D24E /* Base64Transcoder.m in Sources */ = {isa = PBXBuildFile; fileRef = 6BD380DA1E56A8090034D24E /* Base64Transcoder.m */; settings = {COMPILER_FLAGS = "-fno-objc-arc"; }; };
		6BD380E51E56A8090034D24E /* HSK_CFUtilities.h in Headers */ = {isa = PBXBuildFile; fileRef = 6BD380DB1E56A8090034D24E /* HSK_CFUtilities.h */; settings = {ATTRIBUTES = (Public, ); }; };
		6BD380E61E56A8090034D24E /* HSK_CFUtilities.m in Sources */ = {isa = PBXBuildFile; fileRef = 6BD380DC1E56A8090034D24E /* HSK_CFUtilities.m */; settings = {COMPILER_FLAGS = "-fno-objc-arc"; }; };
		6BD380E71E56A8090034D24E /* NSData+Base64Additions.h in Headers */ = {isa = PBXBuildFile; fileRef = 6BD380DD1E56A8090034D24E /* NSData+Base64Additions.h */; settings = {ATTRIBUTES = (Public, ); }; };
		6BD380E81E56A8090034D24E /* NSData+Base64Additions.m in Sources */ = {isa = PBXBuildFile; fileRef = 6BD380DE1E56A8090034D24E /* NSData+Base64Additions.m */; settings = {COMPILER_FLAGS = "-fno-objc-arc"; }; };
		6BD380EA1E56A8090034D24E /* NSStream+SKPSMTPExtensions.m in Sources */ = {isa = PBXBuildFile; fileRef = 6BD380E01E56A8090034D24E /* NSStream+SKPSMTPExtensions.m */; settings = {COMPILER_FLAGS = "-fno-objc-arc"; }; };
		6BD380EC1E56A8090034D24E /* SKPSMTPMessage.m in Sources */ = {isa = PBXBuildFile; fileRef = 6BD380E21E56A8090034D24E /* SKPSMTPMessage.m */; settings = {COMPILER_FLAGS = "-fno-objc-arc"; }; };
		6BDD036F1EE1B06800582862 /* UtilCoreData.swift in Sources */ = {isa = PBXBuildFile; fileRef = 6BDD036E1EE1B06800582862 /* UtilCoreData.swift */; };
/* End PBXBuildFile section */

/* Begin PBXContainerItemProxy section */
		6BA885721EFC9FEC0037E793 /* PBXContainerItemProxy */ = {
			isa = PBXContainerItemProxy;
			containerPortal = 6BA8856E1EFC9FEC0037E793 /* BundleXiaoTian.xcodeproj */;
			proxyType = 2;
			remoteGlobalIDString = 6BA8855D1EFC9E810037E793;
			remoteInfo = BundleXiaoTian;
		};
/* End PBXContainerItemProxy section */

/* Begin PBXFileReference section */
		040F2A291A4BE5B10018CE65 /* Foundation.framework */ = {isa = PBXFileReference; lastKnownFileType = wrapper.framework; name = Foundation.framework; path = System/Library/Frameworks/Foundation.framework; sourceTree = SDKROOT; };
		040F2A2F1A4BE6E50018CE65 /* Introduction.md */ = {isa = PBXFileReference; fileEncoding = 4; lastKnownFileType = net.daringfireball.markdown; path = Introduction.md; sourceTree = "<group>"; };
		045CB8FF1A661BEB000942CE /* UIViewController+XTF.h */ = {isa = PBXFileReference; fileEncoding = 4; lastKnownFileType = sourcecode.c.h; name = "UIViewController+XTF.h"; path = "Category/UIViewController+XTF.h"; sourceTree = "<group>"; };
		045CB9001A661BEB000942CE /* UIViewController+XTF.m */ = {isa = PBXFileReference; fileEncoding = 4; lastKnownFileType = sourcecode.c.objc; name = "UIViewController+XTF.m"; path = "Category/UIViewController+XTF.m"; sourceTree = "<group>"; };
		045CB9031A661C21000942CE /* UILabel+XTF.h */ = {isa = PBXFileReference; fileEncoding = 4; lastKnownFileType = sourcecode.c.h; name = "UILabel+XTF.h"; path = "Category/UILabel+XTF.h"; sourceTree = "<group>"; };
		045CB9041A661C21000942CE /* UILabel+XTF.m */ = {isa = PBXFileReference; fileEncoding = 4; lastKnownFileType = sourcecode.c.objc; name = "UILabel+XTF.m"; path = "Category/UILabel+XTF.m"; sourceTree = "<group>"; };
		045CB90C1A6620EC000942CE /* XTFUtilUserDefault.h */ = {isa = PBXFileReference; fileEncoding = 4; lastKnownFileType = sourcecode.c.h; path = XTFUtilUserDefault.h; sourceTree = "<group>"; };
		045CB90D1A6620EC000942CE /* XTFUtilUserDefault.m */ = {isa = PBXFileReference; fileEncoding = 4; lastKnownFileType = sourcecode.c.objc; path = XTFUtilUserDefault.m; sourceTree = "<group>"; };
		04ABFC5E1A63753B008381AE /* XTFUtilEnvironment.h */ = {isa = PBXFileReference; fileEncoding = 4; lastKnownFileType = sourcecode.c.h; path = XTFUtilEnvironment.h; sourceTree = "<group>"; };
		04ABFC5F1A63753B008381AE /* XTFUtilEnvironment.m */ = {isa = PBXFileReference; fileEncoding = 4; lastKnownFileType = sourcecode.c.objc; path = XTFUtilEnvironment.m; sourceTree = "<group>"; };
		04ABFC621A63768F008381AE /* XTFUtilFile.h */ = {isa = PBXFileReference; fileEncoding = 4; lastKnownFileType = sourcecode.c.h; path = XTFUtilFile.h; sourceTree = "<group>"; };
		04ABFC631A63768F008381AE /* XTFUtilFile.m */ = {isa = PBXFileReference; fileEncoding = 4; lastKnownFileType = sourcecode.c.objc; path = XTFUtilFile.m; sourceTree = "<group>"; };
		04ABFC681A637B05008381AE /* XTFUtilLocation.h */ = {isa = PBXFileReference; fileEncoding = 4; lastKnownFileType = sourcecode.c.h; path = XTFUtilLocation.h; sourceTree = "<group>"; };
		04ABFC691A637B05008381AE /* XTFUtilLocation.m */ = {isa = PBXFileReference; fileEncoding = 4; lastKnownFileType = sourcecode.c.objc; path = XTFUtilLocation.m; sourceTree = "<group>"; };
		04EFE05B1A53967700E846CB /* libobjc.A.dylib */ = {isa = PBXFileReference; lastKnownFileType = "compiled.mach-o.dylib"; name = libobjc.A.dylib; path = usr/lib/libobjc.A.dylib; sourceTree = SDKROOT; };
		04EFE0671A53F36B00E846CB /* UINavigationController+XTF.h */ = {isa = PBXFileReference; fileEncoding = 4; lastKnownFileType = sourcecode.c.h; name = "UINavigationController+XTF.h"; path = "Category/UINavigationController+XTF.h"; sourceTree = "<group>"; };
		04EFE0681A53F36B00E846CB /* UINavigationController+XTF.m */ = {isa = PBXFileReference; fileEncoding = 4; lastKnownFileType = sourcecode.c.objc; name = "UINavigationController+XTF.m"; path = "Category/UINavigationController+XTF.m"; sourceTree = "<group>"; };
		04FCC9CC1A4BA8D6001A6BBD /* XiaoTianFramework.framework */ = {isa = PBXFileReference; explicitFileType = wrapper.framework; includeInIndex = 0; path = XiaoTianFramework.framework; sourceTree = BUILT_PRODUCTS_DIR; };
		04FCC9D01A4BA8D6001A6BBD /* Info.plist */ = {isa = PBXFileReference; lastKnownFileType = text.plist.xml; path = Info.plist; sourceTree = "<group>"; };
		04FCC9D11A4BA8D6001A6BBD /* XiaoTianFramework.h */ = {isa = PBXFileReference; lastKnownFileType = sourcecode.c.h; path = XiaoTianFramework.h; sourceTree = "<group>"; };
		04FCCA031A4BB3DB001A6BBD /* UIKit.framework */ = {isa = PBXFileReference; lastKnownFileType = wrapper.framework; name = UIKit.framework; path = System/Library/Frameworks/UIKit.framework; sourceTree = SDKROOT; };
		580E07471E894DE90023FF00 /* SystemConfiguration.framework */ = {isa = PBXFileReference; lastKnownFileType = wrapper.framework; name = SystemConfiguration.framework; path = System/Library/Frameworks/SystemConfiguration.framework; sourceTree = SDKROOT; };
		584923A21E8B6087005958B4 /* XTFMylog.h */ = {isa = PBXFileReference; fileEncoding = 4; lastKnownFileType = sourcecode.c.h; path = XTFMylog.h; sourceTree = "<group>"; };
		584923A31E8B6087005958B4 /* XTFMylog.m */ = {isa = PBXFileReference; fileEncoding = 4; lastKnownFileType = sourcecode.c.objc; path = XTFMylog.m; sourceTree = "<group>"; };
		589020E41C2069A3009350BB /* introduction.md */ = {isa = PBXFileReference; fileEncoding = 4; lastKnownFileType = net.daringfireball.markdown; name = introduction.md; path = Controller/introduction.md; sourceTree = "<group>"; };
		58AC857E1E57F4D1008D5ED3 /* UncaughtExceptionHandler.h */ = {isa = PBXFileReference; fileEncoding = 4; lastKnownFileType = sourcecode.c.h; path = UncaughtExceptionHandler.h; sourceTree = "<group>"; };
		58AC857F1E57F4D1008D5ED3 /* UncaughtExceptionHandler.m */ = {isa = PBXFileReference; fileEncoding = 4; lastKnownFileType = sourcecode.c.objc; path = UncaughtExceptionHandler.m; sourceTree = "<group>"; };
		58E9BD3E1D2184EC00B9DC75 /* XTFCryptorSecurity.h */ = {isa = PBXFileReference; fileEncoding = 4; lastKnownFileType = sourcecode.c.h; path = XTFCryptorSecurity.h; sourceTree = "<group>"; };
		58E9BD3F1D2184EC00B9DC75 /* XTFCryptorSecurity.m */ = {isa = PBXFileReference; fileEncoding = 4; lastKnownFileType = sourcecode.c.objc; path = XTFCryptorSecurity.m; sourceTree = "<group>"; };
		58E9BD431D21896100B9DC75 /* XTFSerializerJson.h */ = {isa = PBXFileReference; fileEncoding = 4; lastKnownFileType = sourcecode.c.h; name = XTFSerializerJson.h; path = Serializer/XTFSerializerJson.h; sourceTree = "<group>"; };
		58E9BD441D21896100B9DC75 /* XTFSerializerJson.m */ = {isa = PBXFileReference; fileEncoding = 4; lastKnownFileType = sourcecode.c.objc; name = XTFSerializerJson.m; path = Serializer/XTFSerializerJson.m; sourceTree = "<group>"; };
		58E9BD471D21933400B9DC75 /* Person.h */ = {isa = PBXFileReference; fileEncoding = 4; lastKnownFileType = sourcecode.c.h; name = Person.h; path = Serializer/Person.h; sourceTree = "<group>"; };
		58E9BD481D21933400B9DC75 /* Person.m */ = {isa = PBXFileReference; fileEncoding = 4; lastKnownFileType = sourcecode.c.objc; name = Person.m; path = Serializer/Person.m; sourceTree = "<group>"; };
		58EC3C631DC8F7F2001EE875 /* BasicEncodingRules.h */ = {isa = PBXFileReference; fileEncoding = 4; lastKnownFileType = sourcecode.c.h; path = BasicEncodingRules.h; sourceTree = "<group>"; };
		58EC3C641DC8F7F2001EE875 /* BasicEncodingRules.m */ = {isa = PBXFileReference; fileEncoding = 4; lastKnownFileType = sourcecode.c.objc; path = BasicEncodingRules.m; sourceTree = "<group>"; };
		6B07EC381EF7A18B00CC94D9 /* ExtensionNSCoder.swift */ = {isa = PBXFileReference; fileEncoding = 4; lastKnownFileType = sourcecode.swift; name = ExtensionNSCoder.swift; path = Swift/Extension/ExtensionNSCoder.swift; sourceTree = "<group>"; };
		6B1DDE421EE291F4003FC51C /* UtilBundle.swift */ = {isa = PBXFileReference; fileEncoding = 4; lastKnownFileType = sourcecode.swift; name = UtilBundle.swift; path = Swift/Util/UtilBundle.swift; sourceTree = "<group>"; };
		6B2C2BAC1EFD302500757037 /* BundleXiaoTian.bundle */ = {isa = PBXFileReference; lastKnownFileType = "wrapper.plug-in"; path = BundleXiaoTian.bundle; sourceTree = "<group>"; };
		6B4422E71F2B680E00565651 /* MyUIImageViewGif.swift */ = {isa = PBXFileReference; fileEncoding = 4; lastKnownFileType = sourcecode.swift; name = MyUIImageViewGif.swift; path = Swift/View/MyUIImageViewGif.swift; sourceTree = "<group>"; };
		6B45100B1F14741C00F0451F /* MyAlertViewControl.swift */ = {isa = PBXFileReference; fileEncoding = 4; lastKnownFileType = sourcecode.swift; name = MyAlertViewControl.swift; path = Swift/View/MyAlertViewControl.swift; sourceTree = "<group>"; };
		6B4E1E671F1EE9CD00730561 /* MyToastTopbar.swift */ = {isa = PBXFileReference; fileEncoding = 4; lastKnownFileType = sourcecode.swift; name = MyToastTopbar.swift; path = Swift/View/MyToastTopbar.swift; sourceTree = "<group>"; };
		6B571DB71F062F2C0021DC2A /* MyViewPullRefresh.swift */ = {isa = PBXFileReference; fileEncoding = 4; lastKnownFileType = sourcecode.swift; name = MyViewPullRefresh.swift; path = Swift/View/MyViewPullRefresh.swift; sourceTree = "<group>"; };
		6B5FB9CA1ED522A600331247 /* HttpAsyncTask.swift */ = {isa = PBXFileReference; fileEncoding = 4; lastKnownFileType = sourcecode.swift; name = HttpAsyncTask.swift; path = Swift/Net/HttpAsyncTask.swift; sourceTree = "<group>"; };
		6B5FB9CB1ED522A600331247 /* HttpProperty.swift */ = {isa = PBXFileReference; fileEncoding = 4; lastKnownFileType = sourcecode.swift; name = HttpProperty.swift; path = Swift/Net/HttpProperty.swift; sourceTree = "<group>"; };
		6B5FB9CC1ED522A600331247 /* HttpRequest.swift */ = {isa = PBXFileReference; fileEncoding = 4; lastKnownFileType = sourcecode.swift; name = HttpRequest.swift; path = Swift/Net/HttpRequest.swift; sourceTree = "<group>"; };
		6B5FB9CD1ED522A600331247 /* HttpResponse.swift */ = {isa = PBXFileReference; fileEncoding = 4; lastKnownFileType = sourcecode.swift; name = HttpResponse.swift; path = Swift/Net/HttpResponse.swift; sourceTree = "<group>"; };
		6B5FB9D31ED522BA00331247 /* ConstantApp.swift */ = {isa = PBXFileReference; fileEncoding = 4; lastKnownFileType = sourcecode.swift; name = ConstantApp.swift; path = Swift/Util/ConstantApp.swift; sourceTree = "<group>"; };
		6B5FB9D61ED522BA00331247 /* UtilAnyObject.swift */ = {isa = PBXFileReference; fileEncoding = 4; lastKnownFileType = sourcecode.swift; name = UtilAnyObject.swift; path = Swift/Util/UtilAnyObject.swift; sourceTree = "<group>"; };
		6B5FB9D71ED522BA00331247 /* UtilAttributedString.swift */ = {isa = PBXFileReference; fileEncoding = 4; lastKnownFileType = sourcecode.swift; name = UtilAttributedString.swift; path = Swift/Util/UtilAttributedString.swift; sourceTree = "<group>"; };
		6B5FB9D81ED522BA00331247 /* UtilColor.swift */ = {isa = PBXFileReference; fileEncoding = 4; lastKnownFileType = sourcecode.swift; name = UtilColor.swift; path = Swift/Util/UtilColor.swift; sourceTree = "<group>"; };
		6B5FB9D91ED522BA00331247 /* UtilDateTime.swift */ = {isa = PBXFileReference; fileEncoding = 4; lastKnownFileType = sourcecode.swift; name = UtilDateTime.swift; path = Swift/Util/UtilDateTime.swift; sourceTree = "<group>"; };
		6B5FB9DA1ED522BA00331247 /* UtilDispatch.swift */ = {isa = PBXFileReference; fileEncoding = 4; lastKnownFileType = sourcecode.swift; name = UtilDispatch.swift; path = Swift/Util/UtilDispatch.swift; sourceTree = "<group>"; };
		6B5FB9DB1ED522BA00331247 /* UtilEnvironment.swift */ = {isa = PBXFileReference; fileEncoding = 4; lastKnownFileType = sourcecode.swift; name = UtilEnvironment.swift; path = Swift/Util/UtilEnvironment.swift; sourceTree = "<group>"; };
		6B5FB9DC1ED522BA00331247 /* UtilFile.swift */ = {isa = PBXFileReference; fileEncoding = 4; lastKnownFileType = sourcecode.swift; name = UtilFile.swift; path = Swift/Util/UtilFile.swift; sourceTree = "<group>"; };
		6B5FB9DD1ED522BA00331247 /* UtilFont.swift */ = {isa = PBXFileReference; fileEncoding = 4; lastKnownFileType = sourcecode.swift; name = UtilFont.swift; path = Swift/Util/UtilFont.swift; sourceTree = "<group>"; };
		6B5FB9DE1ED522BA00331247 /* UtilImage.swift */ = {isa = PBXFileReference; fileEncoding = 4; lastKnownFileType = sourcecode.swift; name = UtilImage.swift; path = Swift/Util/UtilImage.swift; sourceTree = "<group>"; };
		6B5FB9DF1ED522BA00331247 /* UtilLabel.swift */ = {isa = PBXFileReference; fileEncoding = 4; lastKnownFileType = sourcecode.swift; name = UtilLabel.swift; path = Swift/Util/UtilLabel.swift; sourceTree = "<group>"; };
		6B5FB9E01ED522BA00331247 /* UtilLayoutConstraint.swift */ = {isa = PBXFileReference; fileEncoding = 4; lastKnownFileType = sourcecode.swift; name = UtilLayoutConstraint.swift; path = Swift/Util/UtilLayoutConstraint.swift; sourceTree = "<group>"; };
		6B5FB9E11ED522BA00331247 /* UtilNotification.swift */ = {isa = PBXFileReference; fileEncoding = 4; lastKnownFileType = sourcecode.swift; name = UtilNotification.swift; path = Swift/Util/UtilNotification.swift; sourceTree = "<group>"; };
		6B5FB9E21ED522BA00331247 /* UtilNotificationDefaultCenter.swift */ = {isa = PBXFileReference; fileEncoding = 4; lastKnownFileType = sourcecode.swift; name = UtilNotificationDefaultCenter.swift; path = Swift/Util/UtilNotificationDefaultCenter.swift; sourceTree = "<group>"; };
		6B5FB9E31ED522BA00331247 /* UtilPreference.swift */ = {isa = PBXFileReference; fileEncoding = 4; lastKnownFileType = sourcecode.swift; name = UtilPreference.swift; path = Swift/Util/UtilPreference.swift; sourceTree = "<group>"; };
		6B5FB9E41ED522BA00331247 /* UtilPrepareForInterfaceBuilder.swift */ = {isa = PBXFileReference; fileEncoding = 4; lastKnownFileType = sourcecode.swift; name = UtilPrepareForInterfaceBuilder.swift; path = Swift/Util/UtilPrepareForInterfaceBuilder.swift; sourceTree = "<group>"; };
		6B5FB9E51ED522BA00331247 /* UtilRegularExpression.swift */ = {isa = PBXFileReference; fileEncoding = 4; lastKnownFileType = sourcecode.swift; name = UtilRegularExpression.swift; path = Swift/Util/UtilRegularExpression.swift; sourceTree = "<group>"; };
		6B5FB9E61ED522BA00331247 /* UtilSecurity.swift */ = {isa = PBXFileReference; fileEncoding = 4; lastKnownFileType = sourcecode.swift; name = UtilSecurity.swift; path = Swift/Util/UtilSecurity.swift; sourceTree = "<group>"; };
		6B5FB9E71ED522BA00331247 /* UtilString.swift */ = {isa = PBXFileReference; fileEncoding = 4; lastKnownFileType = sourcecode.swift; name = UtilString.swift; path = Swift/Util/UtilString.swift; sourceTree = "<group>"; };
		6B5FB9E81ED522BA00331247 /* UtilSwift.swift */ = {isa = PBXFileReference; fileEncoding = 4; lastKnownFileType = sourcecode.swift; name = UtilSwift.swift; path = Swift/Util/UtilSwift.swift; sourceTree = "<group>"; };
		6B5FB9E91ED522BA00331247 /* UtilToast.swift */ = {isa = PBXFileReference; fileEncoding = 4; lastKnownFileType = sourcecode.swift; name = UtilToast.swift; path = Swift/Util/UtilToast.swift; sourceTree = "<group>"; };
		6B5FB9EA1ED522BA00331247 /* UtilUIView.swift */ = {isa = PBXFileReference; fileEncoding = 4; lastKnownFileType = sourcecode.swift; name = UtilUIView.swift; path = Swift/Util/UtilUIView.swift; sourceTree = "<group>"; };
		6B5FBA041ED522D200331247 /* GearRefreshControl.swift */ = {isa = PBXFileReference; fileEncoding = 4; lastKnownFileType = sourcecode.swift; name = GearRefreshControl.swift; path = Swift/View/GearRefreshControl.swift; sourceTree = "<group>"; };
		6B5FBA051ED522D200331247 /* MyClickableView.swift */ = {isa = PBXFileReference; fileEncoding = 4; lastKnownFileType = sourcecode.swift; name = MyClickableView.swift; path = Swift/View/MyClickableView.swift; sourceTree = "<group>"; };
		6B5FBA061ED522D200331247 /* MyLogoGray.swift */ = {isa = PBXFileReference; fileEncoding = 4; lastKnownFileType = sourcecode.swift; name = MyLogoGray.swift; path = Swift/View/MyLogoGray.swift; sourceTree = "<group>"; };
		6B5FBA071ED522D200331247 /* MyLogoIndicator.swift */ = {isa = PBXFileReference; fileEncoding = 4; lastKnownFileType = sourcecode.swift; name = MyLogoIndicator.swift; path = Swift/View/MyLogoIndicator.swift; sourceTree = "<group>"; };
		6B5FBA081ED522D200331247 /* MyRedotUIView.swift */ = {isa = PBXFileReference; fileEncoding = 4; lastKnownFileType = sourcecode.swift; name = MyRedotUIView.swift; path = Swift/View/MyRedotUIView.swift; sourceTree = "<group>"; };
		6B5FBA091ED522D200331247 /* MySeparatorUIView.swift */ = {isa = PBXFileReference; fileEncoding = 4; lastKnownFileType = sourcecode.swift; name = MySeparatorUIView.swift; path = Swift/View/MySeparatorUIView.swift; sourceTree = "<group>"; };
		6B5FBA0A1ED522D200331247 /* MyUIBookLabel.swift */ = {isa = PBXFileReference; fileEncoding = 4; lastKnownFileType = sourcecode.swift; name = MyUIBookLabel.swift; path = Swift/View/MyUIBookLabel.swift; sourceTree = "<group>"; };
		6B5FBA0B1ED522D200331247 /* MyUIImageView.swift */ = {isa = PBXFileReference; fileEncoding = 4; lastKnownFileType = sourcecode.swift; name = MyUIImageView.swift; path = Swift/View/MyUIImageView.swift; sourceTree = "<group>"; };
		6B5FBA0C1ED522D200331247 /* MyUILabel.swift */ = {isa = PBXFileReference; fileEncoding = 4; lastKnownFileType = sourcecode.swift; name = MyUILabel.swift; path = Swift/View/MyUILabel.swift; sourceTree = "<group>"; };
		6B5FBA0D1ED522D200331247 /* MyUITextField.swift */ = {isa = PBXFileReference; fileEncoding = 4; lastKnownFileType = sourcecode.swift; name = MyUITextField.swift; path = Swift/View/MyUITextField.swift; sourceTree = "<group>"; };
		6B5FBA0E1ED522D200331247 /* MyUITextFieldLeftIcon.swift */ = {isa = PBXFileReference; fileEncoding = 4; lastKnownFileType = sourcecode.swift; name = MyUITextFieldLeftIcon.swift; path = Swift/View/MyUITextFieldLeftIcon.swift; sourceTree = "<group>"; };
		6B5FBA0F1ED522D200331247 /* MyUITextView.swift */ = {isa = PBXFileReference; fileEncoding = 4; lastKnownFileType = sourcecode.swift; name = MyUITextView.swift; path = Swift/View/MyUITextView.swift; sourceTree = "<group>"; };
		6B5FBA101ED522D200331247 /* MyUIView.swift */ = {isa = PBXFileReference; fileEncoding = 4; lastKnownFileType = sourcecode.swift; name = MyUIView.swift; path = Swift/View/MyUIView.swift; sourceTree = "<group>"; };
		6B5FBA111ED522D200331247 /* MyViewRefreshTable.swift */ = {isa = PBXFileReference; fileEncoding = 4; lastKnownFileType = sourcecode.swift; name = MyViewRefreshTable.swift; path = Swift/View/MyViewRefreshTable.swift; sourceTree = "<group>"; };
		6B5FBA121ED522D200331247 /* MyViewTipMessage.xib */ = {isa = PBXFileReference; fileEncoding = 4; lastKnownFileType = file.xib; name = MyViewTipMessage.xib; path = Swift/View/MyViewTipMessage.xib; sourceTree = "<group>"; };
		6B5FBA251ED5231000331247 /* BTNavigationDropdownMenu.bundle */ = {isa = PBXFileReference; lastKnownFileType = "wrapper.plug-in"; name = BTNavigationDropdownMenu.bundle; path = Swift/Widget/BTNavigationDropdownMenu.bundle; sourceTree = "<group>"; };
		6B5FBA261ED5231000331247 /* BTNavigationDropdownMenu.swift */ = {isa = PBXFileReference; fileEncoding = 4; lastKnownFileType = sourcecode.swift; name = BTNavigationDropdownMenu.swift; path = Swift/Widget/BTNavigationDropdownMenu.swift; sourceTree = "<group>"; };
		6B5FBA271ED5231000331247 /* CAPSPageMenu.swift */ = {isa = PBXFileReference; fileEncoding = 4; lastKnownFileType = sourcecode.swift; name = CAPSPageMenu.swift; path = Swift/Widget/CAPSPageMenu.swift; sourceTree = "<group>"; };
		6B5FBA291ED5231000331247 /* RKDropdownAlert.swift */ = {isa = PBXFileReference; fileEncoding = 4; lastKnownFileType = sourcecode.swift; name = RKDropdownAlert.swift; path = Swift/Widget/RKDropdownAlert.swift; sourceTree = "<group>"; };
		6B5FBA331ED5235000331247 /* MYIntroductionPanel.m */ = {isa = PBXFileReference; fileEncoding = 4; lastKnownFileType = sourcecode.c.objc; name = MYIntroductionPanel.m; path = XiaoTianFramework/Widget/MYBlurIntroductionView/MYIntroductionPanel.m; sourceTree = SOURCE_ROOT; };
		6B5FBA341ED5235000331247 /* MYIntroductionPanel.h */ = {isa = PBXFileReference; fileEncoding = 4; lastKnownFileType = sourcecode.c.h; name = MYIntroductionPanel.h; path = XiaoTianFramework/Widget/MYBlurIntroductionView/MYIntroductionPanel.h; sourceTree = SOURCE_ROOT; };
		6B5FBA351ED5235000331247 /* MYBlurIntroductionView.m */ = {isa = PBXFileReference; fileEncoding = 4; lastKnownFileType = sourcecode.c.objc; name = MYBlurIntroductionView.m; path = XiaoTianFramework/Widget/MYBlurIntroductionView/MYBlurIntroductionView.m; sourceTree = SOURCE_ROOT; };
		6B5FBA361ED5235000331247 /* MYBlurIntroductionView.h */ = {isa = PBXFileReference; fileEncoding = 4; lastKnownFileType = sourcecode.c.h; name = MYBlurIntroductionView.h; path = XiaoTianFramework/Widget/MYBlurIntroductionView/MYBlurIntroductionView.h; sourceTree = SOURCE_ROOT; };
		6B5FBA3B1ED5365900331247 /* MyLog.swift */ = {isa = PBXFileReference; fileEncoding = 4; lastKnownFileType = sourcecode.swift; name = MyLog.swift; path = Swift/Util/MyLog.swift; sourceTree = "<group>"; };
		6B606C4B1ED6F7AA0058DA6D /* XTFUtilRuntime.h */ = {isa = PBXFileReference; fileEncoding = 4; lastKnownFileType = sourcecode.c.h; path = XTFUtilRuntime.h; sourceTree = "<group>"; };
		6B606C4C1ED6F7AA0058DA6D /* XTFUtilRuntime.m */ = {isa = PBXFileReference; fileEncoding = 4; lastKnownFileType = sourcecode.c.objc; path = XTFUtilRuntime.m; sourceTree = "<group>"; };
		6B606C541ED703190058DA6D /* UtilRuntimeSwift.swift */ = {isa = PBXFileReference; fileEncoding = 4; lastKnownFileType = sourcecode.swift; name = UtilRuntimeSwift.swift; path = Swift/Util/UtilRuntimeSwift.swift; sourceTree = "<group>"; };
		6B606C561ED703220058DA6D /* ExtensionUIViewController.swift */ = {isa = PBXFileReference; fileEncoding = 4; lastKnownFileType = sourcecode.swift; name = ExtensionUIViewController.swift; path = Swift/Extension/ExtensionUIViewController.swift; sourceTree = "<group>"; };
		6B606C571ED703220058DA6D /* ExtensionNSObject.swift */ = {isa = PBXFileReference; fileEncoding = 4; lastKnownFileType = sourcecode.swift; name = ExtensionNSObject.swift; path = Swift/Extension/ExtensionNSObject.swift; sourceTree = "<group>"; };
		6B64FB011F05308A00C7B527 /* MyStoreHouseRefreshControl.swift */ = {isa = PBXFileReference; fileEncoding = 4; lastKnownFileType = sourcecode.swift; name = MyStoreHouseRefreshControl.swift; path = Swift/View/MyStoreHouseRefreshControl.swift; sourceTree = "<group>"; };
		6B6CCBC81EFCC86B007658DD /* MyViewRingProgress.swift */ = {isa = PBXFileReference; fileEncoding = 4; lastKnownFileType = sourcecode.swift; name = MyViewRingProgress.swift; path = Swift/View/MyViewRingProgress.swift; sourceTree = "<group>"; };
		6B7369361F19AE8B00FCFB4C /* MyAlertViewProgressPin.swift */ = {isa = PBXFileReference; fileEncoding = 4; lastKnownFileType = sourcecode.swift; name = MyAlertViewProgressPin.swift; path = Swift/View/MyAlertViewProgressPin.swift; sourceTree = "<group>"; };
		6B7A738F1EE7DE6900AD1623 /* ExtensionUIImage.swift */ = {isa = PBXFileReference; fileEncoding = 4; lastKnownFileType = sourcecode.swift; name = ExtensionUIImage.swift; path = Swift/Extension/ExtensionUIImage.swift; sourceTree = "<group>"; };
		6B7A73911EE7DE9600AD1623 /* ExtensionUINavigationController.swift */ = {isa = PBXFileReference; fileEncoding = 4; lastKnownFileType = sourcecode.swift; name = ExtensionUINavigationController.swift; path = Swift/Extension/ExtensionUINavigationController.swift; sourceTree = "<group>"; };
		6B7A73931EE7E8B300AD1623 /* ExtensionString.swift */ = {isa = PBXFileReference; fileEncoding = 4; lastKnownFileType = sourcecode.swift; name = ExtensionString.swift; path = Swift/Extension/ExtensionString.swift; sourceTree = "<group>"; };
		6B8043221F18F8DA00420CDD /* UtilUITableView.swift */ = {isa = PBXFileReference; fileEncoding = 4; lastKnownFileType = sourcecode.swift; name = UtilUITableView.swift; path = Swift/Util/UtilUITableView.swift; sourceTree = "<group>"; };
		6B8266631F3B0C9E001EF9B1 /* MyStack.swift */ = {isa = PBXFileReference; fileEncoding = 4; lastKnownFileType = sourcecode.swift; name = MyStack.swift; path = Swift/Common/MyStack.swift; sourceTree = "<group>"; };
		6B8266651F3B0DF9001EF9B1 /* UtilXML.swift */ = {isa = PBXFileReference; fileEncoding = 4; lastKnownFileType = sourcecode.swift; name = UtilXML.swift; path = Swift/Util/UtilXML.swift; sourceTree = "<group>"; };
		6B84421D1F39BF3000B83FF0 /* NetReachability.swift */ = {isa = PBXFileReference; fileEncoding = 4; lastKnownFileType = sourcecode.swift; name = NetReachability.swift; path = Swift/Net/NetReachability.swift; sourceTree = "<group>"; };
		6B891F321F039431004A32E8 /* UtilInterfaceBuilder.swift */ = {isa = PBXFileReference; fileEncoding = 4; lastKnownFileType = sourcecode.swift; name = UtilInterfaceBuilder.swift; path = Swift/Util/UtilInterfaceBuilder.swift; sourceTree = "<group>"; };
		6B891F341F0395F2004A32E8 /* UtilAnimation.swift */ = {isa = PBXFileReference; fileEncoding = 4; lastKnownFileType = sourcecode.swift; name = UtilAnimation.swift; path = Swift/Util/UtilAnimation.swift; sourceTree = "<group>"; };
		6B891F361F039E06004A32E8 /* UtilKVC.swift */ = {isa = PBXFileReference; fileEncoding = 4; lastKnownFileType = sourcecode.swift; name = UtilKVC.swift; path = Util/UtilKVC.swift; sourceTree = "<group>"; };
		6B9144D61F3C0CA00010EA3A /* MyUIViewSVG.swift */ = {isa = PBXFileReference; fileEncoding = 4; lastKnownFileType = sourcecode.swift; name = MyUIViewSVG.swift; path = Swift/View/MyUIViewSVG.swift; sourceTree = "<group>"; };
		6B9228C51EEE469E006D3F5F /* UtilUIControl.swift */ = {isa = PBXFileReference; fileEncoding = 4; lastKnownFileType = sourcecode.swift; name = UtilUIControl.swift; path = Swift/Util/UtilUIControl.swift; sourceTree = "<group>"; };
		6B94E8E01EFDFB8D00D43ECA /* MyAlertViewProgress.swift */ = {isa = PBXFileReference; fileEncoding = 4; lastKnownFileType = sourcecode.swift; name = MyAlertViewProgress.swift; path = Swift/View/MyAlertViewProgress.swift; sourceTree = "<group>"; };
		6B95A8711F0A74C400804091 /* MyViewPullRefreshFooter.swift */ = {isa = PBXFileReference; fileEncoding = 4; lastKnownFileType = sourcecode.swift; name = MyViewPullRefreshFooter.swift; path = Swift/View/MyViewPullRefreshFooter.swift; sourceTree = "<group>"; };
		6B97D29C1F28844800FD8099 /* MyCircularSlider.swift */ = {isa = PBXFileReference; fileEncoding = 4; lastKnownFileType = sourcecode.swift; name = MyCircularSlider.swift; path = Swift/View/MyCircularSlider.swift; sourceTree = "<group>"; };
		6B97D29F1F28CEF900FD8099 /* MyViewCircleProgress.swift */ = {isa = PBXFileReference; fileEncoding = 4; lastKnownFileType = sourcecode.swift; name = MyViewCircleProgress.swift; path = Swift/View/MyViewCircleProgress.swift; sourceTree = "<group>"; };
		6BA8856E1EFC9FEC0037E793 /* BundleXiaoTian.xcodeproj */ = {isa = PBXFileReference; lastKnownFileType = "wrapper.pb-project"; name = BundleXiaoTian.xcodeproj; path = BundleXiaoTian/BundleXiaoTian.xcodeproj; sourceTree = "<group>"; };
		6BA91C4F1EF8F6EC00EE9577 /* MyViewLinePropress.swift */ = {isa = PBXFileReference; fileEncoding = 4; lastKnownFileType = sourcecode.swift; name = MyViewLinePropress.swift; path = Swift/View/MyViewLinePropress.swift; sourceTree = "<group>"; };
		6BB1D03F1F1CDE380070FB29 /* MyAlertActionControl.swift */ = {isa = PBXFileReference; fileEncoding = 4; lastKnownFileType = sourcecode.swift; name = MyAlertActionControl.swift; path = Swift/View/MyAlertActionControl.swift; sourceTree = "<group>"; };
		6BCABB551F29843A00EFEFF5 /* MyToast.swift */ = {isa = PBXFileReference; fileEncoding = 4; lastKnownFileType = sourcecode.swift; name = MyToast.swift; path = Swift/View/MyToast.swift; sourceTree = "<group>"; };
		6BD304931ED82CCD004BDD21 /* UtilJson.swift */ = {isa = PBXFileReference; fileEncoding = 4; lastKnownFileType = sourcecode.swift; name = UtilJson.swift; path = Swift/Util/UtilJson.swift; sourceTree = "<group>"; };
		6BD304951ED83F9A004BDD21 /* UtilSqlite.swift */ = {isa = PBXFileReference; fileEncoding = 4; lastKnownFileType = sourcecode.swift; name = UtilSqlite.swift; path = Swift/Util/UtilSqlite.swift; sourceTree = "<group>"; };
		6BD304981ED83FCD004BDD21 /* libsqlite3.tbd */ = {isa = PBXFileReference; lastKnownFileType = "sourcecode.text-based-dylib-definition"; name = libsqlite3.tbd; path = usr/lib/libsqlite3.tbd; sourceTree = SDKROOT; };
		6BD3049A1ED84D3D004BDD21 /* XTFUtilSqlite.h */ = {isa = PBXFileReference; fileEncoding = 4; lastKnownFileType = sourcecode.c.h; path = XTFUtilSqlite.h; sourceTree = "<group>"; };
		6BD3049B1ED84D3D004BDD21 /* XTFUtilSqlite.m */ = {isa = PBXFileReference; fileEncoding = 4; lastKnownFileType = sourcecode.c.objc; path = XTFUtilSqlite.m; sourceTree = "<group>"; };
		6BD304A01ED85D5A004BDD21 /* libsqlite3.0.tbd */ = {isa = PBXFileReference; lastKnownFileType = "sourcecode.text-based-dylib-definition"; name = libsqlite3.0.tbd; path = usr/lib/libsqlite3.0.tbd; sourceTree = SDKROOT; };
		6BD380D91E56A8090034D24E /* Base64Transcoder.h */ = {isa = PBXFileReference; fileEncoding = 4; lastKnownFileType = sourcecode.c.h; path = Base64Transcoder.h; sourceTree = "<group>"; };
		6BD380DA1E56A8090034D24E /* Base64Transcoder.m */ = {isa = PBXFileReference; fileEncoding = 4; lastKnownFileType = sourcecode.c.objc; path = Base64Transcoder.m; sourceTree = "<group>"; };
		6BD380DB1E56A8090034D24E /* HSK_CFUtilities.h */ = {isa = PBXFileReference; fileEncoding = 4; lastKnownFileType = sourcecode.c.h; path = HSK_CFUtilities.h; sourceTree = "<group>"; };
		6BD380DC1E56A8090034D24E /* HSK_CFUtilities.m */ = {isa = PBXFileReference; fileEncoding = 4; lastKnownFileType = sourcecode.c.objc; path = HSK_CFUtilities.m; sourceTree = "<group>"; };
		6BD380DD1E56A8090034D24E /* NSData+Base64Additions.h */ = {isa = PBXFileReference; fileEncoding = 4; lastKnownFileType = sourcecode.c.h; path = "NSData+Base64Additions.h"; sourceTree = "<group>"; };
		6BD380DE1E56A8090034D24E /* NSData+Base64Additions.m */ = {isa = PBXFileReference; fileEncoding = 4; lastKnownFileType = sourcecode.c.objc; path = "NSData+Base64Additions.m"; sourceTree = "<group>"; };
		6BD380DF1E56A8090034D24E /* NSStream+SKPSMTPExtensions.h */ = {isa = PBXFileReference; fileEncoding = 4; lastKnownFileType = sourcecode.c.h; path = "NSStream+SKPSMTPExtensions.h"; sourceTree = "<group>"; };
		6BD380E01E56A8090034D24E /* NSStream+SKPSMTPExtensions.m */ = {isa = PBXFileReference; fileEncoding = 4; lastKnownFileType = sourcecode.c.objc; path = "NSStream+SKPSMTPExtensions.m"; sourceTree = "<group>"; };
		6BD380E11E56A8090034D24E /* SKPSMTPMessage.h */ = {isa = PBXFileReference; fileEncoding = 4; lastKnownFileType = sourcecode.c.h; path = SKPSMTPMessage.h; sourceTree = "<group>"; };
		6BD380E21E56A8090034D24E /* SKPSMTPMessage.m */ = {isa = PBXFileReference; fileEncoding = 4; lastKnownFileType = sourcecode.c.objc; path = SKPSMTPMessage.m; sourceTree = "<group>"; };
		6BDD036E1EE1B06800582862 /* UtilCoreData.swift */ = {isa = PBXFileReference; fileEncoding = 4; lastKnownFileType = sourcecode.swift; name = UtilCoreData.swift; path = Swift/Util/UtilCoreData.swift; sourceTree = "<group>"; };
/* End PBXFileReference section */

/* Begin PBXFrameworksBuildPhase section */
		04FCC9C81A4BA8D6001A6BBD /* Frameworks */ = {
			isa = PBXFrameworksBuildPhase;
			buildActionMask = 2147483647;
			files = (
				6BD304991ED83FCD004BDD21 /* libsqlite3.tbd in Frameworks */,
				580E07481E894DE90023FF00 /* SystemConfiguration.framework in Frameworks */,
				04EFE05C1A53967700E846CB /* libobjc.A.dylib in Frameworks */,
				040F2A2A1A4BE5B10018CE65 /* Foundation.framework in Frameworks */,
				04FCCA041A4BB3DB001A6BBD /* UIKit.framework in Frameworks */,
			);
			runOnlyForDeploymentPostprocessing = 0;
		};
/* End PBXFrameworksBuildPhase section */

/* Begin PBXGroup section */
		04ABFC5D1A63753B008381AE /* Util */ = {
			isa = PBXGroup;
			children = (
				58EC3C631DC8F7F2001EE875 /* BasicEncodingRules.h */,
				58EC3C641DC8F7F2001EE875 /* BasicEncodingRules.m */,
				58AC857E1E57F4D1008D5ED3 /* UncaughtExceptionHandler.h */,
				58AC857F1E57F4D1008D5ED3 /* UncaughtExceptionHandler.m */,
				58E9BD3E1D2184EC00B9DC75 /* XTFCryptorSecurity.h */,
				58E9BD3F1D2184EC00B9DC75 /* XTFCryptorSecurity.m */,
				584923A21E8B6087005958B4 /* XTFMylog.h */,
				584923A31E8B6087005958B4 /* XTFMylog.m */,
				04ABFC5E1A63753B008381AE /* XTFUtilEnvironment.h */,
				04ABFC5F1A63753B008381AE /* XTFUtilEnvironment.m */,
				04ABFC621A63768F008381AE /* XTFUtilFile.h */,
				04ABFC631A63768F008381AE /* XTFUtilFile.m */,
				04ABFC681A637B05008381AE /* XTFUtilLocation.h */,
				04ABFC691A637B05008381AE /* XTFUtilLocation.m */,
				045CB90C1A6620EC000942CE /* XTFUtilUserDefault.h */,
				045CB90D1A6620EC000942CE /* XTFUtilUserDefault.m */,
				6B606C4B1ED6F7AA0058DA6D /* XTFUtilRuntime.h */,
				6B606C4C1ED6F7AA0058DA6D /* XTFUtilRuntime.m */,
				6BD3049A1ED84D3D004BDD21 /* XTFUtilSqlite.h */,
				6BD3049B1ED84D3D004BDD21 /* XTFUtilSqlite.m */,
			);
			path = Util;
			sourceTree = "<group>";
		};
		04EFE0591A52AAE700E846CB /* Model */ = {
			isa = PBXGroup;
			children = (
			);
			name = Model;
			sourceTree = "<group>";
		};
		04EFE05A1A52AAFA00E846CB /* Controller */ = {
			isa = PBXGroup;
			children = (
				589020E41C2069A3009350BB /* introduction.md */,
			);
			name = Controller;
			sourceTree = "<group>";
		};
		04EFE0661A53F34500E846CB /* Category */ = {
			isa = PBXGroup;
			children = (
				045CB9031A661C21000942CE /* UILabel+XTF.h */,
				045CB9041A661C21000942CE /* UILabel+XTF.m */,
				04EFE0671A53F36B00E846CB /* UINavigationController+XTF.h */,
				04EFE0681A53F36B00E846CB /* UINavigationController+XTF.m */,
				045CB8FF1A661BEB000942CE /* UIViewController+XTF.h */,
				045CB9001A661BEB000942CE /* UIViewController+XTF.m */,
			);
			name = Category;
			sourceTree = "<group>";
		};
		04FCC9C21A4BA8D6001A6BBD = {
			isa = PBXGroup;
			children = (
				6BA8856E1EFC9FEC0037E793 /* BundleXiaoTian.xcodeproj */,
				580E07471E894DE90023FF00 /* SystemConfiguration.framework */,
				04EFE05B1A53967700E846CB /* libobjc.A.dylib */,
				040F2A291A4BE5B10018CE65 /* Foundation.framework */,
				04FCCA031A4BB3DB001A6BBD /* UIKit.framework */,
				04FCC9CE1A4BA8D6001A6BBD /* XiaoTianFramework */,
				04FCC9CD1A4BA8D6001A6BBD /* Products */,
				6BD304971ED83FCC004BDD21 /* Frameworks */,
			);
			sourceTree = "<group>";
		};
		04FCC9CD1A4BA8D6001A6BBD /* Products */ = {
			isa = PBXGroup;
			children = (
				04FCC9CC1A4BA8D6001A6BBD /* XiaoTianFramework.framework */,
			);
			name = Products;
			sourceTree = "<group>";
		};
		04FCC9CE1A4BA8D6001A6BBD /* XiaoTianFramework */ = {
			isa = PBXGroup;
			children = (
				6B2C2BAC1EFD302500757037 /* BundleXiaoTian.bundle */,
				6B5FB9C81ED5228700331247 /* Swift */,
				04EFE0661A53F34500E846CB /* Category */,
				04EFE05A1A52AAFA00E846CB /* Controller */,
				6BD380D81E56A8090034D24E /* EmailSmtp */,
				040F2A2F1A4BE6E50018CE65 /* Introduction.md */,
				04EFE0591A52AAE700E846CB /* Model */,
				58E9BD421D21891800B9DC75 /* Serializer */,
				04FCC9CF1A4BA8D6001A6BBD /* Supporting Files */,
				04ABFC5D1A63753B008381AE /* Util */,
				58B2562E1C0C84910052BCAD /* Widget */,
				04FCC9D11A4BA8D6001A6BBD /* XiaoTianFramework.h */,
			);
			path = XiaoTianFramework;
			sourceTree = "<group>";
		};
		04FCC9CF1A4BA8D6001A6BBD /* Supporting Files */ = {
			isa = PBXGroup;
			children = (
				04FCC9D01A4BA8D6001A6BBD /* Info.plist */,
			);
			name = "Supporting Files";
			sourceTree = "<group>";
		};
		584923311E8B4129005958B4 /* MYBlurIntroductionView */ = {
			isa = PBXGroup;
			children = (
				6B5FBA331ED5235000331247 /* MYIntroductionPanel.m */,
				6B5FBA341ED5235000331247 /* MYIntroductionPanel.h */,
				6B5FBA351ED5235000331247 /* MYBlurIntroductionView.m */,
				6B5FBA361ED5235000331247 /* MYBlurIntroductionView.h */,
			);
			name = MYBlurIntroductionView;
			path = Widgets/MYBlurIntroductionView;
			sourceTree = "<group>";
		};
		58B2562E1C0C84910052BCAD /* Widget */ = {
			isa = PBXGroup;
			children = (
				584923311E8B4129005958B4 /* MYBlurIntroductionView */,
			);
			name = Widget;
			sourceTree = "<group>";
		};
		58E9BD421D21891800B9DC75 /* Serializer */ = {
			isa = PBXGroup;
			children = (
				58E9BD431D21896100B9DC75 /* XTFSerializerJson.h */,
				58E9BD441D21896100B9DC75 /* XTFSerializerJson.m */,
				58E9BD471D21933400B9DC75 /* Person.h */,
				58E9BD481D21933400B9DC75 /* Person.m */,
			);
			name = Serializer;
			sourceTree = "<group>";
		};
		6B5FB9C81ED5228700331247 /* Swift */ = {
			isa = PBXGroup;
			children = (
				6B8266621F3B0C74001EF9B1 /* Common */,
				6B606C531ED7029F0058DA6D /* Extension */,
				6B5FB9C91ED5228D00331247 /* Net */,
				6B5FB9D21ED522AD00331247 /* Util */,
				6B5FBA031ED522C100331247 /* View */,
				6B5FBA221ED522D600331247 /* Widget */,
			);
			name = Swift;
			sourceTree = "<group>";
		};
		6B5FB9C91ED5228D00331247 /* Net */ = {
			isa = PBXGroup;
			children = (
				6B5FB9CA1ED522A600331247 /* HttpAsyncTask.swift */,
				6B5FB9CB1ED522A600331247 /* HttpProperty.swift */,
				6B5FB9CC1ED522A600331247 /* HttpRequest.swift */,
				6B5FB9CD1ED522A600331247 /* HttpResponse.swift */,
				6B84421D1F39BF3000B83FF0 /* NetReachability.swift */,
			);
			name = Net;
			sourceTree = "<group>";
		};
		6B5FB9D21ED522AD00331247 /* Util */ = {
			isa = PBXGroup;
			children = (
				6B5FB9D31ED522BA00331247 /* ConstantApp.swift */,
				6B5FBA3B1ED5365900331247 /* MyLog.swift */,
				6B891F341F0395F2004A32E8 /* UtilAnimation.swift */,
				6B5FB9D61ED522BA00331247 /* UtilAnyObject.swift */,
				6B5FB9D71ED522BA00331247 /* UtilAttributedString.swift */,
				6B1DDE421EE291F4003FC51C /* UtilBundle.swift */,
				6B5FB9D81ED522BA00331247 /* UtilColor.swift */,
				6BDD036E1EE1B06800582862 /* UtilCoreData.swift */,
				6B5FB9D91ED522BA00331247 /* UtilDateTime.swift */,
				6B5FB9DA1ED522BA00331247 /* UtilDispatch.swift */,
				6B5FB9DB1ED522BA00331247 /* UtilEnvironment.swift */,
				6B5FB9DC1ED522BA00331247 /* UtilFile.swift */,
				6B5FB9DD1ED522BA00331247 /* UtilFont.swift */,
				6B5FB9DE1ED522BA00331247 /* UtilImage.swift */,
				6B891F321F039431004A32E8 /* UtilInterfaceBuilder.swift */,
				6BD304931ED82CCD004BDD21 /* UtilJson.swift */,
				6B891F361F039E06004A32E8 /* UtilKVC.swift */,
				6B5FB9DF1ED522BA00331247 /* UtilLabel.swift */,
				6B5FB9E01ED522BA00331247 /* UtilLayoutConstraint.swift */,
				6B5FB9E11ED522BA00331247 /* UtilNotification.swift */,
				6B5FB9E21ED522BA00331247 /* UtilNotificationDefaultCenter.swift */,
				6B5FB9E31ED522BA00331247 /* UtilPreference.swift */,
				6B5FB9E41ED522BA00331247 /* UtilPrepareForInterfaceBuilder.swift */,
				6B5FB9E51ED522BA00331247 /* UtilRegularExpression.swift */,
				6B606C541ED703190058DA6D /* UtilRuntimeSwift.swift */,
				6B5FB9E61ED522BA00331247 /* UtilSecurity.swift */,
				6BD304951ED83F9A004BDD21 /* UtilSqlite.swift */,
				6B5FB9E71ED522BA00331247 /* UtilString.swift */,
				6B5FB9E81ED522BA00331247 /* UtilSwift.swift */,
				6B5FB9E91ED522BA00331247 /* UtilToast.swift */,
				6B9228C51EEE469E006D3F5F /* UtilUIControl.swift */,
				6B8043221F18F8DA00420CDD /* UtilUITableView.swift */,
				6B5FB9EA1ED522BA00331247 /* UtilUIView.swift */,
				6B8266651F3B0DF9001EF9B1 /* UtilXML.swift */,
			);
			name = Util;
			sourceTree = "<group>";
		};
		6B5FBA031ED522C100331247 /* View */ = {
			isa = PBXGroup;
			children = (
				6B5FBA041ED522D200331247 /* GearRefreshControl.swift */,
				6BB1D03F1F1CDE380070FB29 /* MyAlertActionControl.swift */,
				6B45100B1F14741C00F0451F /* MyAlertViewControl.swift */,
				6B94E8E01EFDFB8D00D43ECA /* MyAlertViewProgress.swift */,
				6B7369361F19AE8B00FCFB4C /* MyAlertViewProgressPin.swift */,
				6B97D29C1F28844800FD8099 /* MyCircularSlider.swift */,
				6B5FBA051ED522D200331247 /* MyClickableView.swift */,
				6B5FBA061ED522D200331247 /* MyLogoGray.swift */,
				6B5FBA071ED522D200331247 /* MyLogoIndicator.swift */,
				6B5FBA081ED522D200331247 /* MyRedotUIView.swift */,
				6B5FBA091ED522D200331247 /* MySeparatorUIView.swift */,
				6B64FB011F05308A00C7B527 /* MyStoreHouseRefreshControl.swift */,
				6BCABB551F29843A00EFEFF5 /* MyToast.swift */,
				6B4E1E671F1EE9CD00730561 /* MyToastTopbar.swift */,
				6B5FBA0A1ED522D200331247 /* MyUIBookLabel.swift */,
				6B5FBA0B1ED522D200331247 /* MyUIImageView.swift */,
				6B4422E71F2B680E00565651 /* MyUIImageViewGif.swift */,
				6B5FBA0C1ED522D200331247 /* MyUILabel.swift */,
				6B5FBA0D1ED522D200331247 /* MyUITextField.swift */,
				6B5FBA0E1ED522D200331247 /* MyUITextFieldLeftIcon.swift */,
				6B5FBA0F1ED522D200331247 /* MyUITextView.swift */,
				6B5FBA101ED522D200331247 /* MyUIView.swift */,
				6B97D29F1F28CEF900FD8099 /* MyViewCircleProgress.swift */,
				6BA91C4F1EF8F6EC00EE9577 /* MyViewLinePropress.swift */,
				6B571DB71F062F2C0021DC2A /* MyViewPullRefresh.swift */,
				6B95A8711F0A74C400804091 /* MyViewPullRefreshFooter.swift */,
				6B5FBA111ED522D200331247 /* MyViewRefreshTable.swift */,
				6B6CCBC81EFCC86B007658DD /* MyViewRingProgress.swift */,
				6B5FBA121ED522D200331247 /* MyViewTipMessage.xib */,
				6B9144D61F3C0CA00010EA3A /* MyUIViewSVG.swift */,
			);
			name = View;
			sourceTree = "<group>";
		};
		6B5FBA221ED522D600331247 /* Widget */ = {
			isa = PBXGroup;
			children = (
				6B5FBA251ED5231000331247 /* BTNavigationDropdownMenu.bundle */,
				6B5FBA261ED5231000331247 /* BTNavigationDropdownMenu.swift */,
				6B5FBA271ED5231000331247 /* CAPSPageMenu.swift */,
				6B5FBA291ED5231000331247 /* RKDropdownAlert.swift */,
			);
			name = Widget;
			sourceTree = "<group>";
		};
		6B606C531ED7029F0058DA6D /* Extension */ = {
			isa = PBXGroup;
			children = (
				6B7A73911EE7DE9600AD1623 /* ExtensionUINavigationController.swift */,
				6B7A738F1EE7DE6900AD1623 /* ExtensionUIImage.swift */,
				6B606C561ED703220058DA6D /* ExtensionUIViewController.swift */,
				6B606C571ED703220058DA6D /* ExtensionNSObject.swift */,
				6B7A73931EE7E8B300AD1623 /* ExtensionString.swift */,
				6B07EC381EF7A18B00CC94D9 /* ExtensionNSCoder.swift */,
			);
			name = Extension;
			sourceTree = "<group>";
		};
		6B8266621F3B0C74001EF9B1 /* Common */ = {
			isa = PBXGroup;
			children = (
				6B8266631F3B0C9E001EF9B1 /* MyStack.swift */,
			);
			name = Common;
			sourceTree = "<group>";
		};
		6BA8856F1EFC9FEC0037E793 /* Products */ = {
			isa = PBXGroup;
			children = (
				6BA885731EFC9FEC0037E793 /* BundleXiaoTian.bundle */,
			);
			name = Products;
			sourceTree = "<group>";
		};
		6BD304971ED83FCC004BDD21 /* Frameworks */ = {
			isa = PBXGroup;
			children = (
				6BD304A01ED85D5A004BDD21 /* libsqlite3.0.tbd */,
				6BD304981ED83FCD004BDD21 /* libsqlite3.tbd */,
			);
			name = Frameworks;
			sourceTree = "<group>";
		};
		6BD380D81E56A8090034D24E /* EmailSmtp */ = {
			isa = PBXGroup;
			children = (
				6BD380D91E56A8090034D24E /* Base64Transcoder.h */,
				6BD380DA1E56A8090034D24E /* Base64Transcoder.m */,
				6BD380DB1E56A8090034D24E /* HSK_CFUtilities.h */,
				6BD380DC1E56A8090034D24E /* HSK_CFUtilities.m */,
				6BD380DD1E56A8090034D24E /* NSData+Base64Additions.h */,
				6BD380DE1E56A8090034D24E /* NSData+Base64Additions.m */,
				6BD380DF1E56A8090034D24E /* NSStream+SKPSMTPExtensions.h */,
				6BD380E01E56A8090034D24E /* NSStream+SKPSMTPExtensions.m */,
				6BD380E11E56A8090034D24E /* SKPSMTPMessage.h */,
				6BD380E21E56A8090034D24E /* SKPSMTPMessage.m */,
			);
			path = EmailSmtp;
			sourceTree = "<group>";
		};
/* End PBXGroup section */

/* Begin PBXHeadersBuildPhase section */
		04FCC9C91A4BA8D6001A6BBD /* Headers */ = {
			isa = PBXHeadersBuildPhase;
			buildActionMask = 2147483647;
			files = (
				6BD3049C1ED84D3D004BDD21 /* XTFUtilSqlite.h in Headers */,
				6B606C4D1ED6F7AA0058DA6D /* XTFUtilRuntime.h in Headers */,
				04ABFC6C1A637B05008381AE /* XTFUtilLocation.h in Headers */,
				58EC3C651DC8F7F2001EE875 /* BasicEncodingRules.h in Headers */,
				04ABFC601A63753B008381AE /* XTFUtilEnvironment.h in Headers */,
				04EFE0691A53F36B00E846CB /* UINavigationController+XTF.h in Headers */,
				04ABFC641A63768F008381AE /* XTFUtilFile.h in Headers */,
				58AC85801E57F4D1008D5ED3 /* UncaughtExceptionHandler.h in Headers */,
				6BD380E31E56A8090034D24E /* Base64Transcoder.h in Headers */,
				6BD380E71E56A8090034D24E /* NSData+Base64Additions.h in Headers */,
				6BD380E51E56A8090034D24E /* HSK_CFUtilities.h in Headers */,
				04ABFC6C1A637B05008381AE /* XTFUtilLocation.h in Headers */,
				04ABFC601A63753B008381AE /* XTFUtilEnvironment.h in Headers */,
				6BD380E31E56A8090034D24E /* Base64Transcoder.h in Headers */,
				6BD380E71E56A8090034D24E /* NSData+Base64Additions.h in Headers */,
				58EC3C651DC8F7F2001EE875 /* BasicEncodingRules.h in Headers */,
				58E9BD491D21933400B9DC75 /* Person.h in Headers */,
				584923BE1E8B6087005958B4 /* XTFMylog.h in Headers */,
				58AC85801E57F4D1008D5ED3 /* UncaughtExceptionHandler.h in Headers */,
				04ABFC641A63768F008381AE /* XTFUtilFile.h in Headers */,
				04FCC9D21A4BA8D6001A6BBD /* XiaoTianFramework.h in Headers */,
				04EFE0691A53F36B00E846CB /* UINavigationController+XTF.h in Headers */,
				584923C21E8B63B8005958B4 /* UIViewController+XTF.h in Headers */,
				6BD380E51E56A8090034D24E /* HSK_CFUtilities.h in Headers */,
				584923C01E8B638B005958B4 /* XTFSerializerJson.h in Headers */,
				586B1F911E8B65B40022C175 /* XTFCryptorSecurity.h in Headers */,
				6B5FBA3A1ED5235000331247 /* MYBlurIntroductionView.h in Headers */,
				6B5FBA381ED5235000331247 /* MYIntroductionPanel.h in Headers */,
				584923C31E8B63D5005958B4 /* SKPSMTPMessage.h in Headers */,
				584923C11E8B63A9005958B4 /* UILabel+XTF.h in Headers */,
			);
			runOnlyForDeploymentPostprocessing = 0;
		};
/* End PBXHeadersBuildPhase section */

/* Begin PBXNativeTarget section */
		04FCC9CB1A4BA8D6001A6BBD /* XiaoTianFramework */ = {
			isa = PBXNativeTarget;
			buildConfigurationList = 04FCC9E21A4BA8D6001A6BBD /* Build configuration list for PBXNativeTarget "XiaoTianFramework" */;
			buildPhases = (
				04FCC9C71A4BA8D6001A6BBD /* Sources */,
				04FCC9C81A4BA8D6001A6BBD /* Frameworks */,
				04FCC9C91A4BA8D6001A6BBD /* Headers */,
				040F2A311A4BECFE0018CE65 /* Resources */,
			);
			buildRules = (
			);
			dependencies = (
			);
			name = XiaoTianFramework;
			productName = XiaoTianFramework;
			productReference = 04FCC9CC1A4BA8D6001A6BBD /* XiaoTianFramework.framework */;
			productType = "com.apple.product-type.framework";
		};
/* End PBXNativeTarget section */

/* Begin PBXProject section */
		04FCC9C31A4BA8D6001A6BBD /* Project object */ = {
			isa = PBXProject;
			attributes = {
				LastSwiftUpdateCheck = 0730;
				LastUpgradeCheck = 0720;
				ORGANIZATIONNAME = XiaoTian;
				TargetAttributes = {
					04FCC9CB1A4BA8D6001A6BBD = {
						CreatedOnToolsVersion = 6.1.1;
						DevelopmentTeam = R7Q7VVJKLG;
						LastSwiftMigration = 0830;
					};
				};
			};
			buildConfigurationList = 04FCC9C61A4BA8D6001A6BBD /* Build configuration list for PBXProject "XiaoTianFramework" */;
			compatibilityVersion = "Xcode 3.2";
			developmentRegion = English;
			hasScannedForEncodings = 0;
			knownRegions = (
				en,
			);
			mainGroup = 04FCC9C21A4BA8D6001A6BBD;
			productRefGroup = 04FCC9CD1A4BA8D6001A6BBD /* Products */;
			projectDirPath = "";
			projectReferences = (
				{
					ProductGroup = 6BA8856F1EFC9FEC0037E793 /* Products */;
					ProjectRef = 6BA8856E1EFC9FEC0037E793 /* BundleXiaoTian.xcodeproj */;
				},
			);
			projectRoot = "";
			targets = (
				04FCC9CB1A4BA8D6001A6BBD /* XiaoTianFramework */,
			);
		};
/* End PBXProject section */

/* Begin PBXReferenceProxy section */
		6BA885731EFC9FEC0037E793 /* BundleXiaoTian.bundle */ = {
			isa = PBXReferenceProxy;
			fileType = wrapper.cfbundle;
			path = BundleXiaoTian.bundle;
			remoteRef = 6BA885721EFC9FEC0037E793 /* PBXContainerItemProxy */;
			sourceTree = BUILT_PRODUCTS_DIR;
		};
/* End PBXReferenceProxy section */

/* Begin PBXResourcesBuildPhase section */
		040F2A311A4BECFE0018CE65 /* Resources */ = {
			isa = PBXResourcesBuildPhase;
			buildActionMask = 2147483647;
			files = (
				6B2C2BAD1EFD302500757037 /* BundleXiaoTian.bundle in Resources */,
				6B5FBA211ED522D200331247 /* MyViewTipMessage.xib in Resources */,
				6B5FBA2C1ED5231000331247 /* BTNavigationDropdownMenu.bundle in Resources */,
			);
			runOnlyForDeploymentPostprocessing = 0;
		};
/* End PBXResourcesBuildPhase section */

/* Begin PBXSourcesBuildPhase section */
		04FCC9C71A4BA8D6001A6BBD /* Sources */ = {
			isa = PBXSourcesBuildPhase;
			buildActionMask = 2147483647;
			files = (
				6B5FB9CF1ED522A600331247 /* HttpProperty.swift in Sources */,
				6B5FBA2D1ED5231000331247 /* BTNavigationDropdownMenu.swift in Sources */,
				6BD380E61E56A8090034D24E /* HSK_CFUtilities.m in Sources */,
				6B5FBA131ED522D200331247 /* GearRefreshControl.swift in Sources */,
				6B7369371F19AE8B00FCFB4C /* MyAlertViewProgressPin.swift in Sources */,
				6BD304961ED83F9A004BDD21 /* UtilSqlite.swift in Sources */,
				6B5FBA011ED522BA00331247 /* UtilToast.swift in Sources */,
				6B5FB9FE1ED522BA00331247 /* UtilSecurity.swift in Sources */,
				6B891F331F039431004A32E8 /* UtilInterfaceBuilder.swift in Sources */,
				6B5FBA021ED522BA00331247 /* UtilUIView.swift in Sources */,
				6B5FB9CE1ED522A600331247 /* HttpAsyncTask.swift in Sources */,
				6BCABB561F29843A00EFEFF5 /* MyToast.swift in Sources */,
				6B606C551ED703190058DA6D /* UtilRuntimeSwift.swift in Sources */,
				6B5FB9D01ED522A600331247 /* HttpRequest.swift in Sources */,
				6B5FB9F71ED522BA00331247 /* UtilLabel.swift in Sources */,
				6B5FBA391ED5235000331247 /* MYBlurIntroductionView.m in Sources */,
				6B571DB81F062F2C0021DC2A /* MyViewPullRefresh.swift in Sources */,
				04ABFC651A63768F008381AE /* XTFUtilFile.m in Sources */,
				6B9228C61EEE469E006D3F5F /* UtilUIControl.swift in Sources */,
				6B5FBA1E1ED522D200331247 /* MyUITextView.swift in Sources */,
				58E9BD461D21896100B9DC75 /* XTFSerializerJson.m in Sources */,
				6BD3049D1ED84D3D004BDD21 /* XTFUtilSqlite.m in Sources */,
				6B606C591ED703220058DA6D /* ExtensionNSObject.swift in Sources */,
				6B9144D71F3C0CA00010EA3A /* MyUIViewSVG.swift in Sources */,
				6B5FBA371ED5235000331247 /* MYIntroductionPanel.m in Sources */,
				6B5FBA1C1ED522D200331247 /* MyUITextField.swift in Sources */,
				6B5FBA1D1ED522D200331247 /* MyUITextFieldLeftIcon.swift in Sources */,
				58AC85811E57F4D1008D5ED3 /* UncaughtExceptionHandler.m in Sources */,
				6B7A73921EE7DE9600AD1623 /* ExtensionUINavigationController.swift in Sources */,
				6B5FB9F51ED522BA00331247 /* UtilFont.swift in Sources */,
				6B5FB9F41ED522BA00331247 /* UtilFile.swift in Sources */,
				6B6CCBC91EFCC86B007658DD /* MyViewRingProgress.swift in Sources */,
				6B5FB9FA1ED522BA00331247 /* UtilNotificationDefaultCenter.swift in Sources */,
				045CB9021A661BEB000942CE /* UIViewController+XTF.m in Sources */,
				6B891F351F0395F2004A32E8 /* UtilAnimation.swift in Sources */,
				6B5FBA301ED5231000331247 /* RKDropdownAlert.swift in Sources */,
				6B5FBA161ED522D200331247 /* MyLogoIndicator.swift in Sources */,
				6B7A73901EE7DE6900AD1623 /* ExtensionUIImage.swift in Sources */,
				6B5FB9FF1ED522BA00331247 /* UtilString.swift in Sources */,
				6B5FBA191ED522D200331247 /* MyUIBookLabel.swift in Sources */,
				6B84421E1F39BF3000B83FF0 /* NetReachability.swift in Sources */,
				6B1DDE431EE291F4003FC51C /* UtilBundle.swift in Sources */,
				6BA91C501EF8F6EC00EE9577 /* MyViewLinePropress.swift in Sources */,
				6B4422E81F2B680E00565651 /* MyUIImageViewGif.swift in Sources */,
				6B97D2A01F28CEF900FD8099 /* MyViewCircleProgress.swift in Sources */,
				6BD380EA1E56A8090034D24E /* NSStream+SKPSMTPExtensions.m in Sources */,
				6B8043231F18F8DA00420CDD /* UtilUITableView.swift in Sources */,
				6BB1D0401F1CDE380070FB29 /* MyAlertActionControl.swift in Sources */,
				6B5FB9FB1ED522BA00331247 /* UtilPreference.swift in Sources */,
				6B5FB9F61ED522BA00331247 /* UtilImage.swift in Sources */,
				6BDD036F1EE1B06800582862 /* UtilCoreData.swift in Sources */,
				04ABFC6D1A637B05008381AE /* XTFUtilLocation.m in Sources */,
				6B5FB9EB1ED522BA00331247 /* ConstantApp.swift in Sources */,
				6B606C581ED703220058DA6D /* ExtensionUIViewController.swift in Sources */,
				6B5FB9FC1ED522BA00331247 /* UtilPrepareForInterfaceBuilder.swift in Sources */,
				58EC3C661DC8F7F2001EE875 /* BasicEncodingRules.m in Sources */,
				6B7A73941EE7E8B300AD1623 /* ExtensionString.swift in Sources */,
				6B64FB021F05308A00C7B527 /* MyStoreHouseRefreshControl.swift in Sources */,
				584923BF1E8B6087005958B4 /* XTFMylog.m in Sources */,
				6B97D29D1F28844800FD8099 /* MyCircularSlider.swift in Sources */,
				6B5FB9D11ED522A600331247 /* HttpResponse.swift in Sources */,
				6B5FBA141ED522D200331247 /* MyClickableView.swift in Sources */,
				6BD304941ED82CCD004BDD21 /* UtilJson.swift in Sources */,
				6B5FB9F31ED522BA00331247 /* UtilEnvironment.swift in Sources */,
				6BD380E41E56A8090034D24E /* Base64Transcoder.m in Sources */,
				6B8266641F3B0C9E001EF9B1 /* MyStack.swift in Sources */,
				6B891F371F039E06004A32E8 /* UtilKVC.swift in Sources */,
				6B5FB9F21ED522BA00331247 /* UtilDispatch.swift in Sources */,
				6B5FB9EF1ED522BA00331247 /* UtilAttributedString.swift in Sources */,
				04ABFC611A63753B008381AE /* XTFUtilEnvironment.m in Sources */,
				04EFE06A1A53F36B00E846CB /* UINavigationController+XTF.m in Sources */,
				6B95A8721F0A74C400804091 /* MyViewPullRefreshFooter.swift in Sources */,
				6B5FB9FD1ED522BA00331247 /* UtilRegularExpression.swift in Sources */,
				6B5FBA1F1ED522D200331247 /* MyUIView.swift in Sources */,
				6B5FBA181ED522D200331247 /* MySeparatorUIView.swift in Sources */,
				6B5FBA3C1ED5365900331247 /* MyLog.swift in Sources */,
				6B07EC391EF7A18B00CC94D9 /* ExtensionNSCoder.swift in Sources */,
				6B5FBA001ED522BA00331247 /* UtilSwift.swift in Sources */,
				6B94E8E11EFDFB8D00D43ECA /* MyAlertViewProgress.swift in Sources */,
				045CB90F1A6620EC000942CE /* XTFUtilUserDefault.m in Sources */,
				6B5FBA2E1ED5231000331247 /* CAPSPageMenu.swift in Sources */,
				6B45100C1F14741C00F0451F /* MyAlertViewControl.swift in Sources */,
				58E9BD411D2184EC00B9DC75 /* XTFCryptorSecurity.m in Sources */,
				6B5FB9F01ED522BA00331247 /* UtilColor.swift in Sources */,
				6B5FBA151ED522D200331247 /* MyLogoGray.swift in Sources */,
				6B5FB9F91ED522BA00331247 /* UtilNotification.swift in Sources */,
				6B5FB9F11ED522BA00331247 /* UtilDateTime.swift in Sources */,
				58E9BD4A1D21933400B9DC75 /* Person.m in Sources */,
				6B606C4E1ED6F7AA0058DA6D /* XTFUtilRuntime.m in Sources */,
				6BD380E81E56A8090034D24E /* NSData+Base64Additions.m in Sources */,
				6B5FBA201ED522D200331247 /* MyViewRefreshTable.swift in Sources */,
				6B5FB9EE1ED522BA00331247 /* UtilAnyObject.swift in Sources */,
				6B5FBA1A1ED522D200331247 /* MyUIImageView.swift in Sources */,
				045CB9061A661C21000942CE /* UILabel+XTF.m in Sources */,
				6BD380EC1E56A8090034D24E /* SKPSMTPMessage.m in Sources */,
				6B5FBA171ED522D200331247 /* MyRedotUIView.swift in Sources */,
				6B4E1E681F1EE9CD00730561 /* MyToastTopbar.swift in Sources */,
				6B5FBA1B1ED522D200331247 /* MyUILabel.swift in Sources */,
				6B8266661F3B0DF9001EF9B1 /* UtilXML.swift in Sources */,
				6B5FB9F81ED522BA00331247 /* UtilLayoutConstraint.swift in Sources */,
			);
			runOnlyForDeploymentPostprocessing = 0;
		};
/* End PBXSourcesBuildPhase section */

/* Begin XCBuildConfiguration section */
		04FCC9E01A4BA8D6001A6BBD /* Debug */ = {
			isa = XCBuildConfiguration;
			buildSettings = {
				ALWAYS_SEARCH_USER_PATHS = NO;
				CLANG_CXX_LANGUAGE_STANDARD = "gnu++0x";
				CLANG_CXX_LIBRARY = "libc++";
				CLANG_ENABLE_MODULES = YES;
				CLANG_ENABLE_OBJC_ARC = YES;
				CLANG_WARN_BOOL_CONVERSION = YES;
				CLANG_WARN_CONSTANT_CONVERSION = YES;
				CLANG_WARN_DIRECT_OBJC_ISA_USAGE = YES_ERROR;
				CLANG_WARN_EMPTY_BODY = YES;
				CLANG_WARN_ENUM_CONVERSION = YES;
				CLANG_WARN_INT_CONVERSION = YES;
				CLANG_WARN_OBJC_ROOT_CLASS = YES_ERROR;
				CLANG_WARN_UNREACHABLE_CODE = YES;
				CLANG_WARN__DUPLICATE_METHOD_MATCH = YES;
				"CODE_SIGN_IDENTITY[sdk=iphoneos*]" = "iPhone Developer";
				COPY_PHASE_STRIP = NO;
				CURRENT_PROJECT_VERSION = 1;
				ENABLE_STRICT_OBJC_MSGSEND = YES;
				ENABLE_TESTABILITY = YES;
				GCC_C_LANGUAGE_STANDARD = gnu99;
				GCC_DYNAMIC_NO_PIC = NO;
				GCC_OPTIMIZATION_LEVEL = 0;
				GCC_PREPROCESSOR_DEFINITIONS = (
					"DEBUG=1",
					"$(inherited)",
				);
				GCC_SYMBOLS_PRIVATE_EXTERN = NO;
				GCC_WARN_64_TO_32_BIT_CONVERSION = YES;
				GCC_WARN_ABOUT_RETURN_TYPE = YES_ERROR;
				GCC_WARN_UNDECLARED_SELECTOR = YES;
				GCC_WARN_UNINITIALIZED_AUTOS = YES_AGGRESSIVE;
				GCC_WARN_UNUSED_FUNCTION = YES;
				GCC_WARN_UNUSED_VARIABLE = YES;
				IPHONEOS_DEPLOYMENT_TARGET = 8.1;
				MTL_ENABLE_DEBUG_INFO = YES;
				ONLY_ACTIVE_ARCH = YES;
				SDKROOT = iphoneos;
				STRIP_STYLE = "non-global";
				TARGETED_DEVICE_FAMILY = "1,2";
				VERSIONING_SYSTEM = "apple-generic";
				VERSION_INFO_PREFIX = "";
			};
			name = Debug;
		};
		04FCC9E11A4BA8D6001A6BBD /* Release */ = {
			isa = XCBuildConfiguration;
			buildSettings = {
				ALWAYS_SEARCH_USER_PATHS = NO;
				CLANG_CXX_LANGUAGE_STANDARD = "gnu++0x";
				CLANG_CXX_LIBRARY = "libc++";
				CLANG_ENABLE_MODULES = YES;
				CLANG_ENABLE_OBJC_ARC = YES;
				CLANG_WARN_BOOL_CONVERSION = YES;
				CLANG_WARN_CONSTANT_CONVERSION = YES;
				CLANG_WARN_DIRECT_OBJC_ISA_USAGE = YES_ERROR;
				CLANG_WARN_EMPTY_BODY = YES;
				CLANG_WARN_ENUM_CONVERSION = YES;
				CLANG_WARN_INT_CONVERSION = YES;
				CLANG_WARN_OBJC_ROOT_CLASS = YES_ERROR;
				CLANG_WARN_UNREACHABLE_CODE = YES;
				CLANG_WARN__DUPLICATE_METHOD_MATCH = YES;
				"CODE_SIGN_IDENTITY[sdk=iphoneos*]" = "iPhone Developer";
				COPY_PHASE_STRIP = NO;
				CURRENT_PROJECT_VERSION = 1;
				ENABLE_NS_ASSERTIONS = NO;
				ENABLE_STRICT_OBJC_MSGSEND = YES;
				GCC_C_LANGUAGE_STANDARD = gnu99;
				GCC_WARN_64_TO_32_BIT_CONVERSION = YES;
				GCC_WARN_ABOUT_RETURN_TYPE = YES_ERROR;
				GCC_WARN_UNDECLARED_SELECTOR = YES;
				GCC_WARN_UNINITIALIZED_AUTOS = YES_AGGRESSIVE;
				GCC_WARN_UNUSED_FUNCTION = YES;
				GCC_WARN_UNUSED_VARIABLE = YES;
				IPHONEOS_DEPLOYMENT_TARGET = 8.1;
				MTL_ENABLE_DEBUG_INFO = NO;
				SDKROOT = iphoneos;
				STRIP_STYLE = "non-global";
				TARGETED_DEVICE_FAMILY = "1,2";
				VALIDATE_PRODUCT = YES;
				VERSIONING_SYSTEM = "apple-generic";
				VERSION_INFO_PREFIX = "";
			};
			name = Release;
		};
		04FCC9E31A4BA8D6001A6BBD /* Debug */ = {
			isa = XCBuildConfiguration;
			buildSettings = {
				CLANG_ALLOW_NON_MODULAR_INCLUDES_IN_FRAMEWORK_MODULES = YES;
				CLANG_ENABLE_MODULES = YES;
				CODE_SIGN_IDENTITY = "iPhone Developer";
				"CODE_SIGN_IDENTITY[sdk=iphoneos*]" = "iPhone Developer";
				DEAD_CODE_STRIPPING = NO;
				DEFINES_MODULE = YES;
				DYLIB_COMPATIBILITY_VERSION = 1;
				DYLIB_CURRENT_VERSION = 1;
				DYLIB_INSTALL_NAME_BASE = "@rpath";
				GCC_PREFIX_HEADER = "";
				INFOPLIST_FILE = XiaoTianFramework/Info.plist;
				INSTALL_PATH = "$(LOCAL_LIBRARY_DIR)/Frameworks";
				IPHONEOS_DEPLOYMENT_TARGET = 8.0;
				LD_RUNPATH_SEARCH_PATHS = "$(inherited) @executable_path/Frameworks @loader_path/Frameworks";
				LIBRARY_SEARCH_PATHS = (
					"$(inherited)",
					"/Users/mac/Desktop/WorkSpace/DevelopSpace/IOSDevelopSpace/XiaoTianLibrary/build/Debug-iphoneos",
				);
				MACH_O_TYPE = mh_dylib;
				OTHER_SWIFT_FLAGS = "-D DEBUG";
				PRODUCT_BUNDLE_IDENTIFIER = com.XiaoTian.XiaoTianFramework;
				PRODUCT_NAME = "$(TARGET_NAME)";
				PROVISIONING_PROFILE = "";
				SKIP_INSTALL = YES;
				SWIFT_INCLUDE_PATHS = "";
				SWIFT_OBJC_BRIDGING_HEADER = "";
				SWIFT_OPTIMIZATION_LEVEL = "-Onone";
				SWIFT_VERSION = 3.0;
			};
			name = Debug;
		};
		04FCC9E41A4BA8D6001A6BBD /* Release */ = {
			isa = XCBuildConfiguration;
			buildSettings = {
				CLANG_ALLOW_NON_MODULAR_INCLUDES_IN_FRAMEWORK_MODULES = YES;
				CLANG_ENABLE_MODULES = YES;
				CODE_SIGN_IDENTITY = "iPhone Developer";
				"CODE_SIGN_IDENTITY[sdk=iphoneos*]" = "iPhone Developer";
				DEAD_CODE_STRIPPING = NO;
				DEFINES_MODULE = YES;
				DYLIB_COMPATIBILITY_VERSION = 1;
				DYLIB_CURRENT_VERSION = 1;
				DYLIB_INSTALL_NAME_BASE = "@rpath";
				GCC_PREFIX_HEADER = "";
				INFOPLIST_FILE = XiaoTianFramework/Info.plist;
				INSTALL_PATH = "$(LOCAL_LIBRARY_DIR)/Frameworks";
				IPHONEOS_DEPLOYMENT_TARGET = 8.0;
				LD_RUNPATH_SEARCH_PATHS = "$(inherited) @executable_path/Frameworks @loader_path/Frameworks";
				LIBRARY_SEARCH_PATHS = (
					"$(inherited)",
					"/Users/mac/Desktop/WorkSpace/DevelopSpace/IOSDevelopSpace/XiaoTianLibrary/build/Debug-iphoneos",
				);
				MACH_O_TYPE = mh_dylib;
				PRODUCT_BUNDLE_IDENTIFIER = com.XiaoTian.XiaoTianFramework;
				PRODUCT_NAME = "$(TARGET_NAME)";
				PROVISIONING_PROFILE = "";
				SKIP_INSTALL = YES;
				SWIFT_INCLUDE_PATHS = "";
				SWIFT_OBJC_BRIDGING_HEADER = "";
				SWIFT_VERSION = 3.0;
			};
			name = Release;
		};
/* End XCBuildConfiguration section */

/* Begin XCConfigurationList section */
		04FCC9C61A4BA8D6001A6BBD /* Build configuration list for PBXProject "XiaoTianFramework" */ = {
			isa = XCConfigurationList;
			buildConfigurations = (
				04FCC9E01A4BA8D6001A6BBD /* Debug */,
				04FCC9E11A4BA8D6001A6BBD /* Release */,
			);
			defaultConfigurationIsVisible = 0;
			defaultConfigurationName = Release;
		};
		04FCC9E21A4BA8D6001A6BBD /* Build configuration list for PBXNativeTarget "XiaoTianFramework" */ = {
			isa = XCConfigurationList;
			buildConfigurations = (
				04FCC9E31A4BA8D6001A6BBD /* Debug */,
				04FCC9E41A4BA8D6001A6BBD /* Release */,
			);
			defaultConfigurationIsVisible = 0;
			defaultConfigurationName = Release;
		};
/* End XCConfigurationList section */
	};
	rootObject = 04FCC9C31A4BA8D6001A6BBD /* Project object */;
}
